// !$*UTF8*$!
{
	archiveVersion = 1;
	classes = {
	};
	objectVersion = 54;
	objects = {

/* Begin PBXBuildFile section */
		B52831D9272EA13F001EC82E /* ConveyTest_iOSApp.swift in Sources */ = {isa = PBXBuildFile; fileRef = B52831D8272EA13F001EC82E /* ConveyTest_iOSApp.swift */; };
		B52831DB272EA13F001EC82E /* ContentView.swift in Sources */ = {isa = PBXBuildFile; fileRef = B52831DA272EA13F001EC82E /* ContentView.swift */; };
		B52831DD272EA140001EC82E /* Assets.xcassets in Resources */ = {isa = PBXBuildFile; fileRef = B52831DC272EA140001EC82E /* Assets.xcassets */; };
		B52831E0272EA140001EC82E /* Preview Assets.xcassets in Resources */ = {isa = PBXBuildFile; fileRef = B52831DF272EA140001EC82E /* Preview Assets.xcassets */; };
		B52D9500283A3F81002E7945 /* Suite in Frameworks */ = {isa = PBXBuildFile; productRef = B52D94FF283A3F81002E7945 /* Suite */; };
		B52D9505283A408E002E7945 /* HTTPBin.swift in Sources */ = {isa = PBXBuildFile; fileRef = B52D9504283A408E002E7945 /* HTTPBin.swift */; };
		B54CAB8326ECB76400781A3A /* ConveyTestApp.swift in Sources */ = {isa = PBXBuildFile; fileRef = B54CAB8226ECB76400781A3A /* ConveyTestApp.swift */; };
		B54CAB8526ECB76400781A3A /* ContentView.swift in Sources */ = {isa = PBXBuildFile; fileRef = B54CAB8426ECB76400781A3A /* ContentView.swift */; };
		B54CAB8726ECB76400781A3A /* Assets.xcassets in Resources */ = {isa = PBXBuildFile; fileRef = B54CAB8626ECB76400781A3A /* Assets.xcassets */; };
		B54CAB8A26ECB76400781A3A /* Preview Assets.xcassets in Resources */ = {isa = PBXBuildFile; fileRef = B54CAB8926ECB76400781A3A /* Preview Assets.xcassets */; };
		B54CAB9426ECB99F00781A3A /* Suite in Frameworks */ = {isa = PBXBuildFile; productRef = B54CAB9326ECB99F00781A3A /* Suite */; };
		B5D6A42F2BDD267C00FCFD39 /* DataCache.Provision.swift in Sources */ = {isa = PBXBuildFile; fileRef = B5D6A3DF2BDD267C00FCFD39 /* DataCache.Provision.swift */; };
		B5D6A4302BDD267C00FCFD39 /* DataCache.Provision.swift in Sources */ = {isa = PBXBuildFile; fileRef = B5D6A3DF2BDD267C00FCFD39 /* DataCache.Provision.swift */; };
		B5D6A4312BDD267C00FCFD39 /* DataCache.swift in Sources */ = {isa = PBXBuildFile; fileRef = B5D6A3E02BDD267C00FCFD39 /* DataCache.swift */; };
		B5D6A4322BDD267C00FCFD39 /* DataCache.swift in Sources */ = {isa = PBXBuildFile; fileRef = B5D6A3E02BDD267C00FCFD39 /* DataCache.swift */; };
		B5D6A4332BDD267C00FCFD39 /* DataCache+Kind.swift in Sources */ = {isa = PBXBuildFile; fileRef = B5D6A3E12BDD267C00FCFD39 /* DataCache+Kind.swift */; };
		B5D6A4342BDD267C00FCFD39 /* DataCache+Kind.swift in Sources */ = {isa = PBXBuildFile; fileRef = B5D6A3E12BDD267C00FCFD39 /* DataCache+Kind.swift */; };
		B5D6A4352BDD267C00FCFD39 /* DataCache+Task.swift in Sources */ = {isa = PBXBuildFile; fileRef = B5D6A3E22BDD267C00FCFD39 /* DataCache+Task.swift */; };
		B5D6A4362BDD267C00FCFD39 /* DataCache+Task.swift in Sources */ = {isa = PBXBuildFile; fileRef = B5D6A3E22BDD267C00FCFD39 /* DataCache+Task.swift */; };
		B5D6A4372BDD267C00FCFD39 /* ETagStore.swift in Sources */ = {isa = PBXBuildFile; fileRef = B5D6A3E32BDD267C00FCFD39 /* ETagStore.swift */; };
		B5D6A4382BDD267C00FCFD39 /* ETagStore.swift in Sources */ = {isa = PBXBuildFile; fileRef = B5D6A3E32BDD267C00FCFD39 /* ETagStore.swift */; };
		B5D6A4392BDD267C00FCFD39 /* ImageCache.swift in Sources */ = {isa = PBXBuildFile; fileRef = B5D6A3E42BDD267C00FCFD39 /* ImageCache.swift */; };
		B5D6A43A2BDD267C00FCFD39 /* ImageCache.swift in Sources */ = {isa = PBXBuildFile; fileRef = B5D6A3E42BDD267C00FCFD39 /* ImageCache.swift */; };
		B5D6A43B2BDD267C00FCFD39 /* ImageCache+Task.swift in Sources */ = {isa = PBXBuildFile; fileRef = B5D6A3E52BDD267C00FCFD39 /* ImageCache+Task.swift */; };
		B5D6A43C2BDD267C00FCFD39 /* ImageCache+Task.swift in Sources */ = {isa = PBXBuildFile; fileRef = B5D6A3E52BDD267C00FCFD39 /* ImageCache+Task.swift */; };
		B5D6A43D2BDD267C00FCFD39 /* ImageSizing.swift in Sources */ = {isa = PBXBuildFile; fileRef = B5D6A3E62BDD267C00FCFD39 /* ImageSizing.swift */; };
		B5D6A43E2BDD267C00FCFD39 /* ImageSizing.swift in Sources */ = {isa = PBXBuildFile; fileRef = B5D6A3E62BDD267C00FCFD39 /* ImageSizing.swift */; };
		B5D6A43F2BDD267C00FCFD39 /* PlatformImage.swift in Sources */ = {isa = PBXBuildFile; fileRef = B5D6A3E72BDD267C00FCFD39 /* PlatformImage.swift */; };
		B5D6A4402BDD267C00FCFD39 /* PlatformImage.swift in Sources */ = {isa = PBXBuildFile; fileRef = B5D6A3E72BDD267C00FCFD39 /* PlatformImage.swift */; };
		B5D6A4412BDD267C00FCFD39 /* Data+Gzip.swift in Sources */ = {isa = PBXBuildFile; fileRef = B5D6A3E92BDD267C00FCFD39 /* Data+Gzip.swift */; };
		B5D6A4422BDD267C00FCFD39 /* Data+Gzip.swift in Sources */ = {isa = PBXBuildFile; fileRef = B5D6A3E92BDD267C00FCFD39 /* Data+Gzip.swift */; };
		B5D6A4432BDD267C00FCFD39 /* Bundle.swift in Sources */ = {isa = PBXBuildFile; fileRef = B5D6A3EB2BDD267C00FCFD39 /* Bundle.swift */; };
		B5D6A4442BDD267C00FCFD39 /* Bundle.swift in Sources */ = {isa = PBXBuildFile; fileRef = B5D6A3EB2BDD267C00FCFD39 /* Bundle.swift */; };
		B5D6A4452BDD267C00FCFD39 /* Error.swift in Sources */ = {isa = PBXBuildFile; fileRef = B5D6A3EC2BDD267C00FCFD39 /* Error.swift */; };
		B5D6A4462BDD267C00FCFD39 /* Error.swift in Sources */ = {isa = PBXBuildFile; fileRef = B5D6A3EC2BDD267C00FCFD39 /* Error.swift */; };
		B5D6A4472BDD267C00FCFD39 /* HTTPURLResponse.swift in Sources */ = {isa = PBXBuildFile; fileRef = B5D6A3ED2BDD267C00FCFD39 /* HTTPURLResponse.swift */; };
		B5D6A4482BDD267C00FCFD39 /* HTTPURLResponse.swift in Sources */ = {isa = PBXBuildFile; fileRef = B5D6A3ED2BDD267C00FCFD39 /* HTTPURLResponse.swift */; };
		B5D6A4492BDD267C00FCFD39 /* Image.swift in Sources */ = {isa = PBXBuildFile; fileRef = B5D6A3EE2BDD267C00FCFD39 /* Image.swift */; };
		B5D6A44A2BDD267C00FCFD39 /* Image.swift in Sources */ = {isa = PBXBuildFile; fileRef = B5D6A3EE2BDD267C00FCFD39 /* Image.swift */; };
		B5D6A44B2BDD267C00FCFD39 /* MD5.swift in Sources */ = {isa = PBXBuildFile; fileRef = B5D6A3EF2BDD267C00FCFD39 /* MD5.swift */; };
		B5D6A44C2BDD267C00FCFD39 /* MD5.swift in Sources */ = {isa = PBXBuildFile; fileRef = B5D6A3EF2BDD267C00FCFD39 /* MD5.swift */; };
		B5D6A44D2BDD267C00FCFD39 /* String.swift in Sources */ = {isa = PBXBuildFile; fileRef = B5D6A3F02BDD267C00FCFD39 /* String.swift */; };
		B5D6A44E2BDD267C00FCFD39 /* String.swift in Sources */ = {isa = PBXBuildFile; fileRef = B5D6A3F02BDD267C00FCFD39 /* String.swift */; };
		B5D6A44F2BDD267C00FCFD39 /* URL.swift in Sources */ = {isa = PBXBuildFile; fileRef = B5D6A3F12BDD267C00FCFD39 /* URL.swift */; };
		B5D6A4502BDD267C00FCFD39 /* URL.swift in Sources */ = {isa = PBXBuildFile; fileRef = B5D6A3F12BDD267C00FCFD39 /* URL.swift */; };
		B5D6A4512BDD267C00FCFD39 /* URL+ContentType.swift in Sources */ = {isa = PBXBuildFile; fileRef = B5D6A3F22BDD267C00FCFD39 /* URL+ContentType.swift */; };
		B5D6A4522BDD267C00FCFD39 /* URL+ContentType.swift in Sources */ = {isa = PBXBuildFile; fileRef = B5D6A3F22BDD267C00FCFD39 /* URL+ContentType.swift */; };
		B5D6A4532BDD267C00FCFD39 /* URL+Images.swift in Sources */ = {isa = PBXBuildFile; fileRef = B5D6A3F32BDD267C00FCFD39 /* URL+Images.swift */; };
		B5D6A4542BDD267C00FCFD39 /* URL+Images.swift in Sources */ = {isa = PBXBuildFile; fileRef = B5D6A3F32BDD267C00FCFD39 /* URL+Images.swift */; };
		B5D6A4552BDD267C00FCFD39 /* URLAuthenticationChallenge.swift in Sources */ = {isa = PBXBuildFile; fileRef = B5D6A3F42BDD267C00FCFD39 /* URLAuthenticationChallenge.swift */; };
		B5D6A4562BDD267C00FCFD39 /* URLAuthenticationChallenge.swift in Sources */ = {isa = PBXBuildFile; fileRef = B5D6A3F42BDD267C00FCFD39 /* URLAuthenticationChallenge.swift */; };
		B5D6A4572BDD267C00FCFD39 /* URLQueryItem.swift in Sources */ = {isa = PBXBuildFile; fileRef = B5D6A3F52BDD267C00FCFD39 /* URLQueryItem.swift */; };
		B5D6A4582BDD267C00FCFD39 /* URLQueryItem.swift in Sources */ = {isa = PBXBuildFile; fileRef = B5D6A3F52BDD267C00FCFD39 /* URLQueryItem.swift */; };
		B5D6A4592BDD267C00FCFD39 /* URLRequest.swift in Sources */ = {isa = PBXBuildFile; fileRef = B5D6A3F62BDD267C00FCFD39 /* URLRequest.swift */; };
		B5D6A45A2BDD267C00FCFD39 /* URLRequest.swift in Sources */ = {isa = PBXBuildFile; fileRef = B5D6A3F62BDD267C00FCFD39 /* URLRequest.swift */; };
		B5D6A45B2BDD267C00FCFD39 /* URLResponse.swift in Sources */ = {isa = PBXBuildFile; fileRef = B5D6A3F72BDD267C00FCFD39 /* URLResponse.swift */; };
		B5D6A45C2BDD267C00FCFD39 /* URLResponse.swift in Sources */ = {isa = PBXBuildFile; fileRef = B5D6A3F72BDD267C00FCFD39 /* URLResponse.swift */; };
		B5D6A45D2BDD267C00FCFD39 /* ConveySession.swift in Sources */ = {isa = PBXBuildFile; fileRef = B5D6A3F92BDD267C00FCFD39 /* ConveySession.swift */; };
		B5D6A45E2BDD267C00FCFD39 /* ConveySession.swift in Sources */ = {isa = PBXBuildFile; fileRef = B5D6A3F92BDD267C00FCFD39 /* ConveySession.swift */; };
		B5D6A45F2BDD267C00FCFD39 /* ConveySession+Download.swift in Sources */ = {isa = PBXBuildFile; fileRef = B5D6A3FA2BDD267C00FCFD39 /* ConveySession+Download.swift */; };
		B5D6A4602BDD267C00FCFD39 /* ConveySession+Download.swift in Sources */ = {isa = PBXBuildFile; fileRef = B5D6A3FA2BDD267C00FCFD39 /* ConveySession+Download.swift */; };
		B5D6A4612BDD267C00FCFD39 /* ConveySession+ServerEvents.swift in Sources */ = {isa = PBXBuildFile; fileRef = B5D6A3FB2BDD267C00FCFD39 /* ConveySession+ServerEvents.swift */; };
		B5D6A4622BDD267C00FCFD39 /* ConveySession+ServerEvents.swift in Sources */ = {isa = PBXBuildFile; fileRef = B5D6A3FB2BDD267C00FCFD39 /* ConveySession+ServerEvents.swift */; };
		B5D6A4632BDD267C00FCFD39 /* ConveyServer.Remote.swift in Sources */ = {isa = PBXBuildFile; fileRef = B5D6A3FD2BDD267C00FCFD39 /* ConveyServer.Remote.swift */; };
		B5D6A4642BDD267C00FCFD39 /* ConveyServer.Remote.swift in Sources */ = {isa = PBXBuildFile; fileRef = B5D6A3FD2BDD267C00FCFD39 /* ConveyServer.Remote.swift */; };
		B5D6A4652BDD267C00FCFD39 /* ConveyServer.swift in Sources */ = {isa = PBXBuildFile; fileRef = B5D6A3FE2BDD267C00FCFD39 /* ConveyServer.swift */; };
		B5D6A4662BDD267C00FCFD39 /* ConveyServer.swift in Sources */ = {isa = PBXBuildFile; fileRef = B5D6A3FE2BDD267C00FCFD39 /* ConveyServer.swift */; };
		B5D6A4672BDD267C00FCFD39 /* ConveyServer+Session.swift in Sources */ = {isa = PBXBuildFile; fileRef = B5D6A3FF2BDD267C00FCFD39 /* ConveyServer+Session.swift */; };
		B5D6A4682BDD267C00FCFD39 /* ConveyServer+Session.swift in Sources */ = {isa = PBXBuildFile; fileRef = B5D6A3FF2BDD267C00FCFD39 /* ConveyServer+Session.swift */; };
		B5D6A4692BDD267C00FCFD39 /* ConveyServer+Threading.swift in Sources */ = {isa = PBXBuildFile; fileRef = B5D6A4002BDD267C00FCFD39 /* ConveyServer+Threading.swift */; };
		B5D6A46A2BDD267C00FCFD39 /* ConveyServer+Threading.swift in Sources */ = {isa = PBXBuildFile; fileRef = B5D6A4002BDD267C00FCFD39 /* ConveyServer+Threading.swift */; };
		B5D6A46B2BDD267C00FCFD39 /* ConveyServerConstants.swift in Sources */ = {isa = PBXBuildFile; fileRef = B5D6A4012BDD267C00FCFD39 /* ConveyServerConstants.swift */; };
		B5D6A46C2BDD267C00FCFD39 /* ConveyServerConstants.swift in Sources */ = {isa = PBXBuildFile; fileRef = B5D6A4012BDD267C00FCFD39 /* ConveyServerConstants.swift */; };
		B5D6A46D2BDD267C00FCFD39 /* ConveyServerError.swift in Sources */ = {isa = PBXBuildFile; fileRef = B5D6A4022BDD267C00FCFD39 /* ConveyServerError.swift */; };
		B5D6A46E2BDD267C00FCFD39 /* ConveyServerError.swift in Sources */ = {isa = PBXBuildFile; fileRef = B5D6A4022BDD267C00FCFD39 /* ConveyServerError.swift */; };
		B5D6A46F2BDD267C00FCFD39 /* SimpleServer.swift in Sources */ = {isa = PBXBuildFile; fileRef = B5D6A4032BDD267C00FCFD39 /* SimpleServer.swift */; };
		B5D6A4702BDD267C00FCFD39 /* SimpleServer.swift in Sources */ = {isa = PBXBuildFile; fileRef = B5D6A4032BDD267C00FCFD39 /* SimpleServer.swift */; };
		B5D6A4712BDD267C00FCFD39 /* DownloadResponse.swift in Sources */ = {isa = PBXBuildFile; fileRef = B5D6A4052BDD267C00FCFD39 /* DownloadResponse.swift */; };
		B5D6A4722BDD267C00FCFD39 /* DownloadResponse.swift in Sources */ = {isa = PBXBuildFile; fileRef = B5D6A4052BDD267C00FCFD39 /* DownloadResponse.swift */; };
		B5D6A4732BDD267C00FCFD39 /* ResumableTask.swift in Sources */ = {isa = PBXBuildFile; fileRef = B5D6A4062BDD267C00FCFD39 /* ResumableTask.swift */; };
		B5D6A4742BDD267C00FCFD39 /* ResumableTask.swift in Sources */ = {isa = PBXBuildFile; fileRef = B5D6A4062BDD267C00FCFD39 /* ResumableTask.swift */; };
		B5D6A4752BDD267C00FCFD39 /* ServerTask.swift in Sources */ = {isa = PBXBuildFile; fileRef = B5D6A4072BDD267C00FCFD39 /* ServerTask.swift */; };
		B5D6A4762BDD267C00FCFD39 /* ServerTask.swift in Sources */ = {isa = PBXBuildFile; fileRef = B5D6A4072BDD267C00FCFD39 /* ServerTask.swift */; };
		B5D6A4772BDD267C00FCFD39 /* ServerTask+Archiving.swift in Sources */ = {isa = PBXBuildFile; fileRef = B5D6A4082BDD267C00FCFD39 /* ServerTask+Archiving.swift */; };
		B5D6A4782BDD267C00FCFD39 /* ServerTask+Archiving.swift in Sources */ = {isa = PBXBuildFile; fileRef = B5D6A4082BDD267C00FCFD39 /* ServerTask+Archiving.swift */; };
		B5D6A4792BDD267C00FCFD39 /* ServerTask+Console.swift in Sources */ = {isa = PBXBuildFile; fileRef = B5D6A4092BDD267C00FCFD39 /* ServerTask+Console.swift */; };
		B5D6A47A2BDD267C00FCFD39 /* ServerTask+Console.swift in Sources */ = {isa = PBXBuildFile; fileRef = B5D6A4092BDD267C00FCFD39 /* ServerTask+Console.swift */; };
		B5D6A47B2BDD267C00FCFD39 /* ServerTask+Echoing.swift in Sources */ = {isa = PBXBuildFile; fileRef = B5D6A40A2BDD267C00FCFD39 /* ServerTask+Echoing.swift */; };
		B5D6A47C2BDD267C00FCFD39 /* ServerTask+Echoing.swift in Sources */ = {isa = PBXBuildFile; fileRef = B5D6A40A2BDD267C00FCFD39 /* ServerTask+Echoing.swift */; };
		B5D6A47D2BDD267C00FCFD39 /* ServerTask+Extension.swift in Sources */ = {isa = PBXBuildFile; fileRef = B5D6A40B2BDD267C00FCFD39 /* ServerTask+Extension.swift */; };
		B5D6A47E2BDD267C00FCFD39 /* ServerTask+Extension.swift in Sources */ = {isa = PBXBuildFile; fileRef = B5D6A40B2BDD267C00FCFD39 /* ServerTask+Extension.swift */; };
		B5D6A47F2BDD267C00FCFD39 /* ServerTask+File.swift in Sources */ = {isa = PBXBuildFile; fileRef = B5D6A40C2BDD267C00FCFD39 /* ServerTask+File.swift */; };
		B5D6A4802BDD267C00FCFD39 /* ServerTask+File.swift in Sources */ = {isa = PBXBuildFile; fileRef = B5D6A40C2BDD267C00FCFD39 /* ServerTask+File.swift */; };
		B5D6A4812BDD267C00FCFD39 /* ServerTask+FileBacked.swift in Sources */ = {isa = PBXBuildFile; fileRef = B5D6A40D2BDD267C00FCFD39 /* ServerTask+FileBacked.swift */; };
		B5D6A4822BDD267C00FCFD39 /* ServerTask+FileBacked.swift in Sources */ = {isa = PBXBuildFile; fileRef = B5D6A40D2BDD267C00FCFD39 /* ServerTask+FileBacked.swift */; };
		B5D6A4832BDD267C00FCFD39 /* ServerTask+FormURLEncoding.swift in Sources */ = {isa = PBXBuildFile; fileRef = B5D6A40E2BDD267C00FCFD39 /* ServerTask+FormURLEncoding.swift */; };
		B5D6A4842BDD267C00FCFD39 /* ServerTask+FormURLEncoding.swift in Sources */ = {isa = PBXBuildFile; fileRef = B5D6A40E2BDD267C00FCFD39 /* ServerTask+FormURLEncoding.swift */; };
		B5D6A4852BDD267C00FCFD39 /* ServerTask+Logging.swift in Sources */ = {isa = PBXBuildFile; fileRef = B5D6A40F2BDD267C00FCFD39 /* ServerTask+Logging.swift */; };
		B5D6A4862BDD267C00FCFD39 /* ServerTask+Logging.swift in Sources */ = {isa = PBXBuildFile; fileRef = B5D6A40F2BDD267C00FCFD39 /* ServerTask+Logging.swift */; };
		B5D6A4872BDD267C00FCFD39 /* ServerTask+MIME.swift in Sources */ = {isa = PBXBuildFile; fileRef = B5D6A4102BDD267C00FCFD39 /* ServerTask+MIME.swift */; };
		B5D6A4882BDD267C00FCFD39 /* ServerTask+MIME.swift in Sources */ = {isa = PBXBuildFile; fileRef = B5D6A4102BDD267C00FCFD39 /* ServerTask+MIME.swift */; };
		B5D6A4892BDD267C00FCFD39 /* ServerTask+ping.swift in Sources */ = {isa = PBXBuildFile; fileRef = B5D6A4112BDD267C00FCFD39 /* ServerTask+ping.swift */; };
		B5D6A48A2BDD267C00FCFD39 /* ServerTask+ping.swift in Sources */ = {isa = PBXBuildFile; fileRef = B5D6A4112BDD267C00FCFD39 /* ServerTask+ping.swift */; };
		B5D6A48B2BDD267C00FCFD39 /* ServerTask+Preloaded.swift in Sources */ = {isa = PBXBuildFile; fileRef = B5D6A4122BDD267C00FCFD39 /* ServerTask+Preloaded.swift */; };
		B5D6A48C2BDD267C00FCFD39 /* ServerTask+Preloaded.swift in Sources */ = {isa = PBXBuildFile; fileRef = B5D6A4122BDD267C00FCFD39 /* ServerTask+Preloaded.swift */; };
		B5D6A48D2BDD267C00FCFD39 /* ServerTask+Protocols.swift in Sources */ = {isa = PBXBuildFile; fileRef = B5D6A4132BDD267C00FCFD39 /* ServerTask+Protocols.swift */; };
		B5D6A48E2BDD267C00FCFD39 /* ServerTask+Protocols.swift in Sources */ = {isa = PBXBuildFile; fileRef = B5D6A4132BDD267C00FCFD39 /* ServerTask+Protocols.swift */; };
		B5D6A48F2BDD267C00FCFD39 /* ServerTask+RefreshableCachedTask.swift in Sources */ = {isa = PBXBuildFile; fileRef = B5D6A4142BDD267C00FCFD39 /* ServerTask+RefreshableCachedTask.swift */; };
		B5D6A4902BDD267C00FCFD39 /* ServerTask+RefreshableCachedTask.swift in Sources */ = {isa = PBXBuildFile; fileRef = B5D6A4142BDD267C00FCFD39 /* ServerTask+RefreshableCachedTask.swift */; };
		B5D6A4912BDD267C00FCFD39 /* ServerTask+Request.swift in Sources */ = {isa = PBXBuildFile; fileRef = B5D6A4152BDD267C00FCFD39 /* ServerTask+Request.swift */; };
		B5D6A4922BDD267C00FCFD39 /* ServerTask+Request.swift in Sources */ = {isa = PBXBuildFile; fileRef = B5D6A4152BDD267C00FCFD39 /* ServerTask+Request.swift */; };
		B5D6A4952BDD267C00FCFD39 /* ServerTask+Run.swift in Sources */ = {isa = PBXBuildFile; fileRef = B5D6A4172BDD267C00FCFD39 /* ServerTask+Run.swift */; };
		B5D6A4962BDD267C00FCFD39 /* ServerTask+Run.swift in Sources */ = {isa = PBXBuildFile; fileRef = B5D6A4172BDD267C00FCFD39 /* ServerTask+Run.swift */; };
		B5D6A4972BDD267C00FCFD39 /* ServerTask+ServerEvents.swift in Sources */ = {isa = PBXBuildFile; fileRef = B5D6A4182BDD267C00FCFD39 /* ServerTask+ServerEvents.swift */; };
		B5D6A4982BDD267C00FCFD39 /* ServerTask+ServerEvents.swift in Sources */ = {isa = PBXBuildFile; fileRef = B5D6A4182BDD267C00FCFD39 /* ServerTask+ServerEvents.swift */; };
		B5D6A4992BDD267C00FCFD39 /* ServerTask+Upload.swift in Sources */ = {isa = PBXBuildFile; fileRef = B5D6A4192BDD267C00FCFD39 /* ServerTask+Upload.swift */; };
		B5D6A49A2BDD267C00FCFD39 /* ServerTask+Upload.swift in Sources */ = {isa = PBXBuildFile; fileRef = B5D6A4192BDD267C00FCFD39 /* ServerTask+Upload.swift */; };
		B5D6A49B2BDD267C00FCFD39 /* SimpleTasks.swift in Sources */ = {isa = PBXBuildFile; fileRef = B5D6A41A2BDD267C00FCFD39 /* SimpleTasks.swift */; };
		B5D6A49C2BDD267C00FCFD39 /* SimpleTasks.swift in Sources */ = {isa = PBXBuildFile; fileRef = B5D6A41A2BDD267C00FCFD39 /* SimpleTasks.swift */; };
		B5D6A49D2BDD267C00FCFD39 /* TaskURLParameters.swift in Sources */ = {isa = PBXBuildFile; fileRef = B5D6A41B2BDD267C00FCFD39 /* TaskURLParameters.swift */; };
		B5D6A49E2BDD267C00FCFD39 /* TaskURLParameters.swift in Sources */ = {isa = PBXBuildFile; fileRef = B5D6A41B2BDD267C00FCFD39 /* TaskURLParameters.swift */; };
		B5D6A49F2BDD267C00FCFD39 /* CommandLine.swift in Sources */ = {isa = PBXBuildFile; fileRef = B5D6A41D2BDD267C00FCFD39 /* CommandLine.swift */; };
		B5D6A4A02BDD267C00FCFD39 /* CommandLine.swift in Sources */ = {isa = PBXBuildFile; fileRef = B5D6A41D2BDD267C00FCFD39 /* CommandLine.swift */; };
		B5D6A4A12BDD267C00FCFD39 /* ConveyTaskManager.LoggedTaskInfo.swift in Sources */ = {isa = PBXBuildFile; fileRef = B5D6A41E2BDD267C00FCFD39 /* ConveyTaskManager.LoggedTaskInfo.swift */; };
		B5D6A4A22BDD267C00FCFD39 /* ConveyTaskManager.LoggedTaskInfo.swift in Sources */ = {isa = PBXBuildFile; fileRef = B5D6A41E2BDD267C00FCFD39 /* ConveyTaskManager.LoggedTaskInfo.swift */; };
		B5D6A4A32BDD267C00FCFD39 /* ConveyTaskManager.swift in Sources */ = {isa = PBXBuildFile; fileRef = B5D6A41F2BDD267C00FCFD39 /* ConveyTaskManager.swift */; };
		B5D6A4A42BDD267C00FCFD39 /* ConveyTaskManager.swift in Sources */ = {isa = PBXBuildFile; fileRef = B5D6A41F2BDD267C00FCFD39 /* ConveyTaskManager.swift */; };
		B5D6A4A52BDD267C00FCFD39 /* DeviceType.swift in Sources */ = {isa = PBXBuildFile; fileRef = B5D6A4202BDD267C00FCFD39 /* DeviceType.swift */; };
		B5D6A4A62BDD267C00FCFD39 /* DeviceType.swift in Sources */ = {isa = PBXBuildFile; fileRef = B5D6A4202BDD267C00FCFD39 /* DeviceType.swift */; };
		B5D6A4A72BDD267C00FCFD39 /* HTTPCodableCookie.swift in Sources */ = {isa = PBXBuildFile; fileRef = B5D6A4212BDD267C00FCFD39 /* HTTPCodableCookie.swift */; };
		B5D6A4A82BDD267C00FCFD39 /* HTTPCodableCookie.swift in Sources */ = {isa = PBXBuildFile; fileRef = B5D6A4212BDD267C00FCFD39 /* HTTPCodableCookie.swift */; };
		B5D6A4A92BDD267C00FCFD39 /* HTTPError.swift in Sources */ = {isa = PBXBuildFile; fileRef = B5D6A4222BDD267C00FCFD39 /* HTTPError.swift */; };
		B5D6A4AA2BDD267C00FCFD39 /* HTTPError.swift in Sources */ = {isa = PBXBuildFile; fileRef = B5D6A4222BDD267C00FCFD39 /* HTTPError.swift */; };
		B5D6A4AB2BDD267C00FCFD39 /* CachedURLImageView.swift in Sources */ = {isa = PBXBuildFile; fileRef = B5D6A4242BDD267C00FCFD39 /* CachedURLImageView.swift */; };
		B5D6A4AC2BDD267C00FCFD39 /* CachedURLImageView.swift in Sources */ = {isa = PBXBuildFile; fileRef = B5D6A4242BDD267C00FCFD39 /* CachedURLImageView.swift */; };
		B5D6A4AD2BDD267C00FCFD39 /* ConsoleTaskConfigurationSheet.swift in Sources */ = {isa = PBXBuildFile; fileRef = B5D6A4252BDD267C00FCFD39 /* ConsoleTaskConfigurationSheet.swift */; };
		B5D6A4AE2BDD267C00FCFD39 /* ConsoleTaskConfigurationSheet.swift in Sources */ = {isa = PBXBuildFile; fileRef = B5D6A4252BDD267C00FCFD39 /* ConsoleTaskConfigurationSheet.swift */; };
		B5D6A4AF2BDD267C00FCFD39 /* ConsoleTaskResponseCache.swift in Sources */ = {isa = PBXBuildFile; fileRef = B5D6A4262BDD267C00FCFD39 /* ConsoleTaskResponseCache.swift */; };
		B5D6A4B02BDD267C00FCFD39 /* ConsoleTaskResponseCache.swift in Sources */ = {isa = PBXBuildFile; fileRef = B5D6A4262BDD267C00FCFD39 /* ConsoleTaskResponseCache.swift */; };
		B5D6A4B12BDD267C00FCFD39 /* ConveyConsoleView.swift in Sources */ = {isa = PBXBuildFile; fileRef = B5D6A4272BDD267C00FCFD39 /* ConveyConsoleView.swift */; };
		B5D6A4B22BDD267C00FCFD39 /* ConveyConsoleView.swift in Sources */ = {isa = PBXBuildFile; fileRef = B5D6A4272BDD267C00FCFD39 /* ConveyConsoleView.swift */; };
		B5D6A4B32BDD267C00FCFD39 /* DisplayedTaskResultView.swift in Sources */ = {isa = PBXBuildFile; fileRef = B5D6A4282BDD267C00FCFD39 /* DisplayedTaskResultView.swift */; };
		B5D6A4B42BDD267C00FCFD39 /* DisplayedTaskResultView.swift in Sources */ = {isa = PBXBuildFile; fileRef = B5D6A4282BDD267C00FCFD39 /* DisplayedTaskResultView.swift */; };
		B5D6A4B52BDD267C00FCFD39 /* PingButton.swift in Sources */ = {isa = PBXBuildFile; fileRef = B5D6A4292BDD267C00FCFD39 /* PingButton.swift */; };
		B5D6A4B62BDD267C00FCFD39 /* PingButton.swift in Sources */ = {isa = PBXBuildFile; fileRef = B5D6A4292BDD267C00FCFD39 /* PingButton.swift */; };
		B5D6A4B72BDD267C00FCFD39 /* TaskManagerView.swift in Sources */ = {isa = PBXBuildFile; fileRef = B5D6A42A2BDD267C00FCFD39 /* TaskManagerView.swift */; };
		B5D6A4B82BDD267C00FCFD39 /* TaskManagerView.swift in Sources */ = {isa = PBXBuildFile; fileRef = B5D6A42A2BDD267C00FCFD39 /* TaskManagerView.swift */; };
		B5D6A4B92BDD267C00FCFD39 /* TaskManagerView.TaskResultsDetails.swift in Sources */ = {isa = PBXBuildFile; fileRef = B5D6A42B2BDD267C00FCFD39 /* TaskManagerView.TaskResultsDetails.swift */; };
		B5D6A4BA2BDD267C00FCFD39 /* TaskManagerView.TaskResultsDetails.swift in Sources */ = {isa = PBXBuildFile; fileRef = B5D6A42B2BDD267C00FCFD39 /* TaskManagerView.TaskResultsDetails.swift */; };
		B5D6A4BB2BDD267C00FCFD39 /* TaskManagerView.TaskResultsListView.swift in Sources */ = {isa = PBXBuildFile; fileRef = B5D6A42C2BDD267C00FCFD39 /* TaskManagerView.TaskResultsListView.swift */; };
		B5D6A4BC2BDD267C00FCFD39 /* TaskManagerView.TaskResultsListView.swift in Sources */ = {isa = PBXBuildFile; fileRef = B5D6A42C2BDD267C00FCFD39 /* TaskManagerView.TaskResultsListView.swift */; };
/* End PBXBuildFile section */

/* Begin PBXFileReference section */
		B52831D6272EA13F001EC82E /* ConveyTest_iOS.app */ = {isa = PBXFileReference; explicitFileType = wrapper.application; includeInIndex = 0; path = ConveyTest_iOS.app; sourceTree = BUILT_PRODUCTS_DIR; };
		B52831D8272EA13F001EC82E /* ConveyTest_iOSApp.swift */ = {isa = PBXFileReference; lastKnownFileType = sourcecode.swift; path = ConveyTest_iOSApp.swift; sourceTree = "<group>"; };
		B52831DA272EA13F001EC82E /* ContentView.swift */ = {isa = PBXFileReference; lastKnownFileType = sourcecode.swift; path = ContentView.swift; sourceTree = "<group>"; };
		B52831DC272EA140001EC82E /* Assets.xcassets */ = {isa = PBXFileReference; lastKnownFileType = folder.assetcatalog; path = Assets.xcassets; sourceTree = "<group>"; };
		B52831DF272EA140001EC82E /* Preview Assets.xcassets */ = {isa = PBXFileReference; lastKnownFileType = folder.assetcatalog; path = "Preview Assets.xcassets"; sourceTree = "<group>"; };
		B52D9504283A408E002E7945 /* HTTPBin.swift */ = {isa = PBXFileReference; lastKnownFileType = sourcecode.swift; path = HTTPBin.swift; sourceTree = "<group>"; };
		B533138726ECB7A2007C94BF /* Package.swift */ = {isa = PBXFileReference; lastKnownFileType = sourcecode.swift; path = Package.swift; sourceTree = "<group>"; };
		B54CAB7F26ECB76400781A3A /* ConveyTest.app */ = {isa = PBXFileReference; explicitFileType = wrapper.application; includeInIndex = 0; path = ConveyTest.app; sourceTree = BUILT_PRODUCTS_DIR; };
		B54CAB8226ECB76400781A3A /* ConveyTestApp.swift */ = {isa = PBXFileReference; lastKnownFileType = sourcecode.swift; path = ConveyTestApp.swift; sourceTree = "<group>"; };
		B54CAB8426ECB76400781A3A /* ContentView.swift */ = {isa = PBXFileReference; lastKnownFileType = sourcecode.swift; path = ContentView.swift; sourceTree = "<group>"; };
		B54CAB8626ECB76400781A3A /* Assets.xcassets */ = {isa = PBXFileReference; lastKnownFileType = folder.assetcatalog; path = Assets.xcassets; sourceTree = "<group>"; };
		B54CAB8926ECB76400781A3A /* Preview Assets.xcassets */ = {isa = PBXFileReference; lastKnownFileType = folder.assetcatalog; path = "Preview Assets.xcassets"; sourceTree = "<group>"; };
		B54CAB8B26ECB76400781A3A /* Info.plist */ = {isa = PBXFileReference; lastKnownFileType = text.plist.xml; path = Info.plist; sourceTree = "<group>"; };
		B54CAB8C26ECB76400781A3A /* ConveyTest.entitlements */ = {isa = PBXFileReference; lastKnownFileType = text.plist.entitlements; path = ConveyTest.entitlements; sourceTree = "<group>"; };
		B565ACD52B9F696E00C471B5 /* Suite */ = {isa = PBXFileReference; lastKnownFileType = wrapper; name = Suite; path = ../Suite; sourceTree = "<group>"; };
		B5D6A3DF2BDD267C00FCFD39 /* DataCache.Provision.swift */ = {isa = PBXFileReference; fileEncoding = 4; lastKnownFileType = sourcecode.swift; path = DataCache.Provision.swift; sourceTree = "<group>"; };
		B5D6A3E02BDD267C00FCFD39 /* DataCache.swift */ = {isa = PBXFileReference; fileEncoding = 4; lastKnownFileType = sourcecode.swift; path = DataCache.swift; sourceTree = "<group>"; };
		B5D6A3E12BDD267C00FCFD39 /* DataCache+Kind.swift */ = {isa = PBXFileReference; fileEncoding = 4; lastKnownFileType = sourcecode.swift; path = "DataCache+Kind.swift"; sourceTree = "<group>"; };
		B5D6A3E22BDD267C00FCFD39 /* DataCache+Task.swift */ = {isa = PBXFileReference; fileEncoding = 4; lastKnownFileType = sourcecode.swift; path = "DataCache+Task.swift"; sourceTree = "<group>"; };
		B5D6A3E32BDD267C00FCFD39 /* ETagStore.swift */ = {isa = PBXFileReference; fileEncoding = 4; lastKnownFileType = sourcecode.swift; path = ETagStore.swift; sourceTree = "<group>"; };
		B5D6A3E42BDD267C00FCFD39 /* ImageCache.swift */ = {isa = PBXFileReference; fileEncoding = 4; lastKnownFileType = sourcecode.swift; path = ImageCache.swift; sourceTree = "<group>"; };
		B5D6A3E52BDD267C00FCFD39 /* ImageCache+Task.swift */ = {isa = PBXFileReference; fileEncoding = 4; lastKnownFileType = sourcecode.swift; path = "ImageCache+Task.swift"; sourceTree = "<group>"; };
		B5D6A3E62BDD267C00FCFD39 /* ImageSizing.swift */ = {isa = PBXFileReference; fileEncoding = 4; lastKnownFileType = sourcecode.swift; path = ImageSizing.swift; sourceTree = "<group>"; };
		B5D6A3E72BDD267C00FCFD39 /* PlatformImage.swift */ = {isa = PBXFileReference; fileEncoding = 4; lastKnownFileType = sourcecode.swift; path = PlatformImage.swift; sourceTree = "<group>"; };
		B5D6A3E92BDD267C00FCFD39 /* Data+Gzip.swift */ = {isa = PBXFileReference; fileEncoding = 4; lastKnownFileType = sourcecode.swift; path = "Data+Gzip.swift"; sourceTree = "<group>"; };
		B5D6A3EB2BDD267C00FCFD39 /* Bundle.swift */ = {isa = PBXFileReference; fileEncoding = 4; lastKnownFileType = sourcecode.swift; path = Bundle.swift; sourceTree = "<group>"; };
		B5D6A3EC2BDD267C00FCFD39 /* Error.swift */ = {isa = PBXFileReference; fileEncoding = 4; lastKnownFileType = sourcecode.swift; path = Error.swift; sourceTree = "<group>"; };
		B5D6A3ED2BDD267C00FCFD39 /* HTTPURLResponse.swift */ = {isa = PBXFileReference; fileEncoding = 4; lastKnownFileType = sourcecode.swift; path = HTTPURLResponse.swift; sourceTree = "<group>"; };
		B5D6A3EE2BDD267C00FCFD39 /* Image.swift */ = {isa = PBXFileReference; fileEncoding = 4; lastKnownFileType = sourcecode.swift; path = Image.swift; sourceTree = "<group>"; };
		B5D6A3EF2BDD267C00FCFD39 /* MD5.swift */ = {isa = PBXFileReference; fileEncoding = 4; lastKnownFileType = sourcecode.swift; path = MD5.swift; sourceTree = "<group>"; };
		B5D6A3F02BDD267C00FCFD39 /* String.swift */ = {isa = PBXFileReference; fileEncoding = 4; lastKnownFileType = sourcecode.swift; path = String.swift; sourceTree = "<group>"; };
		B5D6A3F12BDD267C00FCFD39 /* URL.swift */ = {isa = PBXFileReference; fileEncoding = 4; lastKnownFileType = sourcecode.swift; path = URL.swift; sourceTree = "<group>"; };
		B5D6A3F22BDD267C00FCFD39 /* URL+ContentType.swift */ = {isa = PBXFileReference; fileEncoding = 4; lastKnownFileType = sourcecode.swift; path = "URL+ContentType.swift"; sourceTree = "<group>"; };
		B5D6A3F32BDD267C00FCFD39 /* URL+Images.swift */ = {isa = PBXFileReference; fileEncoding = 4; lastKnownFileType = sourcecode.swift; path = "URL+Images.swift"; sourceTree = "<group>"; };
		B5D6A3F42BDD267C00FCFD39 /* URLAuthenticationChallenge.swift */ = {isa = PBXFileReference; fileEncoding = 4; lastKnownFileType = sourcecode.swift; path = URLAuthenticationChallenge.swift; sourceTree = "<group>"; };
		B5D6A3F52BDD267C00FCFD39 /* URLQueryItem.swift */ = {isa = PBXFileReference; fileEncoding = 4; lastKnownFileType = sourcecode.swift; path = URLQueryItem.swift; sourceTree = "<group>"; };
		B5D6A3F62BDD267C00FCFD39 /* URLRequest.swift */ = {isa = PBXFileReference; fileEncoding = 4; lastKnownFileType = sourcecode.swift; path = URLRequest.swift; sourceTree = "<group>"; };
		B5D6A3F72BDD267C00FCFD39 /* URLResponse.swift */ = {isa = PBXFileReference; fileEncoding = 4; lastKnownFileType = sourcecode.swift; path = URLResponse.swift; sourceTree = "<group>"; };
		B5D6A3F92BDD267C00FCFD39 /* ConveySession.swift */ = {isa = PBXFileReference; fileEncoding = 4; lastKnownFileType = sourcecode.swift; path = ConveySession.swift; sourceTree = "<group>"; };
		B5D6A3FA2BDD267C00FCFD39 /* ConveySession+Download.swift */ = {isa = PBXFileReference; fileEncoding = 4; lastKnownFileType = sourcecode.swift; path = "ConveySession+Download.swift"; sourceTree = "<group>"; };
		B5D6A3FB2BDD267C00FCFD39 /* ConveySession+ServerEvents.swift */ = {isa = PBXFileReference; fileEncoding = 4; lastKnownFileType = sourcecode.swift; path = "ConveySession+ServerEvents.swift"; sourceTree = "<group>"; };
		B5D6A3FD2BDD267C00FCFD39 /* ConveyServer.Remote.swift */ = {isa = PBXFileReference; fileEncoding = 4; lastKnownFileType = sourcecode.swift; path = ConveyServer.Remote.swift; sourceTree = "<group>"; };
		B5D6A3FE2BDD267C00FCFD39 /* ConveyServer.swift */ = {isa = PBXFileReference; fileEncoding = 4; lastKnownFileType = sourcecode.swift; path = ConveyServer.swift; sourceTree = "<group>"; };
		B5D6A3FF2BDD267C00FCFD39 /* ConveyServer+Session.swift */ = {isa = PBXFileReference; fileEncoding = 4; lastKnownFileType = sourcecode.swift; path = "ConveyServer+Session.swift"; sourceTree = "<group>"; };
		B5D6A4002BDD267C00FCFD39 /* ConveyServer+Threading.swift */ = {isa = PBXFileReference; fileEncoding = 4; lastKnownFileType = sourcecode.swift; path = "ConveyServer+Threading.swift"; sourceTree = "<group>"; };
		B5D6A4012BDD267C00FCFD39 /* ConveyServerConstants.swift */ = {isa = PBXFileReference; fileEncoding = 4; lastKnownFileType = sourcecode.swift; path = ConveyServerConstants.swift; sourceTree = "<group>"; };
		B5D6A4022BDD267C00FCFD39 /* ConveyServerError.swift */ = {isa = PBXFileReference; fileEncoding = 4; lastKnownFileType = sourcecode.swift; path = ConveyServerError.swift; sourceTree = "<group>"; };
		B5D6A4032BDD267C00FCFD39 /* SimpleServer.swift */ = {isa = PBXFileReference; fileEncoding = 4; lastKnownFileType = sourcecode.swift; path = SimpleServer.swift; sourceTree = "<group>"; };
		B5D6A4052BDD267C00FCFD39 /* DownloadResponse.swift */ = {isa = PBXFileReference; fileEncoding = 4; lastKnownFileType = sourcecode.swift; path = DownloadResponse.swift; sourceTree = "<group>"; };
		B5D6A4062BDD267C00FCFD39 /* ResumableTask.swift */ = {isa = PBXFileReference; fileEncoding = 4; lastKnownFileType = sourcecode.swift; path = ResumableTask.swift; sourceTree = "<group>"; };
		B5D6A4072BDD267C00FCFD39 /* ServerTask.swift */ = {isa = PBXFileReference; fileEncoding = 4; lastKnownFileType = sourcecode.swift; path = ServerTask.swift; sourceTree = "<group>"; };
		B5D6A4082BDD267C00FCFD39 /* ServerTask+Archiving.swift */ = {isa = PBXFileReference; fileEncoding = 4; lastKnownFileType = sourcecode.swift; path = "ServerTask+Archiving.swift"; sourceTree = "<group>"; };
		B5D6A4092BDD267C00FCFD39 /* ServerTask+Console.swift */ = {isa = PBXFileReference; fileEncoding = 4; lastKnownFileType = sourcecode.swift; path = "ServerTask+Console.swift"; sourceTree = "<group>"; };
		B5D6A40A2BDD267C00FCFD39 /* ServerTask+Echoing.swift */ = {isa = PBXFileReference; fileEncoding = 4; lastKnownFileType = sourcecode.swift; path = "ServerTask+Echoing.swift"; sourceTree = "<group>"; };
		B5D6A40B2BDD267C00FCFD39 /* ServerTask+Extension.swift */ = {isa = PBXFileReference; fileEncoding = 4; lastKnownFileType = sourcecode.swift; path = "ServerTask+Extension.swift"; sourceTree = "<group>"; };
		B5D6A40C2BDD267C00FCFD39 /* ServerTask+File.swift */ = {isa = PBXFileReference; fileEncoding = 4; lastKnownFileType = sourcecode.swift; path = "ServerTask+File.swift"; sourceTree = "<group>"; };
		B5D6A40D2BDD267C00FCFD39 /* ServerTask+FileBacked.swift */ = {isa = PBXFileReference; fileEncoding = 4; lastKnownFileType = sourcecode.swift; path = "ServerTask+FileBacked.swift"; sourceTree = "<group>"; };
		B5D6A40E2BDD267C00FCFD39 /* ServerTask+FormURLEncoding.swift */ = {isa = PBXFileReference; fileEncoding = 4; lastKnownFileType = sourcecode.swift; path = "ServerTask+FormURLEncoding.swift"; sourceTree = "<group>"; };
		B5D6A40F2BDD267C00FCFD39 /* ServerTask+Logging.swift */ = {isa = PBXFileReference; fileEncoding = 4; lastKnownFileType = sourcecode.swift; path = "ServerTask+Logging.swift"; sourceTree = "<group>"; };
		B5D6A4102BDD267C00FCFD39 /* ServerTask+MIME.swift */ = {isa = PBXFileReference; fileEncoding = 4; lastKnownFileType = sourcecode.swift; path = "ServerTask+MIME.swift"; sourceTree = "<group>"; };
		B5D6A4112BDD267C00FCFD39 /* ServerTask+ping.swift */ = {isa = PBXFileReference; fileEncoding = 4; lastKnownFileType = sourcecode.swift; path = "ServerTask+ping.swift"; sourceTree = "<group>"; };
		B5D6A4122BDD267C00FCFD39 /* ServerTask+Preloaded.swift */ = {isa = PBXFileReference; fileEncoding = 4; lastKnownFileType = sourcecode.swift; path = "ServerTask+Preloaded.swift"; sourceTree = "<group>"; };
		B5D6A4132BDD267C00FCFD39 /* ServerTask+Protocols.swift */ = {isa = PBXFileReference; fileEncoding = 4; lastKnownFileType = sourcecode.swift; path = "ServerTask+Protocols.swift"; sourceTree = "<group>"; };
		B5D6A4142BDD267C00FCFD39 /* ServerTask+RefreshableCachedTask.swift */ = {isa = PBXFileReference; fileEncoding = 4; lastKnownFileType = sourcecode.swift; path = "ServerTask+RefreshableCachedTask.swift"; sourceTree = "<group>"; };
		B5D6A4152BDD267C00FCFD39 /* ServerTask+Request.swift */ = {isa = PBXFileReference; fileEncoding = 4; lastKnownFileType = sourcecode.swift; path = "ServerTask+Request.swift"; sourceTree = "<group>"; };
		B5D6A4172BDD267C00FCFD39 /* ServerTask+Run.swift */ = {isa = PBXFileReference; fileEncoding = 4; lastKnownFileType = sourcecode.swift; path = "ServerTask+Run.swift"; sourceTree = "<group>"; };
		B5D6A4182BDD267C00FCFD39 /* ServerTask+ServerEvents.swift */ = {isa = PBXFileReference; fileEncoding = 4; lastKnownFileType = sourcecode.swift; path = "ServerTask+ServerEvents.swift"; sourceTree = "<group>"; };
		B5D6A4192BDD267C00FCFD39 /* ServerTask+Upload.swift */ = {isa = PBXFileReference; fileEncoding = 4; lastKnownFileType = sourcecode.swift; path = "ServerTask+Upload.swift"; sourceTree = "<group>"; };
		B5D6A41A2BDD267C00FCFD39 /* SimpleTasks.swift */ = {isa = PBXFileReference; fileEncoding = 4; lastKnownFileType = sourcecode.swift; path = SimpleTasks.swift; sourceTree = "<group>"; };
		B5D6A41B2BDD267C00FCFD39 /* TaskURLParameters.swift */ = {isa = PBXFileReference; fileEncoding = 4; lastKnownFileType = sourcecode.swift; path = TaskURLParameters.swift; sourceTree = "<group>"; };
		B5D6A41D2BDD267C00FCFD39 /* CommandLine.swift */ = {isa = PBXFileReference; fileEncoding = 4; lastKnownFileType = sourcecode.swift; path = CommandLine.swift; sourceTree = "<group>"; };
		B5D6A41E2BDD267C00FCFD39 /* ConveyTaskManager.LoggedTaskInfo.swift */ = {isa = PBXFileReference; fileEncoding = 4; lastKnownFileType = sourcecode.swift; path = ConveyTaskManager.LoggedTaskInfo.swift; sourceTree = "<group>"; };
		B5D6A41F2BDD267C00FCFD39 /* ConveyTaskManager.swift */ = {isa = PBXFileReference; fileEncoding = 4; lastKnownFileType = sourcecode.swift; path = ConveyTaskManager.swift; sourceTree = "<group>"; };
		B5D6A4202BDD267C00FCFD39 /* DeviceType.swift */ = {isa = PBXFileReference; fileEncoding = 4; lastKnownFileType = sourcecode.swift; path = DeviceType.swift; sourceTree = "<group>"; };
		B5D6A4212BDD267C00FCFD39 /* HTTPCodableCookie.swift */ = {isa = PBXFileReference; fileEncoding = 4; lastKnownFileType = sourcecode.swift; path = HTTPCodableCookie.swift; sourceTree = "<group>"; };
		B5D6A4222BDD267C00FCFD39 /* HTTPError.swift */ = {isa = PBXFileReference; fileEncoding = 4; lastKnownFileType = sourcecode.swift; path = HTTPError.swift; sourceTree = "<group>"; };
		B5D6A4242BDD267C00FCFD39 /* CachedURLImageView.swift */ = {isa = PBXFileReference; fileEncoding = 4; lastKnownFileType = sourcecode.swift; path = CachedURLImageView.swift; sourceTree = "<group>"; };
		B5D6A4252BDD267C00FCFD39 /* ConsoleTaskConfigurationSheet.swift */ = {isa = PBXFileReference; fileEncoding = 4; lastKnownFileType = sourcecode.swift; path = ConsoleTaskConfigurationSheet.swift; sourceTree = "<group>"; };
		B5D6A4262BDD267C00FCFD39 /* ConsoleTaskResponseCache.swift */ = {isa = PBXFileReference; fileEncoding = 4; lastKnownFileType = sourcecode.swift; path = ConsoleTaskResponseCache.swift; sourceTree = "<group>"; };
		B5D6A4272BDD267C00FCFD39 /* ConveyConsoleView.swift */ = {isa = PBXFileReference; fileEncoding = 4; lastKnownFileType = sourcecode.swift; path = ConveyConsoleView.swift; sourceTree = "<group>"; };
		B5D6A4282BDD267C00FCFD39 /* DisplayedTaskResultView.swift */ = {isa = PBXFileReference; fileEncoding = 4; lastKnownFileType = sourcecode.swift; path = DisplayedTaskResultView.swift; sourceTree = "<group>"; };
		B5D6A4292BDD267C00FCFD39 /* PingButton.swift */ = {isa = PBXFileReference; fileEncoding = 4; lastKnownFileType = sourcecode.swift; path = PingButton.swift; sourceTree = "<group>"; };
		B5D6A42A2BDD267C00FCFD39 /* TaskManagerView.swift */ = {isa = PBXFileReference; fileEncoding = 4; lastKnownFileType = sourcecode.swift; path = TaskManagerView.swift; sourceTree = "<group>"; };
		B5D6A42B2BDD267C00FCFD39 /* TaskManagerView.TaskResultsDetails.swift */ = {isa = PBXFileReference; fileEncoding = 4; lastKnownFileType = sourcecode.swift; path = TaskManagerView.TaskResultsDetails.swift; sourceTree = "<group>"; };
		B5D6A42C2BDD267C00FCFD39 /* TaskManagerView.TaskResultsListView.swift */ = {isa = PBXFileReference; fileEncoding = 4; lastKnownFileType = sourcecode.swift; path = TaskManagerView.TaskResultsListView.swift; sourceTree = "<group>"; };
/* End PBXFileReference section */

/* Begin PBXFrameworksBuildPhase section */
		B52831D3272EA13F001EC82E /* Frameworks */ = {
			isa = PBXFrameworksBuildPhase;
			buildActionMask = 2147483647;
			files = (
				B52D9500283A3F81002E7945 /* Suite in Frameworks */,
			);
			runOnlyForDeploymentPostprocessing = 0;
		};
		B54CAB7C26ECB76400781A3A /* Frameworks */ = {
			isa = PBXFrameworksBuildPhase;
			buildActionMask = 2147483647;
			files = (
				B54CAB9426ECB99F00781A3A /* Suite in Frameworks */,
			);
			runOnlyForDeploymentPostprocessing = 0;
		};
/* End PBXFrameworksBuildPhase section */

/* Begin PBXGroup section */
		B52831D7272EA13F001EC82E /* ConveyTest_iOS */ = {
			isa = PBXGroup;
			children = (
				B52831D8272EA13F001EC82E /* ConveyTest_iOSApp.swift */,
				B52831DA272EA13F001EC82E /* ContentView.swift */,
				B52D9504283A408E002E7945 /* HTTPBin.swift */,
				B52831DC272EA140001EC82E /* Assets.xcassets */,
				B52831DE272EA140001EC82E /* Preview Content */,
			);
			path = ConveyTest_iOS;
			sourceTree = "<group>";
		};
		B52831DE272EA140001EC82E /* Preview Content */ = {
			isa = PBXGroup;
			children = (
				B52831DF272EA140001EC82E /* Preview Assets.xcassets */,
			);
			path = "Preview Content";
			sourceTree = "<group>";
		};
		B52831ED272EA17F001EC82E /* Frameworks */ = {
			isa = PBXGroup;
			children = (
			);
			name = Frameworks;
			sourceTree = "<group>";
		};
		B54CAB7626ECB76400781A3A = {
			isa = PBXGroup;
			children = (
				B565ACD52B9F696E00C471B5 /* Suite */,
				B533138726ECB7A2007C94BF /* Package.swift */,
				B54CAB8126ECB76400781A3A /* ConveyTest */,
				B5D6A42E2BDD267C00FCFD39 /* Convey */,
				B52831D7272EA13F001EC82E /* ConveyTest_iOS */,
				B54CAB8026ECB76400781A3A /* Products */,
				B52831ED272EA17F001EC82E /* Frameworks */,
			);
			indentWidth = 3;
			sourceTree = "<group>";
			tabWidth = 3;
		};
		B54CAB8026ECB76400781A3A /* Products */ = {
			isa = PBXGroup;
			children = (
				B54CAB7F26ECB76400781A3A /* ConveyTest.app */,
				B52831D6272EA13F001EC82E /* ConveyTest_iOS.app */,
			);
			name = Products;
			sourceTree = "<group>";
		};
		B54CAB8126ECB76400781A3A /* ConveyTest */ = {
			isa = PBXGroup;
			children = (
				B54CAB8226ECB76400781A3A /* ConveyTestApp.swift */,
				B54CAB8426ECB76400781A3A /* ContentView.swift */,
				B54CAB8626ECB76400781A3A /* Assets.xcassets */,
				B54CAB8B26ECB76400781A3A /* Info.plist */,
				B54CAB8C26ECB76400781A3A /* ConveyTest.entitlements */,
				B54CAB8826ECB76400781A3A /* Preview Content */,
			);
			path = ConveyTest;
			sourceTree = "<group>";
		};
		B54CAB8826ECB76400781A3A /* Preview Content */ = {
			isa = PBXGroup;
			children = (
				B54CAB8926ECB76400781A3A /* Preview Assets.xcassets */,
			);
			path = "Preview Content";
			sourceTree = "<group>";
		};
		B5D6A3E82BDD267C00FCFD39 /* Caching */ = {
			isa = PBXGroup;
			children = (
				B5D6A3DF2BDD267C00FCFD39 /* DataCache.Provision.swift */,
				B5D6A3E02BDD267C00FCFD39 /* DataCache.swift */,
				B5D6A3E12BDD267C00FCFD39 /* DataCache+Kind.swift */,
				B5D6A3E22BDD267C00FCFD39 /* DataCache+Task.swift */,
				B5D6A3E32BDD267C00FCFD39 /* ETagStore.swift */,
				B5D6A3E42BDD267C00FCFD39 /* ImageCache.swift */,
				B5D6A3E52BDD267C00FCFD39 /* ImageCache+Task.swift */,
				B5D6A3E62BDD267C00FCFD39 /* ImageSizing.swift */,
				B5D6A3E72BDD267C00FCFD39 /* PlatformImage.swift */,
			);
			path = Caching;
			sourceTree = "<group>";
		};
		B5D6A3EA2BDD267C00FCFD39 /* Compression */ = {
			isa = PBXGroup;
			children = (
				B5D6A3E92BDD267C00FCFD39 /* Data+Gzip.swift */,
			);
			path = Compression;
			sourceTree = "<group>";
		};
		B5D6A3F82BDD267C00FCFD39 /* Extensions */ = {
			isa = PBXGroup;
			children = (
				B5D6A3EB2BDD267C00FCFD39 /* Bundle.swift */,
				B5D6A3EC2BDD267C00FCFD39 /* Error.swift */,
				B5D6A3ED2BDD267C00FCFD39 /* HTTPURLResponse.swift */,
				B5D6A3EE2BDD267C00FCFD39 /* Image.swift */,
				B5D6A3EF2BDD267C00FCFD39 /* MD5.swift */,
				B5D6A3F02BDD267C00FCFD39 /* String.swift */,
				B5D6A3F12BDD267C00FCFD39 /* URL.swift */,
				B5D6A3F22BDD267C00FCFD39 /* URL+ContentType.swift */,
				B5D6A3F32BDD267C00FCFD39 /* URL+Images.swift */,
				B5D6A3F42BDD267C00FCFD39 /* URLAuthenticationChallenge.swift */,
				B5D6A3F52BDD267C00FCFD39 /* URLQueryItem.swift */,
				B5D6A3F62BDD267C00FCFD39 /* URLRequest.swift */,
				B5D6A3F72BDD267C00FCFD39 /* URLResponse.swift */,
			);
			path = Extensions;
			sourceTree = "<group>";
		};
		B5D6A3FC2BDD267C00FCFD39 /* ConveySession */ = {
			isa = PBXGroup;
			children = (
				B5D6A3F92BDD267C00FCFD39 /* ConveySession.swift */,
				B5D6A3FA2BDD267C00FCFD39 /* ConveySession+Download.swift */,
				B5D6A3FB2BDD267C00FCFD39 /* ConveySession+ServerEvents.swift */,
			);
			path = ConveySession;
			sourceTree = "<group>";
		};
		B5D6A4042BDD267C00FCFD39 /* Server */ = {
			isa = PBXGroup;
			children = (
				B5D6A3FC2BDD267C00FCFD39 /* ConveySession */,
				B5D6A3FD2BDD267C00FCFD39 /* ConveyServer.Remote.swift */,
				B5D6A3FE2BDD267C00FCFD39 /* ConveyServer.swift */,
				B5D6A3FF2BDD267C00FCFD39 /* ConveyServer+Session.swift */,
				B5D6A4002BDD267C00FCFD39 /* ConveyServer+Threading.swift */,
				B5D6A4012BDD267C00FCFD39 /* ConveyServerConstants.swift */,
				B5D6A4022BDD267C00FCFD39 /* ConveyServerError.swift */,
				B5D6A4032BDD267C00FCFD39 /* SimpleServer.swift */,
			);
			path = Server;
			sourceTree = "<group>";
		};
		B5D6A41C2BDD267C00FCFD39 /* Tasks */ = {
			isa = PBXGroup;
			children = (
				B5D6A4052BDD267C00FCFD39 /* DownloadResponse.swift */,
				B5D6A4062BDD267C00FCFD39 /* ResumableTask.swift */,
				B5D6A4072BDD267C00FCFD39 /* ServerTask.swift */,
				B5D6A4082BDD267C00FCFD39 /* ServerTask+Archiving.swift */,
				B5D6A4092BDD267C00FCFD39 /* ServerTask+Console.swift */,
				B5D6A40A2BDD267C00FCFD39 /* ServerTask+Echoing.swift */,
				B5D6A40B2BDD267C00FCFD39 /* ServerTask+Extension.swift */,
				B5D6A40C2BDD267C00FCFD39 /* ServerTask+File.swift */,
				B5D6A40D2BDD267C00FCFD39 /* ServerTask+FileBacked.swift */,
				B5D6A40E2BDD267C00FCFD39 /* ServerTask+FormURLEncoding.swift */,
				B5D6A40F2BDD267C00FCFD39 /* ServerTask+Logging.swift */,
				B5D6A4102BDD267C00FCFD39 /* ServerTask+MIME.swift */,
				B5D6A4112BDD267C00FCFD39 /* ServerTask+ping.swift */,
				B5D6A4122BDD267C00FCFD39 /* ServerTask+Preloaded.swift */,
				B5D6A4132BDD267C00FCFD39 /* ServerTask+Protocols.swift */,
				B5D6A4142BDD267C00FCFD39 /* ServerTask+RefreshableCachedTask.swift */,
				B5D6A4152BDD267C00FCFD39 /* ServerTask+Request.swift */,
				B5D6A4172BDD267C00FCFD39 /* ServerTask+Run.swift */,
				B5D6A4182BDD267C00FCFD39 /* ServerTask+ServerEvents.swift */,
				B5D6A4192BDD267C00FCFD39 /* ServerTask+Upload.swift */,
				B5D6A41A2BDD267C00FCFD39 /* SimpleTasks.swift */,
				B5D6A41B2BDD267C00FCFD39 /* TaskURLParameters.swift */,
			);
			path = Tasks;
			sourceTree = "<group>";
		};
		B5D6A4232BDD267C00FCFD39 /* Utilities */ = {
			isa = PBXGroup;
			children = (
				B5D6A41D2BDD267C00FCFD39 /* CommandLine.swift */,
				B5D6A41E2BDD267C00FCFD39 /* ConveyTaskManager.LoggedTaskInfo.swift */,
				B5D6A41F2BDD267C00FCFD39 /* ConveyTaskManager.swift */,
				B5D6A4202BDD267C00FCFD39 /* DeviceType.swift */,
				B5D6A4212BDD267C00FCFD39 /* HTTPCodableCookie.swift */,
				B5D6A4222BDD267C00FCFD39 /* HTTPError.swift */,
			);
			path = Utilities;
			sourceTree = "<group>";
		};
		B5D6A42D2BDD267C00FCFD39 /* Views */ = {
			isa = PBXGroup;
			children = (
				B5D6A4242BDD267C00FCFD39 /* CachedURLImageView.swift */,
				B5D6A4252BDD267C00FCFD39 /* ConsoleTaskConfigurationSheet.swift */,
				B5D6A4262BDD267C00FCFD39 /* ConsoleTaskResponseCache.swift */,
				B5D6A4272BDD267C00FCFD39 /* ConveyConsoleView.swift */,
				B5D6A4282BDD267C00FCFD39 /* DisplayedTaskResultView.swift */,
				B5D6A4292BDD267C00FCFD39 /* PingButton.swift */,
				B5D6A42A2BDD267C00FCFD39 /* TaskManagerView.swift */,
				B5D6A42B2BDD267C00FCFD39 /* TaskManagerView.TaskResultsDetails.swift */,
				B5D6A42C2BDD267C00FCFD39 /* TaskManagerView.TaskResultsListView.swift */,
			);
			path = Views;
			sourceTree = "<group>";
		};
		B5D6A42E2BDD267C00FCFD39 /* Convey */ = {
			isa = PBXGroup;
			children = (
				B5D6A3E82BDD267C00FCFD39 /* Caching */,
				B5D6A3EA2BDD267C00FCFD39 /* Compression */,
				B5D6A3F82BDD267C00FCFD39 /* Extensions */,
				B5D6A4042BDD267C00FCFD39 /* Server */,
				B5D6A41C2BDD267C00FCFD39 /* Tasks */,
				B5D6A4232BDD267C00FCFD39 /* Utilities */,
				B5D6A42D2BDD267C00FCFD39 /* Views */,
			);
			name = Convey;
			path = Sources/Convey;
			sourceTree = "<group>";
		};
/* End PBXGroup section */

/* Begin PBXNativeTarget section */
		B52831D5272EA13F001EC82E /* ConveyTest_iOS */ = {
			isa = PBXNativeTarget;
			buildConfigurationList = B52831E3272EA140001EC82E /* Build configuration list for PBXNativeTarget "ConveyTest_iOS" */;
			buildPhases = (
				B52831D2272EA13F001EC82E /* Sources */,
				B52831D3272EA13F001EC82E /* Frameworks */,
				B52831D4272EA13F001EC82E /* Resources */,
			);
			buildRules = (
			);
			dependencies = (
			);
			name = ConveyTest_iOS;
			packageProductDependencies = (
				B52D94FF283A3F81002E7945 /* Suite */,
			);
			productName = ConveyTest_iOS;
			productReference = B52831D6272EA13F001EC82E /* ConveyTest_iOS.app */;
			productType = "com.apple.product-type.application";
		};
		B54CAB7E26ECB76400781A3A /* ConveyTest */ = {
			isa = PBXNativeTarget;
			buildConfigurationList = B54CAB8F26ECB76400781A3A /* Build configuration list for PBXNativeTarget "ConveyTest" */;
			buildPhases = (
				B54CAB7B26ECB76400781A3A /* Sources */,
				B54CAB7C26ECB76400781A3A /* Frameworks */,
				B54CAB7D26ECB76400781A3A /* Resources */,
			);
			buildRules = (
			);
			dependencies = (
			);
			name = ConveyTest;
			packageProductDependencies = (
				B54CAB9326ECB99F00781A3A /* Suite */,
			);
			productName = ConveyTest;
			productReference = B54CAB7F26ECB76400781A3A /* ConveyTest.app */;
			productType = "com.apple.product-type.application";
		};
/* End PBXNativeTarget section */

/* Begin PBXProject section */
		B54CAB7726ECB76400781A3A /* Project object */ = {
			isa = PBXProject;
			attributes = {
				BuildIndependentTargetsInParallel = YES;
				LastSwiftUpdateCheck = 1300;
				LastUpgradeCheck = 1530;
				TargetAttributes = {
					B52831D5272EA13F001EC82E = {
						CreatedOnToolsVersion = 13.0;
					};
					B54CAB7E26ECB76400781A3A = {
						CreatedOnToolsVersion = 12.5;
					};
				};
			};
			buildConfigurationList = B54CAB7A26ECB76400781A3A /* Build configuration list for PBXProject "ConveyTest" */;
			compatibilityVersion = "Xcode 9.3";
			developmentRegion = en;
			hasScannedForEncodings = 0;
			knownRegions = (
				en,
				Base,
			);
			mainGroup = B54CAB7626ECB76400781A3A;
			packageReferences = (
				B54CAB9226ECB99F00781A3A /* XCRemoteSwiftPackageReference "Suite" */,
			);
			productRefGroup = B54CAB8026ECB76400781A3A /* Products */;
			projectDirPath = "";
			projectRoot = "";
			targets = (
				B54CAB7E26ECB76400781A3A /* ConveyTest */,
				B52831D5272EA13F001EC82E /* ConveyTest_iOS */,
			);
		};
/* End PBXProject section */

/* Begin PBXResourcesBuildPhase section */
		B52831D4272EA13F001EC82E /* Resources */ = {
			isa = PBXResourcesBuildPhase;
			buildActionMask = 2147483647;
			files = (
				B52831E0272EA140001EC82E /* Preview Assets.xcassets in Resources */,
				B52831DD272EA140001EC82E /* Assets.xcassets in Resources */,
			);
			runOnlyForDeploymentPostprocessing = 0;
		};
		B54CAB7D26ECB76400781A3A /* Resources */ = {
			isa = PBXResourcesBuildPhase;
			buildActionMask = 2147483647;
			files = (
				B54CAB8A26ECB76400781A3A /* Preview Assets.xcassets in Resources */,
				B54CAB8726ECB76400781A3A /* Assets.xcassets in Resources */,
			);
			runOnlyForDeploymentPostprocessing = 0;
		};
/* End PBXResourcesBuildPhase section */

/* Begin PBXSourcesBuildPhase section */
		B52831D2272EA13F001EC82E /* Sources */ = {
			isa = PBXSourcesBuildPhase;
			buildActionMask = 2147483647;
			files = (
				B5D6A44E2BDD267C00FCFD39 /* String.swift in Sources */,
				B5D6A4982BDD267C00FCFD39 /* ServerTask+ServerEvents.swift in Sources */,
				B5D6A4622BDD267C00FCFD39 /* ConveySession+ServerEvents.swift in Sources */,
				B5D6A46C2BDD267C00FCFD39 /* ConveyServerConstants.swift in Sources */,
				B5D6A46E2BDD267C00FCFD39 /* ConveyServerError.swift in Sources */,
				B5D6A48C2BDD267C00FCFD39 /* ServerTask+Preloaded.swift in Sources */,
				B5D6A4382BDD267C00FCFD39 /* ETagStore.swift in Sources */,
				B5D6A4562BDD267C00FCFD39 /* URLAuthenticationChallenge.swift in Sources */,
				B5D6A4442BDD267C00FCFD39 /* Bundle.swift in Sources */,
				B5D6A4902BDD267C00FCFD39 /* ServerTask+RefreshableCachedTask.swift in Sources */,
				B5D6A4B42BDD267C00FCFD39 /* DisplayedTaskResultView.swift in Sources */,
				B5D6A4662BDD267C00FCFD39 /* ConveyServer.swift in Sources */,
				B5D6A4B22BDD267C00FCFD39 /* ConveyConsoleView.swift in Sources */,
				B5D6A4482BDD267C00FCFD39 /* HTTPURLResponse.swift in Sources */,
				B5D6A4802BDD267C00FCFD39 /* ServerTask+File.swift in Sources */,
				B5D6A4BC2BDD267C00FCFD39 /* TaskManagerView.TaskResultsListView.swift in Sources */,
				B52D9505283A408E002E7945 /* HTTPBin.swift in Sources */,
				B5D6A4A22BDD267C00FCFD39 /* ConveyTaskManager.LoggedTaskInfo.swift in Sources */,
				B5D6A4542BDD267C00FCFD39 /* URL+Images.swift in Sources */,
				B5D6A4A02BDD267C00FCFD39 /* CommandLine.swift in Sources */,
				B5D6A4AE2BDD267C00FCFD39 /* ConsoleTaskConfigurationSheet.swift in Sources */,
				B5D6A4B02BDD267C00FCFD39 /* ConsoleTaskResponseCache.swift in Sources */,
				B5D6A4362BDD267C00FCFD39 /* DataCache+Task.swift in Sources */,
				B5D6A4642BDD267C00FCFD39 /* ConveyServer.Remote.swift in Sources */,
				B5D6A43C2BDD267C00FCFD39 /* ImageCache+Task.swift in Sources */,
				B5D6A43A2BDD267C00FCFD39 /* ImageCache.swift in Sources */,
				B5D6A4322BDD267C00FCFD39 /* DataCache.swift in Sources */,
				B5D6A4402BDD267C00FCFD39 /* PlatformImage.swift in Sources */,
				B5D6A4822BDD267C00FCFD39 /* ServerTask+FileBacked.swift in Sources */,
				B5D6A4A62BDD267C00FCFD39 /* DeviceType.swift in Sources */,
				B5D6A4722BDD267C00FCFD39 /* DownloadResponse.swift in Sources */,
				B5D6A4842BDD267C00FCFD39 /* ServerTask+FormURLEncoding.swift in Sources */,
				B5D6A4682BDD267C00FCFD39 /* ConveyServer+Session.swift in Sources */,
				B5D6A4AC2BDD267C00FCFD39 /* CachedURLImageView.swift in Sources */,
				B5D6A4702BDD267C00FCFD39 /* SimpleServer.swift in Sources */,
				B5D6A4A42BDD267C00FCFD39 /* ConveyTaskManager.swift in Sources */,
				B5D6A49A2BDD267C00FCFD39 /* ServerTask+Upload.swift in Sources */,
				B5D6A4342BDD267C00FCFD39 /* DataCache+Kind.swift in Sources */,
				B5D6A4762BDD267C00FCFD39 /* ServerTask.swift in Sources */,
				B5D6A45E2BDD267C00FCFD39 /* ConveySession.swift in Sources */,
				B5D6A4582BDD267C00FCFD39 /* URLQueryItem.swift in Sources */,
				B5D6A4302BDD267C00FCFD39 /* DataCache.Provision.swift in Sources */,
				B5D6A48A2BDD267C00FCFD39 /* ServerTask+ping.swift in Sources */,
				B5D6A44A2BDD267C00FCFD39 /* Image.swift in Sources */,
				B5D6A4422BDD267C00FCFD39 /* Data+Gzip.swift in Sources */,
				B52831DB272EA13F001EC82E /* ContentView.swift in Sources */,
				B5D6A4962BDD267C00FCFD39 /* ServerTask+Run.swift in Sources */,
				B5D6A4502BDD267C00FCFD39 /* URL.swift in Sources */,
				B5D6A45A2BDD267C00FCFD39 /* URLRequest.swift in Sources */,
				B5D6A47E2BDD267C00FCFD39 /* ServerTask+Extension.swift in Sources */,
				B5D6A4B82BDD267C00FCFD39 /* TaskManagerView.swift in Sources */,
				B5D6A49E2BDD267C00FCFD39 /* TaskURLParameters.swift in Sources */,
				B5D6A45C2BDD267C00FCFD39 /* URLResponse.swift in Sources */,
				B5D6A44C2BDD267C00FCFD39 /* MD5.swift in Sources */,
				B5D6A4522BDD267C00FCFD39 /* URL+ContentType.swift in Sources */,
				B5D6A4862BDD267C00FCFD39 /* ServerTask+Logging.swift in Sources */,
				B5D6A46A2BDD267C00FCFD39 /* ConveyServer+Threading.swift in Sources */,
				B5D6A4742BDD267C00FCFD39 /* ResumableTask.swift in Sources */,
				B5D6A4922BDD267C00FCFD39 /* ServerTask+Request.swift in Sources */,
				B52831D9272EA13F001EC82E /* ConveyTest_iOSApp.swift in Sources */,
				B5D6A4462BDD267C00FCFD39 /* Error.swift in Sources */,
				B5D6A4A82BDD267C00FCFD39 /* HTTPCodableCookie.swift in Sources */,
				B5D6A4782BDD267C00FCFD39 /* ServerTask+Archiving.swift in Sources */,
				B5D6A47A2BDD267C00FCFD39 /* ServerTask+Console.swift in Sources */,
				B5D6A4B62BDD267C00FCFD39 /* PingButton.swift in Sources */,
				B5D6A4602BDD267C00FCFD39 /* ConveySession+Download.swift in Sources */,
				B5D6A4AA2BDD267C00FCFD39 /* HTTPError.swift in Sources */,
				B5D6A4882BDD267C00FCFD39 /* ServerTask+MIME.swift in Sources */,
				B5D6A43E2BDD267C00FCFD39 /* ImageSizing.swift in Sources */,
				B5D6A49C2BDD267C00FCFD39 /* SimpleTasks.swift in Sources */,
				B5D6A4BA2BDD267C00FCFD39 /* TaskManagerView.TaskResultsDetails.swift in Sources */,
				B5D6A47C2BDD267C00FCFD39 /* ServerTask+Echoing.swift in Sources */,
				B5D6A48E2BDD267C00FCFD39 /* ServerTask+Protocols.swift in Sources */,
			);
			runOnlyForDeploymentPostprocessing = 0;
		};
		B54CAB7B26ECB76400781A3A /* Sources */ = {
			isa = PBXSourcesBuildPhase;
			buildActionMask = 2147483647;
			files = (
				B5D6A4312BDD267C00FCFD39 /* DataCache.swift in Sources */,
				B5D6A4432BDD267C00FCFD39 /* Bundle.swift in Sources */,
				B5D6A4472BDD267C00FCFD39 /* HTTPURLResponse.swift in Sources */,
				B5D6A4692BDD267C00FCFD39 /* ConveyServer+Threading.swift in Sources */,
				B5D6A4372BDD267C00FCFD39 /* ETagStore.swift in Sources */,
				B5D6A4812BDD267C00FCFD39 /* ServerTask+FileBacked.swift in Sources */,
				B5D6A4A32BDD267C00FCFD39 /* ConveyTaskManager.swift in Sources */,
				B5D6A4972BDD267C00FCFD39 /* ServerTask+ServerEvents.swift in Sources */,
				B5D6A45F2BDD267C00FCFD39 /* ConveySession+Download.swift in Sources */,
				B5D6A4672BDD267C00FCFD39 /* ConveyServer+Session.swift in Sources */,
				B5D6A4552BDD267C00FCFD39 /* URLAuthenticationChallenge.swift in Sources */,
				B5D6A4392BDD267C00FCFD39 /* ImageCache.swift in Sources */,
				B5D6A46D2BDD267C00FCFD39 /* ConveyServerError.swift in Sources */,
				B5D6A4992BDD267C00FCFD39 /* ServerTask+Upload.swift in Sources */,
				B5D6A47B2BDD267C00FCFD39 /* ServerTask+Echoing.swift in Sources */,
				B5D6A4352BDD267C00FCFD39 /* DataCache+Task.swift in Sources */,
				B5D6A4792BDD267C00FCFD39 /* ServerTask+Console.swift in Sources */,
				B5D6A47D2BDD267C00FCFD39 /* ServerTask+Extension.swift in Sources */,
				B5D6A48B2BDD267C00FCFD39 /* ServerTask+Preloaded.swift in Sources */,
				B5D6A4A72BDD267C00FCFD39 /* HTTPCodableCookie.swift in Sources */,
				B5D6A4612BDD267C00FCFD39 /* ConveySession+ServerEvents.swift in Sources */,
				B5D6A47F2BDD267C00FCFD39 /* ServerTask+File.swift in Sources */,
				B5D6A44F2BDD267C00FCFD39 /* URL.swift in Sources */,
				B5D6A4732BDD267C00FCFD39 /* ResumableTask.swift in Sources */,
				B5D6A49F2BDD267C00FCFD39 /* CommandLine.swift in Sources */,
				B5D6A4892BDD267C00FCFD39 /* ServerTask+ping.swift in Sources */,
				B54CAB8526ECB76400781A3A /* ContentView.swift in Sources */,
				B5D6A43D2BDD267C00FCFD39 /* ImageSizing.swift in Sources */,
				B5D6A45D2BDD267C00FCFD39 /* ConveySession.swift in Sources */,
				B5D6A44B2BDD267C00FCFD39 /* MD5.swift in Sources */,
				B5D6A4912BDD267C00FCFD39 /* ServerTask+Request.swift in Sources */,
				B5D6A4AB2BDD267C00FCFD39 /* CachedURLImageView.swift in Sources */,
				B5D6A4B12BDD267C00FCFD39 /* ConveyConsoleView.swift in Sources */,
				B5D6A49B2BDD267C00FCFD39 /* SimpleTasks.swift in Sources */,
				B5D6A4AD2BDD267C00FCFD39 /* ConsoleTaskConfigurationSheet.swift in Sources */,
				B5D6A4A12BDD267C00FCFD39 /* ConveyTaskManager.LoggedTaskInfo.swift in Sources */,
				B5D6A4B72BDD267C00FCFD39 /* TaskManagerView.swift in Sources */,
				B54CAB8326ECB76400781A3A /* ConveyTestApp.swift in Sources */,
				B5D6A4512BDD267C00FCFD39 /* URL+ContentType.swift in Sources */,
				B5D6A46B2BDD267C00FCFD39 /* ConveyServerConstants.swift in Sources */,
				B5D6A4BB2BDD267C00FCFD39 /* TaskManagerView.TaskResultsListView.swift in Sources */,
				B5D6A4492BDD267C00FCFD39 /* Image.swift in Sources */,
				B5D6A4532BDD267C00FCFD39 /* URL+Images.swift in Sources */,
				B5D6A4752BDD267C00FCFD39 /* ServerTask.swift in Sources */,
				B5D6A4592BDD267C00FCFD39 /* URLRequest.swift in Sources */,
				B5D6A4332BDD267C00FCFD39 /* DataCache+Kind.swift in Sources */,
				B5D6A4832BDD267C00FCFD39 /* ServerTask+FormURLEncoding.swift in Sources */,
				B5D6A4A52BDD267C00FCFD39 /* DeviceType.swift in Sources */,
				B5D6A4952BDD267C00FCFD39 /* ServerTask+Run.swift in Sources */,
				B5D6A46F2BDD267C00FCFD39 /* SimpleServer.swift in Sources */,
				B5D6A4772BDD267C00FCFD39 /* ServerTask+Archiving.swift in Sources */,
				B5D6A4872BDD267C00FCFD39 /* ServerTask+MIME.swift in Sources */,
				B5D6A4652BDD267C00FCFD39 /* ConveyServer.swift in Sources */,
				B5D6A48F2BDD267C00FCFD39 /* ServerTask+RefreshableCachedTask.swift in Sources */,
				B5D6A44D2BDD267C00FCFD39 /* String.swift in Sources */,
				B5D6A4632BDD267C00FCFD39 /* ConveyServer.Remote.swift in Sources */,
				B5D6A4712BDD267C00FCFD39 /* DownloadResponse.swift in Sources */,
				B5D6A4B52BDD267C00FCFD39 /* PingButton.swift in Sources */,
				B5D6A4A92BDD267C00FCFD39 /* HTTPError.swift in Sources */,
				B5D6A45B2BDD267C00FCFD39 /* URLResponse.swift in Sources */,
				B5D6A4B32BDD267C00FCFD39 /* DisplayedTaskResultView.swift in Sources */,
				B5D6A49D2BDD267C00FCFD39 /* TaskURLParameters.swift in Sources */,
				B5D6A4B92BDD267C00FCFD39 /* TaskManagerView.TaskResultsDetails.swift in Sources */,
				B5D6A43F2BDD267C00FCFD39 /* PlatformImage.swift in Sources */,
				B5D6A4572BDD267C00FCFD39 /* URLQueryItem.swift in Sources */,
				B5D6A4412BDD267C00FCFD39 /* Data+Gzip.swift in Sources */,
				B5D6A48D2BDD267C00FCFD39 /* ServerTask+Protocols.swift in Sources */,
				B5D6A43B2BDD267C00FCFD39 /* ImageCache+Task.swift in Sources */,
				B5D6A4452BDD267C00FCFD39 /* Error.swift in Sources */,
				B5D6A42F2BDD267C00FCFD39 /* DataCache.Provision.swift in Sources */,
				B5D6A4AF2BDD267C00FCFD39 /* ConsoleTaskResponseCache.swift in Sources */,
				B5D6A4852BDD267C00FCFD39 /* ServerTask+Logging.swift in Sources */,
			);
			runOnlyForDeploymentPostprocessing = 0;
		};
/* End PBXSourcesBuildPhase section */

/* Begin XCBuildConfiguration section */
		B52831E1272EA140001EC82E /* Debug */ = {
			isa = XCBuildConfiguration;
			buildSettings = {
				ASSETCATALOG_COMPILER_APPICON_NAME = AppIcon;
				ASSETCATALOG_COMPILER_GLOBAL_ACCENT_COLOR_NAME = AccentColor;
				CLANG_CXX_LANGUAGE_STANDARD = "gnu++17";
				CODE_SIGN_STYLE = Automatic;
				CURRENT_PROJECT_VERSION = 1;
				DEVELOPMENT_ASSET_PATHS = "\"ConveyTest_iOS/Preview Content\"";
				DEVELOPMENT_TEAM = YY6CWUX533;
				ENABLE_PREVIEWS = YES;
				GENERATE_INFOPLIST_FILE = YES;
				INFOPLIST_KEY_UIApplicationSceneManifest_Generation = YES;
				INFOPLIST_KEY_UIApplicationSupportsIndirectInputEvents = YES;
				INFOPLIST_KEY_UILaunchScreen_Generation = YES;
				INFOPLIST_KEY_UISupportedInterfaceOrientations_iPad = "UIInterfaceOrientationPortrait UIInterfaceOrientationPortraitUpsideDown UIInterfaceOrientationLandscapeLeft UIInterfaceOrientationLandscapeRight";
				INFOPLIST_KEY_UISupportedInterfaceOrientations_iPhone = "UIInterfaceOrientationPortrait UIInterfaceOrientationLandscapeLeft UIInterfaceOrientationLandscapeRight";
				IPHONEOS_DEPLOYMENT_TARGET = 15.0;
				LD_RUNPATH_SEARCH_PATHS = (
					"$(inherited)",
					"@executable_path/Frameworks",
				);
				MARKETING_VERSION = 1.0;
				PRODUCT_BUNDLE_IDENTIFIER = "com.standalone.ConveyTest-iOS";
				PRODUCT_NAME = "$(TARGET_NAME)";
				SDKROOT = iphoneos;
				SWIFT_EMIT_LOC_STRINGS = YES;
				SWIFT_VERSION = 5.0;
				TARGETED_DEVICE_FAMILY = "1,2";
			};
			name = Debug;
		};
		B52831E2272EA140001EC82E /* Release */ = {
			isa = XCBuildConfiguration;
			buildSettings = {
				ASSETCATALOG_COMPILER_APPICON_NAME = AppIcon;
				ASSETCATALOG_COMPILER_GLOBAL_ACCENT_COLOR_NAME = AccentColor;
				CLANG_CXX_LANGUAGE_STANDARD = "gnu++17";
				CODE_SIGN_STYLE = Automatic;
				CURRENT_PROJECT_VERSION = 1;
				DEVELOPMENT_ASSET_PATHS = "\"ConveyTest_iOS/Preview Content\"";
				DEVELOPMENT_TEAM = YY6CWUX533;
				ENABLE_PREVIEWS = YES;
				GENERATE_INFOPLIST_FILE = YES;
				INFOPLIST_KEY_UIApplicationSceneManifest_Generation = YES;
				INFOPLIST_KEY_UIApplicationSupportsIndirectInputEvents = YES;
				INFOPLIST_KEY_UILaunchScreen_Generation = YES;
				INFOPLIST_KEY_UISupportedInterfaceOrientations_iPad = "UIInterfaceOrientationPortrait UIInterfaceOrientationPortraitUpsideDown UIInterfaceOrientationLandscapeLeft UIInterfaceOrientationLandscapeRight";
				INFOPLIST_KEY_UISupportedInterfaceOrientations_iPhone = "UIInterfaceOrientationPortrait UIInterfaceOrientationLandscapeLeft UIInterfaceOrientationLandscapeRight";
				IPHONEOS_DEPLOYMENT_TARGET = 15.0;
				LD_RUNPATH_SEARCH_PATHS = (
					"$(inherited)",
					"@executable_path/Frameworks",
				);
				MARKETING_VERSION = 1.0;
				PRODUCT_BUNDLE_IDENTIFIER = "com.standalone.ConveyTest-iOS";
				PRODUCT_NAME = "$(TARGET_NAME)";
				SDKROOT = iphoneos;
				SWIFT_EMIT_LOC_STRINGS = YES;
				SWIFT_VERSION = 5.0;
				TARGETED_DEVICE_FAMILY = "1,2";
				VALIDATE_PRODUCT = YES;
			};
			name = Release;
		};
		B54CAB8D26ECB76400781A3A /* Debug */ = {
			isa = XCBuildConfiguration;
			buildSettings = {
				ALWAYS_SEARCH_USER_PATHS = NO;
				CLANG_ANALYZER_NONNULL = YES;
				CLANG_ANALYZER_NUMBER_OBJECT_CONVERSION = YES_AGGRESSIVE;
				CLANG_CXX_LANGUAGE_STANDARD = "gnu++14";
				CLANG_CXX_LIBRARY = "libc++";
				CLANG_ENABLE_MODULES = YES;
				CLANG_ENABLE_OBJC_ARC = YES;
				CLANG_ENABLE_OBJC_WEAK = YES;
				CLANG_WARN_BLOCK_CAPTURE_AUTORELEASING = YES;
				CLANG_WARN_BOOL_CONVERSION = YES;
				CLANG_WARN_COMMA = YES;
				CLANG_WARN_CONSTANT_CONVERSION = YES;
				CLANG_WARN_DEPRECATED_OBJC_IMPLEMENTATIONS = YES;
				CLANG_WARN_DIRECT_OBJC_ISA_USAGE = YES_ERROR;
				CLANG_WARN_DOCUMENTATION_COMMENTS = YES;
				CLANG_WARN_EMPTY_BODY = YES;
				CLANG_WARN_ENUM_CONVERSION = YES;
				CLANG_WARN_INFINITE_RECURSION = YES;
				CLANG_WARN_INT_CONVERSION = YES;
				CLANG_WARN_NON_LITERAL_NULL_CONVERSION = YES;
				CLANG_WARN_OBJC_IMPLICIT_RETAIN_SELF = YES;
				CLANG_WARN_OBJC_LITERAL_CONVERSION = YES;
				CLANG_WARN_OBJC_ROOT_CLASS = YES_ERROR;
				CLANG_WARN_QUOTED_INCLUDE_IN_FRAMEWORK_HEADER = YES;
				CLANG_WARN_RANGE_LOOP_ANALYSIS = YES;
				CLANG_WARN_STRICT_PROTOTYPES = YES;
				CLANG_WARN_SUSPICIOUS_MOVE = YES;
				CLANG_WARN_UNGUARDED_AVAILABILITY = YES_AGGRESSIVE;
				CLANG_WARN_UNREACHABLE_CODE = YES;
				CLANG_WARN__DUPLICATE_METHOD_MATCH = YES;
				COPY_PHASE_STRIP = NO;
				DEAD_CODE_STRIPPING = YES;
				DEBUG_INFORMATION_FORMAT = dwarf;
				ENABLE_STRICT_OBJC_MSGSEND = YES;
				ENABLE_TESTABILITY = YES;
				ENABLE_USER_SCRIPT_SANDBOXING = YES;
				GCC_C_LANGUAGE_STANDARD = gnu11;
				GCC_DYNAMIC_NO_PIC = NO;
				GCC_NO_COMMON_BLOCKS = YES;
				GCC_OPTIMIZATION_LEVEL = 0;
				GCC_PREPROCESSOR_DEFINITIONS = (
					"DEBUG=1",
					"$(inherited)",
				);
				GCC_WARN_64_TO_32_BIT_CONVERSION = YES;
				GCC_WARN_ABOUT_RETURN_TYPE = YES_ERROR;
				GCC_WARN_UNDECLARED_SELECTOR = YES;
				GCC_WARN_UNINITIALIZED_AUTOS = YES_AGGRESSIVE;
				GCC_WARN_UNUSED_FUNCTION = YES;
				GCC_WARN_UNUSED_VARIABLE = YES;
				IPHONEOS_DEPLOYMENT_TARGET = 14.7;
				MACOSX_DEPLOYMENT_TARGET = 11.3;
				MTL_ENABLE_DEBUG_INFO = INCLUDE_SOURCE;
				MTL_FAST_MATH = YES;
				ONLY_ACTIVE_ARCH = YES;
				SDKROOT = macosx;
				SWIFT_ACTIVE_COMPILATION_CONDITIONS = DEBUG;
				SWIFT_OPTIMIZATION_LEVEL = "-Onone";
				SWIFT_STRICT_CONCURRENCY = complete;
			};
			name = Debug;
		};
		B54CAB8E26ECB76400781A3A /* Release */ = {
			isa = XCBuildConfiguration;
			buildSettings = {
				ALWAYS_SEARCH_USER_PATHS = NO;
				CLANG_ANALYZER_NONNULL = YES;
				CLANG_ANALYZER_NUMBER_OBJECT_CONVERSION = YES_AGGRESSIVE;
				CLANG_CXX_LANGUAGE_STANDARD = "gnu++14";
				CLANG_CXX_LIBRARY = "libc++";
				CLANG_ENABLE_MODULES = YES;
				CLANG_ENABLE_OBJC_ARC = YES;
				CLANG_ENABLE_OBJC_WEAK = YES;
				CLANG_WARN_BLOCK_CAPTURE_AUTORELEASING = YES;
				CLANG_WARN_BOOL_CONVERSION = YES;
				CLANG_WARN_COMMA = YES;
				CLANG_WARN_CONSTANT_CONVERSION = YES;
				CLANG_WARN_DEPRECATED_OBJC_IMPLEMENTATIONS = YES;
				CLANG_WARN_DIRECT_OBJC_ISA_USAGE = YES_ERROR;
				CLANG_WARN_DOCUMENTATION_COMMENTS = YES;
				CLANG_WARN_EMPTY_BODY = YES;
				CLANG_WARN_ENUM_CONVERSION = YES;
				CLANG_WARN_INFINITE_RECURSION = YES;
				CLANG_WARN_INT_CONVERSION = YES;
				CLANG_WARN_NON_LITERAL_NULL_CONVERSION = YES;
				CLANG_WARN_OBJC_IMPLICIT_RETAIN_SELF = YES;
				CLANG_WARN_OBJC_LITERAL_CONVERSION = YES;
				CLANG_WARN_OBJC_ROOT_CLASS = YES_ERROR;
				CLANG_WARN_QUOTED_INCLUDE_IN_FRAMEWORK_HEADER = YES;
				CLANG_WARN_RANGE_LOOP_ANALYSIS = YES;
				CLANG_WARN_STRICT_PROTOTYPES = YES;
				CLANG_WARN_SUSPICIOUS_MOVE = YES;
				CLANG_WARN_UNGUARDED_AVAILABILITY = YES_AGGRESSIVE;
				CLANG_WARN_UNREACHABLE_CODE = YES;
				CLANG_WARN__DUPLICATE_METHOD_MATCH = YES;
				COPY_PHASE_STRIP = NO;
				DEAD_CODE_STRIPPING = YES;
				DEBUG_INFORMATION_FORMAT = "dwarf-with-dsym";
				ENABLE_NS_ASSERTIONS = NO;
				ENABLE_STRICT_OBJC_MSGSEND = YES;
				ENABLE_USER_SCRIPT_SANDBOXING = YES;
				GCC_C_LANGUAGE_STANDARD = gnu11;
				GCC_NO_COMMON_BLOCKS = YES;
				GCC_WARN_64_TO_32_BIT_CONVERSION = YES;
				GCC_WARN_ABOUT_RETURN_TYPE = YES_ERROR;
				GCC_WARN_UNDECLARED_SELECTOR = YES;
				GCC_WARN_UNINITIALIZED_AUTOS = YES_AGGRESSIVE;
				GCC_WARN_UNUSED_FUNCTION = YES;
				GCC_WARN_UNUSED_VARIABLE = YES;
				IPHONEOS_DEPLOYMENT_TARGET = 14.7;
				MACOSX_DEPLOYMENT_TARGET = 11.3;
				MTL_ENABLE_DEBUG_INFO = NO;
				MTL_FAST_MATH = YES;
				SDKROOT = macosx;
				SWIFT_COMPILATION_MODE = wholemodule;
				SWIFT_OPTIMIZATION_LEVEL = "-O";
				SWIFT_STRICT_CONCURRENCY = complete;
			};
			name = Release;
		};
		B54CAB9026ECB76400781A3A /* Debug */ = {
			isa = XCBuildConfiguration;
			buildSettings = {
				ASSETCATALOG_COMPILER_APPICON_NAME = AppIcon;
				ASSETCATALOG_COMPILER_GLOBAL_ACCENT_COLOR_NAME = AccentColor;
				CODE_SIGN_ENTITLEMENTS = ConveyTest/ConveyTest.entitlements;
				CODE_SIGN_IDENTITY = "-";
				CODE_SIGN_STYLE = Automatic;
				COMBINE_HIDPI_IMAGES = YES;
				DEAD_CODE_STRIPPING = YES;
				DEVELOPMENT_ASSET_PATHS = "\"ConveyTest/Preview Content\"";
				DEVELOPMENT_TEAM = YY6CWUX533;
				ENABLE_HARDENED_RUNTIME = YES;
				ENABLE_PREVIEWS = YES;
				INFOPLIST_FILE = ConveyTest/Info.plist;
				LD_RUNPATH_SEARCH_PATHS = (
					"$(inherited)",
					"@executable_path/../Frameworks",
				);
				MACOSX_DEPLOYMENT_TARGET = 12;
				PRODUCT_BUNDLE_IDENTIFIER = com.standalone.ConveyTest;
				PRODUCT_NAME = "$(TARGET_NAME)";
				SWIFT_VERSION = 5.0;
			};
			name = Debug;
		};
		B54CAB9126ECB76400781A3A /* Release */ = {
			isa = XCBuildConfiguration;
			buildSettings = {
				ASSETCATALOG_COMPILER_APPICON_NAME = AppIcon;
				ASSETCATALOG_COMPILER_GLOBAL_ACCENT_COLOR_NAME = AccentColor;
				CODE_SIGN_ENTITLEMENTS = ConveyTest/ConveyTest.entitlements;
				CODE_SIGN_IDENTITY = "-";
				CODE_SIGN_STYLE = Automatic;
				COMBINE_HIDPI_IMAGES = YES;
				DEAD_CODE_STRIPPING = YES;
				DEVELOPMENT_ASSET_PATHS = "\"ConveyTest/Preview Content\"";
				DEVELOPMENT_TEAM = YY6CWUX533;
				ENABLE_HARDENED_RUNTIME = YES;
				ENABLE_PREVIEWS = YES;
				INFOPLIST_FILE = ConveyTest/Info.plist;
				LD_RUNPATH_SEARCH_PATHS = (
					"$(inherited)",
					"@executable_path/../Frameworks",
				);
				MACOSX_DEPLOYMENT_TARGET = 12;
				PRODUCT_BUNDLE_IDENTIFIER = com.standalone.ConveyTest;
				PRODUCT_NAME = "$(TARGET_NAME)";
				SWIFT_VERSION = 5.0;
			};
			name = Release;
		};
/* End XCBuildConfiguration section */

/* Begin XCConfigurationList section */
		B52831E3272EA140001EC82E /* Build configuration list for PBXNativeTarget "ConveyTest_iOS" */ = {
			isa = XCConfigurationList;
			buildConfigurations = (
				B52831E1272EA140001EC82E /* Debug */,
				B52831E2272EA140001EC82E /* Release */,
			);
			defaultConfigurationIsVisible = 0;
			defaultConfigurationName = Release;
		};
		B54CAB7A26ECB76400781A3A /* Build configuration list for PBXProject "ConveyTest" */ = {
			isa = XCConfigurationList;
			buildConfigurations = (
				B54CAB8D26ECB76400781A3A /* Debug */,
				B54CAB8E26ECB76400781A3A /* Release */,
			);
			defaultConfigurationIsVisible = 0;
			defaultConfigurationName = Release;
		};
		B54CAB8F26ECB76400781A3A /* Build configuration list for PBXNativeTarget "ConveyTest" */ = {
			isa = XCConfigurationList;
			buildConfigurations = (
				B54CAB9026ECB76400781A3A /* Debug */,
				B54CAB9126ECB76400781A3A /* Release */,
			);
			defaultConfigurationIsVisible = 0;
			defaultConfigurationName = Release;
		};
/* End XCConfigurationList section */

/* Begin XCRemoteSwiftPackageReference section */
		B54CAB9226ECB99F00781A3A /* XCRemoteSwiftPackageReference "Suite" */ = {
			isa = XCRemoteSwiftPackageReference;
			repositoryURL = "https://github.com/bengottlieb/Suite.git";
			requirement = {
				kind = upToNextMajorVersion;
				minimumVersion = 1.0.115;
			};
		};
/* End XCRemoteSwiftPackageReference section */

/* Begin XCSwiftPackageProductDependency section */
		B52D94FF283A3F81002E7945 /* Suite */ = {
			isa = XCSwiftPackageProductDependency;
			package = B54CAB9226ECB99F00781A3A /* XCRemoteSwiftPackageReference "Suite" */;
			productName = Suite;
		};
		B54CAB9326ECB99F00781A3A /* Suite */ = {
			isa = XCSwiftPackageProductDependency;
			package = B54CAB9226ECB99F00781A3A /* XCRemoteSwiftPackageReference "Suite" */;
			productName = Suite;
		};
/* End XCSwiftPackageProductDependency section */
	};
	rootObject = B54CAB7726ECB76400781A3A /* Project object */;
}
