// !$*UTF8*$!
{
	archiveVersion = 1;
	classes = {
	};
	objectVersion = 54;
	objects = {

/* Begin PBXBuildFile section */
		B52831D9272EA13F001EC82E /* ConveyTest_iOSApp.swift in Sources */ = {isa = PBXBuildFile; fileRef = B52831D8272EA13F001EC82E /* ConveyTest_iOSApp.swift */; };
		B52831DB272EA13F001EC82E /* ContentView.swift in Sources */ = {isa = PBXBuildFile; fileRef = B52831DA272EA13F001EC82E /* ContentView.swift */; };
		B52831DD272EA140001EC82E /* Assets.xcassets in Resources */ = {isa = PBXBuildFile; fileRef = B52831DC272EA140001EC82E /* Assets.xcassets */; };
		B52831E0272EA140001EC82E /* Preview Assets.xcassets in Resources */ = {isa = PBXBuildFile; fileRef = B52831DF272EA140001EC82E /* Preview Assets.xcassets */; };
		B52D9500283A3F81002E7945 /* Suite in Frameworks */ = {isa = PBXBuildFile; productRef = B52D94FF283A3F81002E7945 /* Suite */; };
		B52D9505283A408E002E7945 /* HTTPBin.swift in Sources */ = {isa = PBXBuildFile; fileRef = B52D9504283A408E002E7945 /* HTTPBin.swift */; };
		B54CAB8326ECB76400781A3A /* ConveyTestApp.swift in Sources */ = {isa = PBXBuildFile; fileRef = B54CAB8226ECB76400781A3A /* ConveyTestApp.swift */; };
		B54CAB8526ECB76400781A3A /* ContentView.swift in Sources */ = {isa = PBXBuildFile; fileRef = B54CAB8426ECB76400781A3A /* ContentView.swift */; };
		B54CAB8726ECB76400781A3A /* Assets.xcassets in Resources */ = {isa = PBXBuildFile; fileRef = B54CAB8626ECB76400781A3A /* Assets.xcassets */; };
		B54CAB8A26ECB76400781A3A /* Preview Assets.xcassets in Resources */ = {isa = PBXBuildFile; fileRef = B54CAB8926ECB76400781A3A /* Preview Assets.xcassets */; };
		B54CAB9426ECB99F00781A3A /* Suite in Frameworks */ = {isa = PBXBuildFile; productRef = B54CAB9326ECB99F00781A3A /* Suite */; };
		B54E099E2CF1EF2000D78EE2 /* ConveyServer.Remote.swift in Sources */ = {isa = PBXBuildFile; fileRef = B54E095F2CF1EF2000D78EE2 /* ConveyServer.Remote.swift */; };
		B54E099F2CF1EF2000D78EE2 /* TaskReporterView.TaskResultsListView.swift in Sources */ = {isa = PBXBuildFile; fileRef = B54E09992CF1EF2000D78EE2 /* TaskReporterView.TaskResultsListView.swift */; };
		B54E09A02CF1EF2000D78EE2 /* ConveyConsoleView.swift in Sources */ = {isa = PBXBuildFile; fileRef = B54E09932CF1EF2000D78EE2 /* ConveyConsoleView.swift */; };
		B54E09A12CF1EF2000D78EE2 /* ServerTask+Background.swift in Sources */ = {isa = PBXBuildFile; fileRef = B54E096F2CF1EF2000D78EE2 /* ServerTask+Background.swift */; };
		B54E09A22CF1EF2000D78EE2 /* ServerTaskContainer.swift in Sources */ = {isa = PBXBuildFile; fileRef = B54E099C2CF1EF2000D78EE2 /* ServerTaskContainer.swift */; };
		B54E09A32CF1EF2000D78EE2 /* ServerTask+Preloaded.swift in Sources */ = {isa = PBXBuildFile; fileRef = B54E097A2CF1EF2000D78EE2 /* ServerTask+Preloaded.swift */; };
		B54E09A42CF1EF2000D78EE2 /* CachedURLImageView.swift in Sources */ = {isa = PBXBuildFile; fileRef = B54E09902CF1EF2000D78EE2 /* CachedURLImageView.swift */; };
		B54E09A52CF1EF2000D78EE2 /* TaskReporterView.TaskResultsDetails.swift in Sources */ = {isa = PBXBuildFile; fileRef = B54E09982CF1EF2000D78EE2 /* TaskReporterView.TaskResultsDetails.swift */; };
		B54E09A62CF1EF2000D78EE2 /* ConveyServer+Accessors.swift in Sources */ = {isa = PBXBuildFile; fileRef = B54E09602CF1EF2000D78EE2 /* ConveyServer+Accessors.swift */; };
		B54E09A72CF1EF2000D78EE2 /* WrappedDownloads.swift in Sources */ = {isa = PBXBuildFile; fileRef = B54E09862CF1EF2000D78EE2 /* WrappedDownloads.swift */; };
		B54E09A82CF1EF2000D78EE2 /* ConveyHeaders.swift in Sources */ = {isa = PBXBuildFile; fileRef = B54E096A2CF1EF2000D78EE2 /* ConveyHeaders.swift */; };
		B54E09A92CF1EF2000D78EE2 /* TaskPath.swift in Sources */ = {isa = PBXBuildFile; fileRef = B54E09672CF1EF2000D78EE2 /* TaskPath.swift */; };
		B54E09AA2CF1EF2000D78EE2 /* DataCache+Kind.swift in Sources */ = {isa = PBXBuildFile; fileRef = B54E093C2CF1EF2000D78EE2 /* DataCache+Kind.swift */; };
		B54E09AB2CF1EF2000D78EE2 /* SimpleServer.swift in Sources */ = {isa = PBXBuildFile; fileRef = B54E09662CF1EF2000D78EE2 /* SimpleServer.swift */; };
		B54E09AC2CF1EF2000D78EE2 /* URL.swift in Sources */ = {isa = PBXBuildFile; fileRef = B54E09502CF1EF2000D78EE2 /* URL.swift */; };
		B54E09AD2CF1EF2000D78EE2 /* URLQueryItem.swift in Sources */ = {isa = PBXBuildFile; fileRef = B54E09542CF1EF2000D78EE2 /* URLQueryItem.swift */; };
		B54E09AE2CF1EF2000D78EE2 /* TaskRedirect.swift in Sources */ = {isa = PBXBuildFile; fileRef = B54E09832CF1EF2000D78EE2 /* TaskRedirect.swift */; };
		B54E09AF2CF1EF2000D78EE2 /* PlatformImage.swift in Sources */ = {isa = PBXBuildFile; fileRef = B54E09432CF1EF2000D78EE2 /* PlatformImage.swift */; };
		B54E09B02CF1EF2000D78EE2 /* ImageCache+Task.swift in Sources */ = {isa = PBXBuildFile; fileRef = B54E09412CF1EF2000D78EE2 /* ImageCache+Task.swift */; };
		B54E09B12CF1EF2000D78EE2 /* ConveyServer.Configuration.swift in Sources */ = {isa = PBXBuildFile; fileRef = B54E095E2CF1EF2000D78EE2 /* ConveyServer.Configuration.swift */; };
		B54E09B22CF1EF2000D78EE2 /* ConveyTaskReporter.swift in Sources */ = {isa = PBXBuildFile; fileRef = B54E098A2CF1EF2000D78EE2 /* ConveyTaskReporter.swift */; };
		B54E09B32CF1EF2000D78EE2 /* ConveySession+ServerEvents.swift in Sources */ = {isa = PBXBuildFile; fileRef = B54E095A2CF1EF2000D78EE2 /* ConveySession+ServerEvents.swift */; };
		B54E09B42CF1EF2000D78EE2 /* HTTPCodableCookie.swift in Sources */ = {isa = PBXBuildFile; fileRef = B54E098D2CF1EF2000D78EE2 /* HTTPCodableCookie.swift */; };
		B54E09B52CF1EF2000D78EE2 /* ETagStore.swift in Sources */ = {isa = PBXBuildFile; fileRef = B54E093E2CF1EF2000D78EE2 /* ETagStore.swift */; };
		B54E09B62CF1EF2000D78EE2 /* ServerTask+Upload.swift in Sources */ = {isa = PBXBuildFile; fileRef = B54E09802CF1EF2000D78EE2 /* ServerTask+Upload.swift */; };
		B54E09B72CF1EF2000D78EE2 /* ServerTask+ServerEvents.swift in Sources */ = {isa = PBXBuildFile; fileRef = B54E097F2CF1EF2000D78EE2 /* ServerTask+ServerEvents.swift */; };
		B54E09B82CF1EF2000D78EE2 /* ServerTask+FileBacked.swift in Sources */ = {isa = PBXBuildFile; fileRef = B54E09752CF1EF2000D78EE2 /* ServerTask+FileBacked.swift */; };
		B54E09B92CF1EF2000D78EE2 /* TaskURLParameters.swift in Sources */ = {isa = PBXBuildFile; fileRef = B54E09842CF1EF2000D78EE2 /* TaskURLParameters.swift */; };
		B54E09BA2CF1EF2000D78EE2 /* HTTPError.swift in Sources */ = {isa = PBXBuildFile; fileRef = B54E098E2CF1EF2000D78EE2 /* HTTPError.swift */; };
		B54E09BB2CF1EF2000D78EE2 /* ConveyServer+Actions.swift in Sources */ = {isa = PBXBuildFile; fileRef = B54E09612CF1EF2000D78EE2 /* ConveyServer+Actions.swift */; };
		B54E09BC2CF1EF2000D78EE2 /* HTTPURLResponse.swift in Sources */ = {isa = PBXBuildFile; fileRef = B54E094A2CF1EF2000D78EE2 /* HTTPURLResponse.swift */; };
		B54E09BD2CF1EF2000D78EE2 /* ServerTask+Download.swift in Sources */ = {isa = PBXBuildFile; fileRef = B54E09712CF1EF2000D78EE2 /* ServerTask+Download.swift */; };
		B54E09BE2CF1EF2000D78EE2 /* ConveySession.swift in Sources */ = {isa = PBXBuildFile; fileRef = B54E09582CF1EF2000D78EE2 /* ConveySession.swift */; };
		B54E09BF2CF1EF2000D78EE2 /* CommandLine.swift in Sources */ = {isa = PBXBuildFile; fileRef = B54E09882CF1EF2000D78EE2 /* CommandLine.swift */; };
		B54E09C02CF1EF2000D78EE2 /* ConveyTaskReporter.LoggedTaskInfo.swift in Sources */ = {isa = PBXBuildFile; fileRef = B54E098B2CF1EF2000D78EE2 /* ConveyTaskReporter.LoggedTaskInfo.swift */; };
		B54E09C12CF1EF2000D78EE2 /* String.swift in Sources */ = {isa = PBXBuildFile; fileRef = B54E094F2CF1EF2000D78EE2 /* String.swift */; };
		B54E09C22CF1EF2000D78EE2 /* ServerConveyable.swift in Sources */ = {isa = PBXBuildFile; fileRef = B54E099B2CF1EF2000D78EE2 /* ServerConveyable.swift */; };
		B54E09C32CF1EF2000D78EE2 /* ServerTask+ping.swift in Sources */ = {isa = PBXBuildFile; fileRef = B54E09792CF1EF2000D78EE2 /* ServerTask+ping.swift */; };
		B54E09C42CF1EF2000D78EE2 /* ServerTask+Request.swift in Sources */ = {isa = PBXBuildFile; fileRef = B54E097D2CF1EF2000D78EE2 /* ServerTask+Request.swift */; };
		B54E09C52CF1EF2000D78EE2 /* ServerTask+Echoing.swift in Sources */ = {isa = PBXBuildFile; fileRef = B54E09722CF1EF2000D78EE2 /* ServerTask+Echoing.swift */; };
		B54E09C62CF1EF2000D78EE2 /* ConveyServer+Session.swift in Sources */ = {isa = PBXBuildFile; fileRef = B54E09622CF1EF2000D78EE2 /* ConveyServer+Session.swift */; };
		B54E09C72CF1EF2000D78EE2 /* SimpleTasks.swift in Sources */ = {isa = PBXBuildFile; fileRef = B54E09812CF1EF2000D78EE2 /* SimpleTasks.swift */; };
		B54E09C82CF1EF2000D78EE2 /* TaskPath.TaskRecording.swift in Sources */ = {isa = PBXBuildFile; fileRef = B54E09682CF1EF2000D78EE2 /* TaskPath.TaskRecording.swift */; };
		B54E09C92CF1EF2000D78EE2 /* TaskRecording.swift in Sources */ = {isa = PBXBuildFile; fileRef = B54E09822CF1EF2000D78EE2 /* TaskRecording.swift */; };
		B54E09CA2CF1EF2000D78EE2 /* ImageCache.swift in Sources */ = {isa = PBXBuildFile; fileRef = B54E09402CF1EF2000D78EE2 /* ImageCache.swift */; };
		B54E09CB2CF1EF2000D78EE2 /* DataCache+Task.swift in Sources */ = {isa = PBXBuildFile; fileRef = B54E093D2CF1EF2000D78EE2 /* DataCache+Task.swift */; };
		B54E09CC2CF1EF2000D78EE2 /* Error.swift in Sources */ = {isa = PBXBuildFile; fileRef = B54E09482CF1EF2000D78EE2 /* Error.swift */; };
		B54E09CD2CF1EF2000D78EE2 /* Int.swift in Sources */ = {isa = PBXBuildFile; fileRef = B54E094C2CF1EF2000D78EE2 /* Int.swift */; };
		B54E09CE2CF1EF2000D78EE2 /* ConsoleTaskConfigurationSheet.swift in Sources */ = {isa = PBXBuildFile; fileRef = B54E09912CF1EF2000D78EE2 /* ConsoleTaskConfigurationSheet.swift */; };
		B54E09CF2CF1EF2000D78EE2 /* URLResponse.swift in Sources */ = {isa = PBXBuildFile; fileRef = B54E09562CF1EF2000D78EE2 /* URLResponse.swift */; };
		B54E09D02CF1EF2000D78EE2 /* TaskReporter.swift in Sources */ = {isa = PBXBuildFile; fileRef = B54E09972CF1EF2000D78EE2 /* TaskReporter.swift */; };
		B54E09D12CF1EF2000D78EE2 /* DownloadResult.swift in Sources */ = {isa = PBXBuildFile; fileRef = B54E096B2CF1EF2000D78EE2 /* DownloadResult.swift */; };
		B54E09D22CF1EF2000D78EE2 /* ImageSizing.swift in Sources */ = {isa = PBXBuildFile; fileRef = B54E09422CF1EF2000D78EE2 /* ImageSizing.swift */; };
		B54E09D32CF1EF2000D78EE2 /* TaskPathScreen.swift in Sources */ = {isa = PBXBuildFile; fileRef = B54E09962CF1EF2000D78EE2 /* TaskPathScreen.swift */; };
		B54E09D42CF1EF2000D78EE2 /* Notification.swift in Sources */ = {isa = PBXBuildFile; fileRef = B54E094E2CF1EF2000D78EE2 /* Notification.swift */; };
		B54E09D52CF1EF2000D78EE2 /* ResumableTask.swift in Sources */ = {isa = PBXBuildFile; fileRef = B54E096C2CF1EF2000D78EE2 /* ResumableTask.swift */; };
		B54E09D62CF1EF2000D78EE2 /* ServerTask+Protocols.swift in Sources */ = {isa = PBXBuildFile; fileRef = B54E097B2CF1EF2000D78EE2 /* ServerTask+Protocols.swift */; };
		B54E09D72CF1EF2000D78EE2 /* ServerTask+File.swift in Sources */ = {isa = PBXBuildFile; fileRef = B54E09742CF1EF2000D78EE2 /* ServerTask+File.swift */; };
		B54E09D82CF1EF2000D78EE2 /* ServerTask+Logging.swift in Sources */ = {isa = PBXBuildFile; fileRef = B54E09772CF1EF2000D78EE2 /* ServerTask+Logging.swift */; };
		B54E09D92CF1EF2000D78EE2 /* ConveyServerError.swift in Sources */ = {isa = PBXBuildFile; fileRef = B54E09652CF1EF2000D78EE2 /* ConveyServerError.swift */; };
		B54E09DA2CF1EF2000D78EE2 /* ServerTask+Console.swift in Sources */ = {isa = PBXBuildFile; fileRef = B54E09702CF1EF2000D78EE2 /* ServerTask+Console.swift */; };
		B54E09DB2CF1EF2000D78EE2 /* Bundle.swift in Sources */ = {isa = PBXBuildFile; fileRef = B54E09472CF1EF2000D78EE2 /* Bundle.swift */; };
		B54E09DC2CF1EF2000D78EE2 /* ConveyServer.swift in Sources */ = {isa = PBXBuildFile; fileRef = B54E095D2CF1EF2000D78EE2 /* ConveyServer.swift */; };
		B54E09DD2CF1EF2000D78EE2 /* ConveyServerConstants.swift in Sources */ = {isa = PBXBuildFile; fileRef = B54E09642CF1EF2000D78EE2 /* ConveyServerConstants.swift */; };
		B54E09DE2CF1EF2000D78EE2 /* ServerTask+RefreshableCachedTask.swift in Sources */ = {isa = PBXBuildFile; fileRef = B54E097C2CF1EF2000D78EE2 /* ServerTask+RefreshableCachedTask.swift */; };
		B54E09DF2CF1EF2000D78EE2 /* FileManager.swift in Sources */ = {isa = PBXBuildFile; fileRef = B54E09492CF1EF2000D78EE2 /* FileManager.swift */; };
		B54E09E02CF1EF2000D78EE2 /* URL+ContentType.swift in Sources */ = {isa = PBXBuildFile; fileRef = B54E09512CF1EF2000D78EE2 /* URL+ContentType.swift */; };
		B54E09E12CF1EF2000D78EE2 /* FileWatcher.swift in Sources */ = {isa = PBXBuildFile; fileRef = B54E093F2CF1EF2000D78EE2 /* FileWatcher.swift */; };
		B54E09E22CF1EF2000D78EE2 /* DeviceType.swift in Sources */ = {isa = PBXBuildFile; fileRef = B54E098C2CF1EF2000D78EE2 /* DeviceType.swift */; };
		B54E09E32CF1EF2000D78EE2 /* ServerTask+SendRequest.swift in Sources */ = {isa = PBXBuildFile; fileRef = B54E097E2CF1EF2000D78EE2 /* ServerTask+SendRequest.swift */; };
		B54E09E42CF1EF2000D78EE2 /* ConsoleTaskResponseCache.swift in Sources */ = {isa = PBXBuildFile; fileRef = B54E09922CF1EF2000D78EE2 /* ConsoleTaskResponseCache.swift */; };
		B54E09E52CF1EF2000D78EE2 /* Image.swift in Sources */ = {isa = PBXBuildFile; fileRef = B54E094B2CF1EF2000D78EE2 /* Image.swift */; };
		B54E09E62CF1EF2000D78EE2 /* ServerTask+Extension.swift in Sources */ = {isa = PBXBuildFile; fileRef = B54E09732CF1EF2000D78EE2 /* ServerTask+Extension.swift */; };
		B54E09E72CF1EF2000D78EE2 /* ActiveSessions.swift in Sources */ = {isa = PBXBuildFile; fileRef = B54E095C2CF1EF2000D78EE2 /* ActiveSessions.swift */; };
		B54E09E82CF1EF2000D78EE2 /* ConveyServer+Threading.swift in Sources */ = {isa = PBXBuildFile; fileRef = B54E09632CF1EF2000D78EE2 /* ConveyServer+Threading.swift */; };
		B54E09E92CF1EF2000D78EE2 /* URLRequest.swift in Sources */ = {isa = PBXBuildFile; fileRef = B54E09552CF1EF2000D78EE2 /* URLRequest.swift */; };
		B54E09EA2CF1EF2000D78EE2 /* ConveySession+Download.swift in Sources */ = {isa = PBXBuildFile; fileRef = B54E09592CF1EF2000D78EE2 /* ConveySession+Download.swift */; };
		B54E09EB2CF1EF2000D78EE2 /* TaskWrappers.swift in Sources */ = {isa = PBXBuildFile; fileRef = B54E09852CF1EF2000D78EE2 /* TaskWrappers.swift */; };
		B54E09EC2CF1EF2000D78EE2 /* Data+Gzip.swift in Sources */ = {isa = PBXBuildFile; fileRef = B54E09452CF1EF2000D78EE2 /* Data+Gzip.swift */; };
		B54E09ED2CF1EF2000D78EE2 /* DisplayedTaskResultView.swift in Sources */ = {isa = PBXBuildFile; fileRef = B54E09942CF1EF2000D78EE2 /* DisplayedTaskResultView.swift */; };
		B54E09EE2CF1EF2000D78EE2 /* PingButton.swift in Sources */ = {isa = PBXBuildFile; fileRef = B54E09952CF1EF2000D78EE2 /* PingButton.swift */; };
		B54E09EF2CF1EF2000D78EE2 /* MD5.swift in Sources */ = {isa = PBXBuildFile; fileRef = B54E094D2CF1EF2000D78EE2 /* MD5.swift */; };
		B54E09F02CF1EF2000D78EE2 /* DataCache.Provision.swift in Sources */ = {isa = PBXBuildFile; fileRef = B54E093B2CF1EF2000D78EE2 /* DataCache.Provision.swift */; };
		B54E09F12CF1EF2000D78EE2 /* ServerTask+Archiving.swift in Sources */ = {isa = PBXBuildFile; fileRef = B54E096E2CF1EF2000D78EE2 /* ServerTask+Archiving.swift */; };
		B54E09F22CF1EF2000D78EE2 /* ConveyNonIsolatedValue.swift in Sources */ = {isa = PBXBuildFile; fileRef = B54E09892CF1EF2000D78EE2 /* ConveyNonIsolatedValue.swift */; };
		B54E09F32CF1EF2000D78EE2 /* ServerTask+FormURLEncoding.swift in Sources */ = {isa = PBXBuildFile; fileRef = B54E09762CF1EF2000D78EE2 /* ServerTask+FormURLEncoding.swift */; };
		B54E09F42CF1EF2000D78EE2 /* ServerTask+MIME.swift in Sources */ = {isa = PBXBuildFile; fileRef = B54E09782CF1EF2000D78EE2 /* ServerTask+MIME.swift */; };
		B54E09F52CF1EF2000D78EE2 /* URLAuthenticationChallenge.swift in Sources */ = {isa = PBXBuildFile; fileRef = B54E09532CF1EF2000D78EE2 /* URLAuthenticationChallenge.swift */; };
		B54E09F62CF1EF2000D78EE2 /* URL+Images.swift in Sources */ = {isa = PBXBuildFile; fileRef = B54E09522CF1EF2000D78EE2 /* URL+Images.swift */; };
		B54E09F72CF1EF2000D78EE2 /* ServerTask.swift in Sources */ = {isa = PBXBuildFile; fileRef = B54E096D2CF1EF2000D78EE2 /* ServerTask.swift */; };
		B54E09F82CF1EF2000D78EE2 /* DataCache.swift in Sources */ = {isa = PBXBuildFile; fileRef = B54E093A2CF1EF2000D78EE2 /* DataCache.swift */; };
		B54E09F92CF1EF2000D78EE2 /* ConveyServer.Remote.swift in Sources */ = {isa = PBXBuildFile; fileRef = B54E095F2CF1EF2000D78EE2 /* ConveyServer.Remote.swift */; };
		B54E09FA2CF1EF2000D78EE2 /* TaskReporterView.TaskResultsListView.swift in Sources */ = {isa = PBXBuildFile; fileRef = B54E09992CF1EF2000D78EE2 /* TaskReporterView.TaskResultsListView.swift */; };
		B54E09FB2CF1EF2000D78EE2 /* ConveyConsoleView.swift in Sources */ = {isa = PBXBuildFile; fileRef = B54E09932CF1EF2000D78EE2 /* ConveyConsoleView.swift */; };
		B54E09FC2CF1EF2000D78EE2 /* ServerTask+Background.swift in Sources */ = {isa = PBXBuildFile; fileRef = B54E096F2CF1EF2000D78EE2 /* ServerTask+Background.swift */; };
		B54E09FD2CF1EF2000D78EE2 /* ServerTaskContainer.swift in Sources */ = {isa = PBXBuildFile; fileRef = B54E099C2CF1EF2000D78EE2 /* ServerTaskContainer.swift */; };
		B54E09FE2CF1EF2000D78EE2 /* ServerTask+Preloaded.swift in Sources */ = {isa = PBXBuildFile; fileRef = B54E097A2CF1EF2000D78EE2 /* ServerTask+Preloaded.swift */; };
		B54E09FF2CF1EF2000D78EE2 /* CachedURLImageView.swift in Sources */ = {isa = PBXBuildFile; fileRef = B54E09902CF1EF2000D78EE2 /* CachedURLImageView.swift */; };
		B54E0A002CF1EF2000D78EE2 /* TaskReporterView.TaskResultsDetails.swift in Sources */ = {isa = PBXBuildFile; fileRef = B54E09982CF1EF2000D78EE2 /* TaskReporterView.TaskResultsDetails.swift */; };
		B54E0A012CF1EF2000D78EE2 /* ConveyServer+Accessors.swift in Sources */ = {isa = PBXBuildFile; fileRef = B54E09602CF1EF2000D78EE2 /* ConveyServer+Accessors.swift */; };
		B54E0A022CF1EF2000D78EE2 /* WrappedDownloads.swift in Sources */ = {isa = PBXBuildFile; fileRef = B54E09862CF1EF2000D78EE2 /* WrappedDownloads.swift */; };
		B54E0A032CF1EF2000D78EE2 /* ConveyHeaders.swift in Sources */ = {isa = PBXBuildFile; fileRef = B54E096A2CF1EF2000D78EE2 /* ConveyHeaders.swift */; };
		B54E0A042CF1EF2000D78EE2 /* TaskPath.swift in Sources */ = {isa = PBXBuildFile; fileRef = B54E09672CF1EF2000D78EE2 /* TaskPath.swift */; };
		B54E0A052CF1EF2000D78EE2 /* DataCache+Kind.swift in Sources */ = {isa = PBXBuildFile; fileRef = B54E093C2CF1EF2000D78EE2 /* DataCache+Kind.swift */; };
		B54E0A062CF1EF2000D78EE2 /* SimpleServer.swift in Sources */ = {isa = PBXBuildFile; fileRef = B54E09662CF1EF2000D78EE2 /* SimpleServer.swift */; };
		B54E0A072CF1EF2000D78EE2 /* URL.swift in Sources */ = {isa = PBXBuildFile; fileRef = B54E09502CF1EF2000D78EE2 /* URL.swift */; };
		B54E0A082CF1EF2000D78EE2 /* URLQueryItem.swift in Sources */ = {isa = PBXBuildFile; fileRef = B54E09542CF1EF2000D78EE2 /* URLQueryItem.swift */; };
		B54E0A092CF1EF2000D78EE2 /* TaskRedirect.swift in Sources */ = {isa = PBXBuildFile; fileRef = B54E09832CF1EF2000D78EE2 /* TaskRedirect.swift */; };
		B54E0A0A2CF1EF2000D78EE2 /* PlatformImage.swift in Sources */ = {isa = PBXBuildFile; fileRef = B54E09432CF1EF2000D78EE2 /* PlatformImage.swift */; };
		B54E0A0B2CF1EF2000D78EE2 /* ImageCache+Task.swift in Sources */ = {isa = PBXBuildFile; fileRef = B54E09412CF1EF2000D78EE2 /* ImageCache+Task.swift */; };
		B54E0A0C2CF1EF2000D78EE2 /* ConveyServer.Configuration.swift in Sources */ = {isa = PBXBuildFile; fileRef = B54E095E2CF1EF2000D78EE2 /* ConveyServer.Configuration.swift */; };
		B54E0A0D2CF1EF2000D78EE2 /* ConveyTaskReporter.swift in Sources */ = {isa = PBXBuildFile; fileRef = B54E098A2CF1EF2000D78EE2 /* ConveyTaskReporter.swift */; };
		B54E0A0E2CF1EF2000D78EE2 /* ConveySession+ServerEvents.swift in Sources */ = {isa = PBXBuildFile; fileRef = B54E095A2CF1EF2000D78EE2 /* ConveySession+ServerEvents.swift */; };
		B54E0A0F2CF1EF2000D78EE2 /* HTTPCodableCookie.swift in Sources */ = {isa = PBXBuildFile; fileRef = B54E098D2CF1EF2000D78EE2 /* HTTPCodableCookie.swift */; };
		B54E0A102CF1EF2000D78EE2 /* ETagStore.swift in Sources */ = {isa = PBXBuildFile; fileRef = B54E093E2CF1EF2000D78EE2 /* ETagStore.swift */; };
		B54E0A112CF1EF2000D78EE2 /* ServerTask+Upload.swift in Sources */ = {isa = PBXBuildFile; fileRef = B54E09802CF1EF2000D78EE2 /* ServerTask+Upload.swift */; };
		B54E0A122CF1EF2000D78EE2 /* ServerTask+ServerEvents.swift in Sources */ = {isa = PBXBuildFile; fileRef = B54E097F2CF1EF2000D78EE2 /* ServerTask+ServerEvents.swift */; };
		B54E0A132CF1EF2000D78EE2 /* ServerTask+FileBacked.swift in Sources */ = {isa = PBXBuildFile; fileRef = B54E09752CF1EF2000D78EE2 /* ServerTask+FileBacked.swift */; };
		B54E0A142CF1EF2000D78EE2 /* TaskURLParameters.swift in Sources */ = {isa = PBXBuildFile; fileRef = B54E09842CF1EF2000D78EE2 /* TaskURLParameters.swift */; };
		B54E0A152CF1EF2000D78EE2 /* HTTPError.swift in Sources */ = {isa = PBXBuildFile; fileRef = B54E098E2CF1EF2000D78EE2 /* HTTPError.swift */; };
		B54E0A162CF1EF2000D78EE2 /* ConveyServer+Actions.swift in Sources */ = {isa = PBXBuildFile; fileRef = B54E09612CF1EF2000D78EE2 /* ConveyServer+Actions.swift */; };
		B54E0A172CF1EF2000D78EE2 /* HTTPURLResponse.swift in Sources */ = {isa = PBXBuildFile; fileRef = B54E094A2CF1EF2000D78EE2 /* HTTPURLResponse.swift */; };
		B54E0A182CF1EF2000D78EE2 /* ServerTask+Download.swift in Sources */ = {isa = PBXBuildFile; fileRef = B54E09712CF1EF2000D78EE2 /* ServerTask+Download.swift */; };
		B54E0A192CF1EF2000D78EE2 /* ConveySession.swift in Sources */ = {isa = PBXBuildFile; fileRef = B54E09582CF1EF2000D78EE2 /* ConveySession.swift */; };
		B54E0A1A2CF1EF2000D78EE2 /* CommandLine.swift in Sources */ = {isa = PBXBuildFile; fileRef = B54E09882CF1EF2000D78EE2 /* CommandLine.swift */; };
		B54E0A1B2CF1EF2000D78EE2 /* ConveyTaskReporter.LoggedTaskInfo.swift in Sources */ = {isa = PBXBuildFile; fileRef = B54E098B2CF1EF2000D78EE2 /* ConveyTaskReporter.LoggedTaskInfo.swift */; };
		B54E0A1C2CF1EF2000D78EE2 /* String.swift in Sources */ = {isa = PBXBuildFile; fileRef = B54E094F2CF1EF2000D78EE2 /* String.swift */; };
		B54E0A1D2CF1EF2000D78EE2 /* ServerConveyable.swift in Sources */ = {isa = PBXBuildFile; fileRef = B54E099B2CF1EF2000D78EE2 /* ServerConveyable.swift */; };
		B54E0A1E2CF1EF2000D78EE2 /* ServerTask+ping.swift in Sources */ = {isa = PBXBuildFile; fileRef = B54E09792CF1EF2000D78EE2 /* ServerTask+ping.swift */; };
		B54E0A1F2CF1EF2000D78EE2 /* ServerTask+Request.swift in Sources */ = {isa = PBXBuildFile; fileRef = B54E097D2CF1EF2000D78EE2 /* ServerTask+Request.swift */; };
		B54E0A202CF1EF2000D78EE2 /* ServerTask+Echoing.swift in Sources */ = {isa = PBXBuildFile; fileRef = B54E09722CF1EF2000D78EE2 /* ServerTask+Echoing.swift */; };
		B54E0A212CF1EF2000D78EE2 /* ConveyServer+Session.swift in Sources */ = {isa = PBXBuildFile; fileRef = B54E09622CF1EF2000D78EE2 /* ConveyServer+Session.swift */; };
		B54E0A222CF1EF2000D78EE2 /* SimpleTasks.swift in Sources */ = {isa = PBXBuildFile; fileRef = B54E09812CF1EF2000D78EE2 /* SimpleTasks.swift */; };
		B54E0A232CF1EF2000D78EE2 /* TaskPath.TaskRecording.swift in Sources */ = {isa = PBXBuildFile; fileRef = B54E09682CF1EF2000D78EE2 /* TaskPath.TaskRecording.swift */; };
		B54E0A242CF1EF2000D78EE2 /* TaskRecording.swift in Sources */ = {isa = PBXBuildFile; fileRef = B54E09822CF1EF2000D78EE2 /* TaskRecording.swift */; };
		B54E0A252CF1EF2000D78EE2 /* ImageCache.swift in Sources */ = {isa = PBXBuildFile; fileRef = B54E09402CF1EF2000D78EE2 /* ImageCache.swift */; };
		B54E0A262CF1EF2000D78EE2 /* DataCache+Task.swift in Sources */ = {isa = PBXBuildFile; fileRef = B54E093D2CF1EF2000D78EE2 /* DataCache+Task.swift */; };
		B54E0A272CF1EF2000D78EE2 /* Error.swift in Sources */ = {isa = PBXBuildFile; fileRef = B54E09482CF1EF2000D78EE2 /* Error.swift */; };
		B54E0A282CF1EF2000D78EE2 /* Int.swift in Sources */ = {isa = PBXBuildFile; fileRef = B54E094C2CF1EF2000D78EE2 /* Int.swift */; };
		B54E0A292CF1EF2000D78EE2 /* ConsoleTaskConfigurationSheet.swift in Sources */ = {isa = PBXBuildFile; fileRef = B54E09912CF1EF2000D78EE2 /* ConsoleTaskConfigurationSheet.swift */; };
		B54E0A2A2CF1EF2000D78EE2 /* URLResponse.swift in Sources */ = {isa = PBXBuildFile; fileRef = B54E09562CF1EF2000D78EE2 /* URLResponse.swift */; };
		B54E0A2B2CF1EF2000D78EE2 /* TaskReporter.swift in Sources */ = {isa = PBXBuildFile; fileRef = B54E09972CF1EF2000D78EE2 /* TaskReporter.swift */; };
		B54E0A2C2CF1EF2000D78EE2 /* DownloadResult.swift in Sources */ = {isa = PBXBuildFile; fileRef = B54E096B2CF1EF2000D78EE2 /* DownloadResult.swift */; };
		B54E0A2D2CF1EF2000D78EE2 /* ImageSizing.swift in Sources */ = {isa = PBXBuildFile; fileRef = B54E09422CF1EF2000D78EE2 /* ImageSizing.swift */; };
		B54E0A2E2CF1EF2000D78EE2 /* TaskPathScreen.swift in Sources */ = {isa = PBXBuildFile; fileRef = B54E09962CF1EF2000D78EE2 /* TaskPathScreen.swift */; };
		B54E0A2F2CF1EF2000D78EE2 /* Notification.swift in Sources */ = {isa = PBXBuildFile; fileRef = B54E094E2CF1EF2000D78EE2 /* Notification.swift */; };
		B54E0A302CF1EF2000D78EE2 /* ResumableTask.swift in Sources */ = {isa = PBXBuildFile; fileRef = B54E096C2CF1EF2000D78EE2 /* ResumableTask.swift */; };
		B54E0A312CF1EF2000D78EE2 /* ServerTask+Protocols.swift in Sources */ = {isa = PBXBuildFile; fileRef = B54E097B2CF1EF2000D78EE2 /* ServerTask+Protocols.swift */; };
		B54E0A322CF1EF2000D78EE2 /* ServerTask+File.swift in Sources */ = {isa = PBXBuildFile; fileRef = B54E09742CF1EF2000D78EE2 /* ServerTask+File.swift */; };
		B54E0A332CF1EF2000D78EE2 /* ServerTask+Logging.swift in Sources */ = {isa = PBXBuildFile; fileRef = B54E09772CF1EF2000D78EE2 /* ServerTask+Logging.swift */; };
		B54E0A342CF1EF2000D78EE2 /* ConveyServerError.swift in Sources */ = {isa = PBXBuildFile; fileRef = B54E09652CF1EF2000D78EE2 /* ConveyServerError.swift */; };
		B54E0A352CF1EF2000D78EE2 /* ServerTask+Console.swift in Sources */ = {isa = PBXBuildFile; fileRef = B54E09702CF1EF2000D78EE2 /* ServerTask+Console.swift */; };
		B54E0A362CF1EF2000D78EE2 /* Bundle.swift in Sources */ = {isa = PBXBuildFile; fileRef = B54E09472CF1EF2000D78EE2 /* Bundle.swift */; };
		B54E0A372CF1EF2000D78EE2 /* ConveyServer.swift in Sources */ = {isa = PBXBuildFile; fileRef = B54E095D2CF1EF2000D78EE2 /* ConveyServer.swift */; };
		B54E0A382CF1EF2000D78EE2 /* ConveyServerConstants.swift in Sources */ = {isa = PBXBuildFile; fileRef = B54E09642CF1EF2000D78EE2 /* ConveyServerConstants.swift */; };
		B54E0A392CF1EF2000D78EE2 /* ServerTask+RefreshableCachedTask.swift in Sources */ = {isa = PBXBuildFile; fileRef = B54E097C2CF1EF2000D78EE2 /* ServerTask+RefreshableCachedTask.swift */; };
		B54E0A3A2CF1EF2000D78EE2 /* FileManager.swift in Sources */ = {isa = PBXBuildFile; fileRef = B54E09492CF1EF2000D78EE2 /* FileManager.swift */; };
		B54E0A3B2CF1EF2000D78EE2 /* URL+ContentType.swift in Sources */ = {isa = PBXBuildFile; fileRef = B54E09512CF1EF2000D78EE2 /* URL+ContentType.swift */; };
		B54E0A3C2CF1EF2000D78EE2 /* FileWatcher.swift in Sources */ = {isa = PBXBuildFile; fileRef = B54E093F2CF1EF2000D78EE2 /* FileWatcher.swift */; };
		B54E0A3D2CF1EF2000D78EE2 /* DeviceType.swift in Sources */ = {isa = PBXBuildFile; fileRef = B54E098C2CF1EF2000D78EE2 /* DeviceType.swift */; };
		B54E0A3E2CF1EF2000D78EE2 /* ServerTask+SendRequest.swift in Sources */ = {isa = PBXBuildFile; fileRef = B54E097E2CF1EF2000D78EE2 /* ServerTask+SendRequest.swift */; };
		B54E0A3F2CF1EF2000D78EE2 /* ConsoleTaskResponseCache.swift in Sources */ = {isa = PBXBuildFile; fileRef = B54E09922CF1EF2000D78EE2 /* ConsoleTaskResponseCache.swift */; };
		B54E0A402CF1EF2000D78EE2 /* Image.swift in Sources */ = {isa = PBXBuildFile; fileRef = B54E094B2CF1EF2000D78EE2 /* Image.swift */; };
		B54E0A412CF1EF2000D78EE2 /* ServerTask+Extension.swift in Sources */ = {isa = PBXBuildFile; fileRef = B54E09732CF1EF2000D78EE2 /* ServerTask+Extension.swift */; };
		B54E0A422CF1EF2000D78EE2 /* ActiveSessions.swift in Sources */ = {isa = PBXBuildFile; fileRef = B54E095C2CF1EF2000D78EE2 /* ActiveSessions.swift */; };
		B54E0A432CF1EF2000D78EE2 /* ConveyServer+Threading.swift in Sources */ = {isa = PBXBuildFile; fileRef = B54E09632CF1EF2000D78EE2 /* ConveyServer+Threading.swift */; };
		B54E0A442CF1EF2000D78EE2 /* URLRequest.swift in Sources */ = {isa = PBXBuildFile; fileRef = B54E09552CF1EF2000D78EE2 /* URLRequest.swift */; };
		B54E0A452CF1EF2000D78EE2 /* ConveySession+Download.swift in Sources */ = {isa = PBXBuildFile; fileRef = B54E09592CF1EF2000D78EE2 /* ConveySession+Download.swift */; };
		B54E0A462CF1EF2000D78EE2 /* TaskWrappers.swift in Sources */ = {isa = PBXBuildFile; fileRef = B54E09852CF1EF2000D78EE2 /* TaskWrappers.swift */; };
		B54E0A472CF1EF2000D78EE2 /* Data+Gzip.swift in Sources */ = {isa = PBXBuildFile; fileRef = B54E09452CF1EF2000D78EE2 /* Data+Gzip.swift */; };
		B54E0A482CF1EF2000D78EE2 /* DisplayedTaskResultView.swift in Sources */ = {isa = PBXBuildFile; fileRef = B54E09942CF1EF2000D78EE2 /* DisplayedTaskResultView.swift */; };
		B54E0A492CF1EF2000D78EE2 /* PingButton.swift in Sources */ = {isa = PBXBuildFile; fileRef = B54E09952CF1EF2000D78EE2 /* PingButton.swift */; };
		B54E0A4A2CF1EF2000D78EE2 /* MD5.swift in Sources */ = {isa = PBXBuildFile; fileRef = B54E094D2CF1EF2000D78EE2 /* MD5.swift */; };
		B54E0A4B2CF1EF2000D78EE2 /* DataCache.Provision.swift in Sources */ = {isa = PBXBuildFile; fileRef = B54E093B2CF1EF2000D78EE2 /* DataCache.Provision.swift */; };
		B54E0A4C2CF1EF2000D78EE2 /* ServerTask+Archiving.swift in Sources */ = {isa = PBXBuildFile; fileRef = B54E096E2CF1EF2000D78EE2 /* ServerTask+Archiving.swift */; };
		B54E0A4D2CF1EF2000D78EE2 /* ConveyNonIsolatedValue.swift in Sources */ = {isa = PBXBuildFile; fileRef = B54E09892CF1EF2000D78EE2 /* ConveyNonIsolatedValue.swift */; };
		B54E0A4E2CF1EF2000D78EE2 /* ServerTask+FormURLEncoding.swift in Sources */ = {isa = PBXBuildFile; fileRef = B54E09762CF1EF2000D78EE2 /* ServerTask+FormURLEncoding.swift */; };
		B54E0A4F2CF1EF2000D78EE2 /* ServerTask+MIME.swift in Sources */ = {isa = PBXBuildFile; fileRef = B54E09782CF1EF2000D78EE2 /* ServerTask+MIME.swift */; };
		B54E0A502CF1EF2000D78EE2 /* URLAuthenticationChallenge.swift in Sources */ = {isa = PBXBuildFile; fileRef = B54E09532CF1EF2000D78EE2 /* URLAuthenticationChallenge.swift */; };
		B54E0A512CF1EF2000D78EE2 /* URL+Images.swift in Sources */ = {isa = PBXBuildFile; fileRef = B54E09522CF1EF2000D78EE2 /* URL+Images.swift */; };
		B54E0A522CF1EF2000D78EE2 /* ServerTask.swift in Sources */ = {isa = PBXBuildFile; fileRef = B54E096D2CF1EF2000D78EE2 /* ServerTask.swift */; };
		B54E0A532CF1EF2000D78EE2 /* DataCache.swift in Sources */ = {isa = PBXBuildFile; fileRef = B54E093A2CF1EF2000D78EE2 /* DataCache.swift */; };
/* End PBXBuildFile section */

/* Begin PBXFileReference section */
		B52831D6272EA13F001EC82E /* ConveyTest_iOS.app */ = {isa = PBXFileReference; explicitFileType = wrapper.application; includeInIndex = 0; path = ConveyTest_iOS.app; sourceTree = BUILT_PRODUCTS_DIR; };
		B52831D8272EA13F001EC82E /* ConveyTest_iOSApp.swift */ = {isa = PBXFileReference; lastKnownFileType = sourcecode.swift; path = ConveyTest_iOSApp.swift; sourceTree = "<group>"; };
		B52831DA272EA13F001EC82E /* ContentView.swift */ = {isa = PBXFileReference; lastKnownFileType = sourcecode.swift; path = ContentView.swift; sourceTree = "<group>"; };
		B52831DC272EA140001EC82E /* Assets.xcassets */ = {isa = PBXFileReference; lastKnownFileType = folder.assetcatalog; path = Assets.xcassets; sourceTree = "<group>"; };
		B52831DF272EA140001EC82E /* Preview Assets.xcassets */ = {isa = PBXFileReference; lastKnownFileType = folder.assetcatalog; path = "Preview Assets.xcassets"; sourceTree = "<group>"; };
		B52D9504283A408E002E7945 /* HTTPBin.swift */ = {isa = PBXFileReference; lastKnownFileType = sourcecode.swift; path = HTTPBin.swift; sourceTree = "<group>"; };
		B533138726ECB7A2007C94BF /* Package.swift */ = {isa = PBXFileReference; lastKnownFileType = sourcecode.swift; path = Package.swift; sourceTree = "<group>"; };
		B54CAB7F26ECB76400781A3A /* ConveyTest.app */ = {isa = PBXFileReference; explicitFileType = wrapper.application; includeInIndex = 0; path = ConveyTest.app; sourceTree = BUILT_PRODUCTS_DIR; };
		B54CAB8226ECB76400781A3A /* ConveyTestApp.swift */ = {isa = PBXFileReference; lastKnownFileType = sourcecode.swift; path = ConveyTestApp.swift; sourceTree = "<group>"; };
		B54CAB8426ECB76400781A3A /* ContentView.swift */ = {isa = PBXFileReference; lastKnownFileType = sourcecode.swift; path = ContentView.swift; sourceTree = "<group>"; };
		B54CAB8626ECB76400781A3A /* Assets.xcassets */ = {isa = PBXFileReference; lastKnownFileType = folder.assetcatalog; path = Assets.xcassets; sourceTree = "<group>"; };
		B54CAB8926ECB76400781A3A /* Preview Assets.xcassets */ = {isa = PBXFileReference; lastKnownFileType = folder.assetcatalog; path = "Preview Assets.xcassets"; sourceTree = "<group>"; };
		B54CAB8B26ECB76400781A3A /* Info.plist */ = {isa = PBXFileReference; lastKnownFileType = text.plist.xml; path = Info.plist; sourceTree = "<group>"; };
		B54CAB8C26ECB76400781A3A /* ConveyTest.entitlements */ = {isa = PBXFileReference; lastKnownFileType = text.plist.entitlements; path = ConveyTest.entitlements; sourceTree = "<group>"; };
		B54E093A2CF1EF2000D78EE2 /* DataCache.swift */ = {isa = PBXFileReference; lastKnownFileType = sourcecode.swift; path = DataCache.swift; sourceTree = "<group>"; };
		B54E093B2CF1EF2000D78EE2 /* DataCache.Provision.swift */ = {isa = PBXFileReference; lastKnownFileType = sourcecode.swift; path = DataCache.Provision.swift; sourceTree = "<group>"; };
		B54E093C2CF1EF2000D78EE2 /* DataCache+Kind.swift */ = {isa = PBXFileReference; lastKnownFileType = sourcecode.swift; path = "DataCache+Kind.swift"; sourceTree = "<group>"; };
		B54E093D2CF1EF2000D78EE2 /* DataCache+Task.swift */ = {isa = PBXFileReference; lastKnownFileType = sourcecode.swift; path = "DataCache+Task.swift"; sourceTree = "<group>"; };
		B54E093E2CF1EF2000D78EE2 /* ETagStore.swift */ = {isa = PBXFileReference; lastKnownFileType = sourcecode.swift; path = ETagStore.swift; sourceTree = "<group>"; };
		B54E093F2CF1EF2000D78EE2 /* FileWatcher.swift */ = {isa = PBXFileReference; lastKnownFileType = sourcecode.swift; path = FileWatcher.swift; sourceTree = "<group>"; };
		B54E09402CF1EF2000D78EE2 /* ImageCache.swift */ = {isa = PBXFileReference; lastKnownFileType = sourcecode.swift; path = ImageCache.swift; sourceTree = "<group>"; };
		B54E09412CF1EF2000D78EE2 /* ImageCache+Task.swift */ = {isa = PBXFileReference; lastKnownFileType = sourcecode.swift; path = "ImageCache+Task.swift"; sourceTree = "<group>"; };
		B54E09422CF1EF2000D78EE2 /* ImageSizing.swift */ = {isa = PBXFileReference; lastKnownFileType = sourcecode.swift; path = ImageSizing.swift; sourceTree = "<group>"; };
		B54E09432CF1EF2000D78EE2 /* PlatformImage.swift */ = {isa = PBXFileReference; lastKnownFileType = sourcecode.swift; path = PlatformImage.swift; sourceTree = "<group>"; };
		B54E09452CF1EF2000D78EE2 /* Data+Gzip.swift */ = {isa = PBXFileReference; lastKnownFileType = sourcecode.swift; path = "Data+Gzip.swift"; sourceTree = "<group>"; };
		B54E09472CF1EF2000D78EE2 /* Bundle.swift */ = {isa = PBXFileReference; lastKnownFileType = sourcecode.swift; path = Bundle.swift; sourceTree = "<group>"; };
		B54E09482CF1EF2000D78EE2 /* Error.swift */ = {isa = PBXFileReference; lastKnownFileType = sourcecode.swift; path = Error.swift; sourceTree = "<group>"; };
		B54E09492CF1EF2000D78EE2 /* FileManager.swift */ = {isa = PBXFileReference; lastKnownFileType = sourcecode.swift; path = FileManager.swift; sourceTree = "<group>"; };
		B54E094A2CF1EF2000D78EE2 /* HTTPURLResponse.swift */ = {isa = PBXFileReference; lastKnownFileType = sourcecode.swift; path = HTTPURLResponse.swift; sourceTree = "<group>"; };
		B54E094B2CF1EF2000D78EE2 /* Image.swift */ = {isa = PBXFileReference; lastKnownFileType = sourcecode.swift; path = Image.swift; sourceTree = "<group>"; };
		B54E094C2CF1EF2000D78EE2 /* Int.swift */ = {isa = PBXFileReference; lastKnownFileType = sourcecode.swift; path = Int.swift; sourceTree = "<group>"; };
		B54E094D2CF1EF2000D78EE2 /* MD5.swift */ = {isa = PBXFileReference; lastKnownFileType = sourcecode.swift; path = MD5.swift; sourceTree = "<group>"; };
		B54E094E2CF1EF2000D78EE2 /* Notification.swift */ = {isa = PBXFileReference; lastKnownFileType = sourcecode.swift; path = Notification.swift; sourceTree = "<group>"; };
		B54E094F2CF1EF2000D78EE2 /* String.swift */ = {isa = PBXFileReference; lastKnownFileType = sourcecode.swift; path = String.swift; sourceTree = "<group>"; };
		B54E09502CF1EF2000D78EE2 /* URL.swift */ = {isa = PBXFileReference; lastKnownFileType = sourcecode.swift; path = URL.swift; sourceTree = "<group>"; };
		B54E09512CF1EF2000D78EE2 /* URL+ContentType.swift */ = {isa = PBXFileReference; lastKnownFileType = sourcecode.swift; path = "URL+ContentType.swift"; sourceTree = "<group>"; };
		B54E09522CF1EF2000D78EE2 /* URL+Images.swift */ = {isa = PBXFileReference; lastKnownFileType = sourcecode.swift; path = "URL+Images.swift"; sourceTree = "<group>"; };
		B54E09532CF1EF2000D78EE2 /* URLAuthenticationChallenge.swift */ = {isa = PBXFileReference; lastKnownFileType = sourcecode.swift; path = URLAuthenticationChallenge.swift; sourceTree = "<group>"; };
		B54E09542CF1EF2000D78EE2 /* URLQueryItem.swift */ = {isa = PBXFileReference; lastKnownFileType = sourcecode.swift; path = URLQueryItem.swift; sourceTree = "<group>"; };
		B54E09552CF1EF2000D78EE2 /* URLRequest.swift */ = {isa = PBXFileReference; lastKnownFileType = sourcecode.swift; path = URLRequest.swift; sourceTree = "<group>"; };
		B54E09562CF1EF2000D78EE2 /* URLResponse.swift */ = {isa = PBXFileReference; lastKnownFileType = sourcecode.swift; path = URLResponse.swift; sourceTree = "<group>"; };
		B54E09582CF1EF2000D78EE2 /* ConveySession.swift */ = {isa = PBXFileReference; lastKnownFileType = sourcecode.swift; path = ConveySession.swift; sourceTree = "<group>"; };
		B54E09592CF1EF2000D78EE2 /* ConveySession+Download.swift */ = {isa = PBXFileReference; lastKnownFileType = sourcecode.swift; path = "ConveySession+Download.swift"; sourceTree = "<group>"; };
		B54E095A2CF1EF2000D78EE2 /* ConveySession+ServerEvents.swift */ = {isa = PBXFileReference; lastKnownFileType = sourcecode.swift; path = "ConveySession+ServerEvents.swift"; sourceTree = "<group>"; };
		B54E095C2CF1EF2000D78EE2 /* ActiveSessions.swift */ = {isa = PBXFileReference; lastKnownFileType = sourcecode.swift; path = ActiveSessions.swift; sourceTree = "<group>"; };
		B54E095D2CF1EF2000D78EE2 /* ConveyServer.swift */ = {isa = PBXFileReference; lastKnownFileType = sourcecode.swift; path = ConveyServer.swift; sourceTree = "<group>"; };
		B54E095E2CF1EF2000D78EE2 /* ConveyServer.Configuration.swift */ = {isa = PBXFileReference; lastKnownFileType = sourcecode.swift; path = ConveyServer.Configuration.swift; sourceTree = "<group>"; };
		B54E095F2CF1EF2000D78EE2 /* ConveyServer.Remote.swift */ = {isa = PBXFileReference; lastKnownFileType = sourcecode.swift; path = ConveyServer.Remote.swift; sourceTree = "<group>"; };
		B54E09602CF1EF2000D78EE2 /* ConveyServer+Accessors.swift */ = {isa = PBXFileReference; lastKnownFileType = sourcecode.swift; path = "ConveyServer+Accessors.swift"; sourceTree = "<group>"; };
		B54E09612CF1EF2000D78EE2 /* ConveyServer+Actions.swift */ = {isa = PBXFileReference; lastKnownFileType = sourcecode.swift; path = "ConveyServer+Actions.swift"; sourceTree = "<group>"; };
		B54E09622CF1EF2000D78EE2 /* ConveyServer+Session.swift */ = {isa = PBXFileReference; lastKnownFileType = sourcecode.swift; path = "ConveyServer+Session.swift"; sourceTree = "<group>"; };
		B54E09632CF1EF2000D78EE2 /* ConveyServer+Threading.swift */ = {isa = PBXFileReference; lastKnownFileType = sourcecode.swift; path = "ConveyServer+Threading.swift"; sourceTree = "<group>"; };
		B54E09642CF1EF2000D78EE2 /* ConveyServerConstants.swift */ = {isa = PBXFileReference; lastKnownFileType = sourcecode.swift; path = ConveyServerConstants.swift; sourceTree = "<group>"; };
		B54E09652CF1EF2000D78EE2 /* ConveyServerError.swift */ = {isa = PBXFileReference; lastKnownFileType = sourcecode.swift; path = ConveyServerError.swift; sourceTree = "<group>"; };
		B54E09662CF1EF2000D78EE2 /* SimpleServer.swift */ = {isa = PBXFileReference; lastKnownFileType = sourcecode.swift; path = SimpleServer.swift; sourceTree = "<group>"; };
		B54E09672CF1EF2000D78EE2 /* TaskPath.swift */ = {isa = PBXFileReference; lastKnownFileType = sourcecode.swift; path = TaskPath.swift; sourceTree = "<group>"; };
		B54E09682CF1EF2000D78EE2 /* TaskPath.TaskRecording.swift */ = {isa = PBXFileReference; lastKnownFileType = sourcecode.swift; path = TaskPath.TaskRecording.swift; sourceTree = "<group>"; };
		B54E096A2CF1EF2000D78EE2 /* ConveyHeaders.swift */ = {isa = PBXFileReference; lastKnownFileType = sourcecode.swift; path = ConveyHeaders.swift; sourceTree = "<group>"; };
		B54E096B2CF1EF2000D78EE2 /* DownloadResult.swift */ = {isa = PBXFileReference; lastKnownFileType = sourcecode.swift; path = DownloadResult.swift; sourceTree = "<group>"; };
		B54E096C2CF1EF2000D78EE2 /* ResumableTask.swift */ = {isa = PBXFileReference; lastKnownFileType = sourcecode.swift; path = ResumableTask.swift; sourceTree = "<group>"; };
		B54E096D2CF1EF2000D78EE2 /* ServerTask.swift */ = {isa = PBXFileReference; lastKnownFileType = sourcecode.swift; path = ServerTask.swift; sourceTree = "<group>"; };
		B54E096E2CF1EF2000D78EE2 /* ServerTask+Archiving.swift */ = {isa = PBXFileReference; lastKnownFileType = sourcecode.swift; path = "ServerTask+Archiving.swift"; sourceTree = "<group>"; };
		B54E096F2CF1EF2000D78EE2 /* ServerTask+Background.swift */ = {isa = PBXFileReference; lastKnownFileType = sourcecode.swift; path = "ServerTask+Background.swift"; sourceTree = "<group>"; };
		B54E09702CF1EF2000D78EE2 /* ServerTask+Console.swift */ = {isa = PBXFileReference; lastKnownFileType = sourcecode.swift; path = "ServerTask+Console.swift"; sourceTree = "<group>"; };
		B54E09712CF1EF2000D78EE2 /* ServerTask+Download.swift */ = {isa = PBXFileReference; lastKnownFileType = sourcecode.swift; path = "ServerTask+Download.swift"; sourceTree = "<group>"; };
		B54E09722CF1EF2000D78EE2 /* ServerTask+Echoing.swift */ = {isa = PBXFileReference; lastKnownFileType = sourcecode.swift; path = "ServerTask+Echoing.swift"; sourceTree = "<group>"; };
		B54E09732CF1EF2000D78EE2 /* ServerTask+Extension.swift */ = {isa = PBXFileReference; lastKnownFileType = sourcecode.swift; path = "ServerTask+Extension.swift"; sourceTree = "<group>"; };
		B54E09742CF1EF2000D78EE2 /* ServerTask+File.swift */ = {isa = PBXFileReference; lastKnownFileType = sourcecode.swift; path = "ServerTask+File.swift"; sourceTree = "<group>"; };
		B54E09752CF1EF2000D78EE2 /* ServerTask+FileBacked.swift */ = {isa = PBXFileReference; lastKnownFileType = sourcecode.swift; path = "ServerTask+FileBacked.swift"; sourceTree = "<group>"; };
		B54E09762CF1EF2000D78EE2 /* ServerTask+FormURLEncoding.swift */ = {isa = PBXFileReference; lastKnownFileType = sourcecode.swift; path = "ServerTask+FormURLEncoding.swift"; sourceTree = "<group>"; };
		B54E09772CF1EF2000D78EE2 /* ServerTask+Logging.swift */ = {isa = PBXFileReference; lastKnownFileType = sourcecode.swift; path = "ServerTask+Logging.swift"; sourceTree = "<group>"; };
		B54E09782CF1EF2000D78EE2 /* ServerTask+MIME.swift */ = {isa = PBXFileReference; lastKnownFileType = sourcecode.swift; path = "ServerTask+MIME.swift"; sourceTree = "<group>"; };
		B54E09792CF1EF2000D78EE2 /* ServerTask+ping.swift */ = {isa = PBXFileReference; lastKnownFileType = sourcecode.swift; path = "ServerTask+ping.swift"; sourceTree = "<group>"; };
		B54E097A2CF1EF2000D78EE2 /* ServerTask+Preloaded.swift */ = {isa = PBXFileReference; lastKnownFileType = sourcecode.swift; path = "ServerTask+Preloaded.swift"; sourceTree = "<group>"; };
		B54E097B2CF1EF2000D78EE2 /* ServerTask+Protocols.swift */ = {isa = PBXFileReference; lastKnownFileType = sourcecode.swift; path = "ServerTask+Protocols.swift"; sourceTree = "<group>"; };
		B54E097C2CF1EF2000D78EE2 /* ServerTask+RefreshableCachedTask.swift */ = {isa = PBXFileReference; lastKnownFileType = sourcecode.swift; path = "ServerTask+RefreshableCachedTask.swift"; sourceTree = "<group>"; };
		B54E097D2CF1EF2000D78EE2 /* ServerTask+Request.swift */ = {isa = PBXFileReference; lastKnownFileType = sourcecode.swift; path = "ServerTask+Request.swift"; sourceTree = "<group>"; };
		B54E097E2CF1EF2000D78EE2 /* ServerTask+SendRequest.swift */ = {isa = PBXFileReference; lastKnownFileType = sourcecode.swift; path = "ServerTask+SendRequest.swift"; sourceTree = "<group>"; };
		B54E097F2CF1EF2000D78EE2 /* ServerTask+ServerEvents.swift */ = {isa = PBXFileReference; lastKnownFileType = sourcecode.swift; path = "ServerTask+ServerEvents.swift"; sourceTree = "<group>"; };
		B54E09802CF1EF2000D78EE2 /* ServerTask+Upload.swift */ = {isa = PBXFileReference; lastKnownFileType = sourcecode.swift; path = "ServerTask+Upload.swift"; sourceTree = "<group>"; };
		B54E09812CF1EF2000D78EE2 /* SimpleTasks.swift */ = {isa = PBXFileReference; lastKnownFileType = sourcecode.swift; path = SimpleTasks.swift; sourceTree = "<group>"; };
		B54E09822CF1EF2000D78EE2 /* TaskRecording.swift */ = {isa = PBXFileReference; lastKnownFileType = sourcecode.swift; path = TaskRecording.swift; sourceTree = "<group>"; };
		B54E09832CF1EF2000D78EE2 /* TaskRedirect.swift */ = {isa = PBXFileReference; lastKnownFileType = sourcecode.swift; path = TaskRedirect.swift; sourceTree = "<group>"; };
		B54E09842CF1EF2000D78EE2 /* TaskURLParameters.swift */ = {isa = PBXFileReference; lastKnownFileType = sourcecode.swift; path = TaskURLParameters.swift; sourceTree = "<group>"; };
		B54E09852CF1EF2000D78EE2 /* TaskWrappers.swift */ = {isa = PBXFileReference; lastKnownFileType = sourcecode.swift; path = TaskWrappers.swift; sourceTree = "<group>"; };
		B54E09862CF1EF2000D78EE2 /* WrappedDownloads.swift */ = {isa = PBXFileReference; lastKnownFileType = sourcecode.swift; path = WrappedDownloads.swift; sourceTree = "<group>"; };
		B54E09882CF1EF2000D78EE2 /* CommandLine.swift */ = {isa = PBXFileReference; lastKnownFileType = sourcecode.swift; path = CommandLine.swift; sourceTree = "<group>"; };
		B54E09892CF1EF2000D78EE2 /* ConveyNonIsolatedValue.swift */ = {isa = PBXFileReference; lastKnownFileType = sourcecode.swift; path = ConveyNonIsolatedValue.swift; sourceTree = "<group>"; };
		B54E098A2CF1EF2000D78EE2 /* ConveyTaskReporter.swift */ = {isa = PBXFileReference; lastKnownFileType = sourcecode.swift; path = ConveyTaskReporter.swift; sourceTree = "<group>"; };
		B54E098B2CF1EF2000D78EE2 /* ConveyTaskReporter.LoggedTaskInfo.swift */ = {isa = PBXFileReference; lastKnownFileType = sourcecode.swift; path = ConveyTaskReporter.LoggedTaskInfo.swift; sourceTree = "<group>"; };
		B54E098C2CF1EF2000D78EE2 /* DeviceType.swift */ = {isa = PBXFileReference; lastKnownFileType = sourcecode.swift; path = DeviceType.swift; sourceTree = "<group>"; };
		B54E098D2CF1EF2000D78EE2 /* HTTPCodableCookie.swift */ = {isa = PBXFileReference; lastKnownFileType = sourcecode.swift; path = HTTPCodableCookie.swift; sourceTree = "<group>"; };
		B54E098E2CF1EF2000D78EE2 /* HTTPError.swift */ = {isa = PBXFileReference; lastKnownFileType = sourcecode.swift; path = HTTPError.swift; sourceTree = "<group>"; };
		B54E09902CF1EF2000D78EE2 /* CachedURLImageView.swift */ = {isa = PBXFileReference; lastKnownFileType = sourcecode.swift; path = CachedURLImageView.swift; sourceTree = "<group>"; };
		B54E09912CF1EF2000D78EE2 /* ConsoleTaskConfigurationSheet.swift */ = {isa = PBXFileReference; lastKnownFileType = sourcecode.swift; path = ConsoleTaskConfigurationSheet.swift; sourceTree = "<group>"; };
		B54E09922CF1EF2000D78EE2 /* ConsoleTaskResponseCache.swift */ = {isa = PBXFileReference; lastKnownFileType = sourcecode.swift; path = ConsoleTaskResponseCache.swift; sourceTree = "<group>"; };
		B54E09932CF1EF2000D78EE2 /* ConveyConsoleView.swift */ = {isa = PBXFileReference; lastKnownFileType = sourcecode.swift; path = ConveyConsoleView.swift; sourceTree = "<group>"; };
		B54E09942CF1EF2000D78EE2 /* DisplayedTaskResultView.swift */ = {isa = PBXFileReference; lastKnownFileType = sourcecode.swift; path = DisplayedTaskResultView.swift; sourceTree = "<group>"; };
		B54E09952CF1EF2000D78EE2 /* PingButton.swift */ = {isa = PBXFileReference; lastKnownFileType = sourcecode.swift; path = PingButton.swift; sourceTree = "<group>"; };
		B54E09962CF1EF2000D78EE2 /* TaskPathScreen.swift */ = {isa = PBXFileReference; lastKnownFileType = sourcecode.swift; path = TaskPathScreen.swift; sourceTree = "<group>"; };
		B54E09972CF1EF2000D78EE2 /* TaskReporter.swift */ = {isa = PBXFileReference; lastKnownFileType = sourcecode.swift; path = TaskReporter.swift; sourceTree = "<group>"; };
		B54E09982CF1EF2000D78EE2 /* TaskReporterView.TaskResultsDetails.swift */ = {isa = PBXFileReference; lastKnownFileType = sourcecode.swift; path = TaskReporterView.TaskResultsDetails.swift; sourceTree = "<group>"; };
		B54E09992CF1EF2000D78EE2 /* TaskReporterView.TaskResultsListView.swift */ = {isa = PBXFileReference; lastKnownFileType = sourcecode.swift; path = TaskReporterView.TaskResultsListView.swift; sourceTree = "<group>"; };
		B54E099B2CF1EF2000D78EE2 /* ServerConveyable.swift */ = {isa = PBXFileReference; lastKnownFileType = sourcecode.swift; path = ServerConveyable.swift; sourceTree = "<group>"; };
		B54E099C2CF1EF2000D78EE2 /* ServerTaskContainer.swift */ = {isa = PBXFileReference; lastKnownFileType = sourcecode.swift; path = ServerTaskContainer.swift; sourceTree = "<group>"; };
		B565ACD52B9F696E00C471B5 /* Suite */ = {isa = PBXFileReference; lastKnownFileType = wrapper; name = Suite; path = ../Suite; sourceTree = "<group>"; };
/* End PBXFileReference section */

/* Begin PBXFrameworksBuildPhase section */
		B52831D3272EA13F001EC82E /* Frameworks */ = {
			isa = PBXFrameworksBuildPhase;
			buildActionMask = 2147483647;
			files = (
				B52D9500283A3F81002E7945 /* Suite in Frameworks */,
			);
			runOnlyForDeploymentPostprocessing = 0;
		};
		B54CAB7C26ECB76400781A3A /* Frameworks */ = {
			isa = PBXFrameworksBuildPhase;
			buildActionMask = 2147483647;
			files = (
				B54CAB9426ECB99F00781A3A /* Suite in Frameworks */,
			);
			runOnlyForDeploymentPostprocessing = 0;
		};
/* End PBXFrameworksBuildPhase section */

/* Begin PBXGroup section */
		B52831D7272EA13F001EC82E /* ConveyTest_iOS */ = {
			isa = PBXGroup;
			children = (
				B52831D8272EA13F001EC82E /* ConveyTest_iOSApp.swift */,
				B52831DA272EA13F001EC82E /* ContentView.swift */,
				B52D9504283A408E002E7945 /* HTTPBin.swift */,
				B52831DC272EA140001EC82E /* Assets.xcassets */,
				B52831DE272EA140001EC82E /* Preview Content */,
			);
			path = ConveyTest_iOS;
			sourceTree = "<group>";
		};
		B52831DE272EA140001EC82E /* Preview Content */ = {
			isa = PBXGroup;
			children = (
				B52831DF272EA140001EC82E /* Preview Assets.xcassets */,
			);
			path = "Preview Content";
			sourceTree = "<group>";
		};
		B52831ED272EA17F001EC82E /* Frameworks */ = {
			isa = PBXGroup;
			children = (
			);
			name = Frameworks;
			sourceTree = "<group>";
		};
		B54CAB7626ECB76400781A3A = {
			isa = PBXGroup;
			children = (
				B54E099D2CF1EF2000D78EE2 /* Convey */,
				B565ACD52B9F696E00C471B5 /* Suite */,
				B533138726ECB7A2007C94BF /* Package.swift */,
				B54CAB8126ECB76400781A3A /* ConveyTest */,
				B52831D7272EA13F001EC82E /* ConveyTest_iOS */,
				B54CAB8026ECB76400781A3A /* Products */,
				B52831ED272EA17F001EC82E /* Frameworks */,
			);
			indentWidth = 3;
			sourceTree = "<group>";
			tabWidth = 3;
		};
		B54CAB8026ECB76400781A3A /* Products */ = {
			isa = PBXGroup;
			children = (
				B54CAB7F26ECB76400781A3A /* ConveyTest.app */,
				B52831D6272EA13F001EC82E /* ConveyTest_iOS.app */,
			);
			name = Products;
			sourceTree = "<group>";
		};
		B54CAB8126ECB76400781A3A /* ConveyTest */ = {
			isa = PBXGroup;
			children = (
				B54CAB8226ECB76400781A3A /* ConveyTestApp.swift */,
				B54CAB8426ECB76400781A3A /* ContentView.swift */,
				B54CAB8626ECB76400781A3A /* Assets.xcassets */,
				B54CAB8B26ECB76400781A3A /* Info.plist */,
				B54CAB8C26ECB76400781A3A /* ConveyTest.entitlements */,
				B54CAB8826ECB76400781A3A /* Preview Content */,
			);
			path = ConveyTest;
			sourceTree = "<group>";
		};
		B54CAB8826ECB76400781A3A /* Preview Content */ = {
			isa = PBXGroup;
			children = (
				B54CAB8926ECB76400781A3A /* Preview Assets.xcassets */,
			);
			path = "Preview Content";
			sourceTree = "<group>";
		};
		B54E09442CF1EF2000D78EE2 /* Caching */ = {
			isa = PBXGroup;
			children = (
				B54E093A2CF1EF2000D78EE2 /* DataCache.swift */,
				B54E093B2CF1EF2000D78EE2 /* DataCache.Provision.swift */,
				B54E093C2CF1EF2000D78EE2 /* DataCache+Kind.swift */,
				B54E093D2CF1EF2000D78EE2 /* DataCache+Task.swift */,
				B54E093E2CF1EF2000D78EE2 /* ETagStore.swift */,
				B54E093F2CF1EF2000D78EE2 /* FileWatcher.swift */,
				B54E09402CF1EF2000D78EE2 /* ImageCache.swift */,
				B54E09412CF1EF2000D78EE2 /* ImageCache+Task.swift */,
				B54E09422CF1EF2000D78EE2 /* ImageSizing.swift */,
				B54E09432CF1EF2000D78EE2 /* PlatformImage.swift */,
			);
			path = Caching;
			sourceTree = "<group>";
		};
		B54E09462CF1EF2000D78EE2 /* Compression */ = {
			isa = PBXGroup;
			children = (
				B54E09452CF1EF2000D78EE2 /* Data+Gzip.swift */,
			);
			path = Compression;
			sourceTree = "<group>";
		};
		B54E09572CF1EF2000D78EE2 /* Extensions */ = {
			isa = PBXGroup;
			children = (
				B54E09472CF1EF2000D78EE2 /* Bundle.swift */,
				B54E09482CF1EF2000D78EE2 /* Error.swift */,
				B54E09492CF1EF2000D78EE2 /* FileManager.swift */,
				B54E094A2CF1EF2000D78EE2 /* HTTPURLResponse.swift */,
				B54E094B2CF1EF2000D78EE2 /* Image.swift */,
				B54E094C2CF1EF2000D78EE2 /* Int.swift */,
				B54E094D2CF1EF2000D78EE2 /* MD5.swift */,
				B54E094E2CF1EF2000D78EE2 /* Notification.swift */,
				B54E094F2CF1EF2000D78EE2 /* String.swift */,
				B54E09502CF1EF2000D78EE2 /* URL.swift */,
				B54E09512CF1EF2000D78EE2 /* URL+ContentType.swift */,
				B54E09522CF1EF2000D78EE2 /* URL+Images.swift */,
				B54E09532CF1EF2000D78EE2 /* URLAuthenticationChallenge.swift */,
				B54E09542CF1EF2000D78EE2 /* URLQueryItem.swift */,
				B54E09552CF1EF2000D78EE2 /* URLRequest.swift */,
				B54E09562CF1EF2000D78EE2 /* URLResponse.swift */,
			);
			path = Extensions;
			sourceTree = "<group>";
		};
		B54E095B2CF1EF2000D78EE2 /* ConveySession */ = {
			isa = PBXGroup;
			children = (
				B54E09582CF1EF2000D78EE2 /* ConveySession.swift */,
				B54E09592CF1EF2000D78EE2 /* ConveySession+Download.swift */,
				B54E095A2CF1EF2000D78EE2 /* ConveySession+ServerEvents.swift */,
			);
			path = ConveySession;
			sourceTree = "<group>";
		};
		B54E09692CF1EF2000D78EE2 /* Server */ = {
			isa = PBXGroup;
			children = (
				B54E095B2CF1EF2000D78EE2 /* ConveySession */,
				B54E095C2CF1EF2000D78EE2 /* ActiveSessions.swift */,
				B54E095D2CF1EF2000D78EE2 /* ConveyServer.swift */,
				B54E095E2CF1EF2000D78EE2 /* ConveyServer.Configuration.swift */,
				B54E095F2CF1EF2000D78EE2 /* ConveyServer.Remote.swift */,
				B54E09602CF1EF2000D78EE2 /* ConveyServer+Accessors.swift */,
				B54E09612CF1EF2000D78EE2 /* ConveyServer+Actions.swift */,
				B54E09622CF1EF2000D78EE2 /* ConveyServer+Session.swift */,
				B54E09632CF1EF2000D78EE2 /* ConveyServer+Threading.swift */,
				B54E09642CF1EF2000D78EE2 /* ConveyServerConstants.swift */,
				B54E09652CF1EF2000D78EE2 /* ConveyServerError.swift */,
				B54E09662CF1EF2000D78EE2 /* SimpleServer.swift */,
				B54E09672CF1EF2000D78EE2 /* TaskPath.swift */,
				B54E09682CF1EF2000D78EE2 /* TaskPath.TaskRecording.swift */,
			);
			path = Server;
			sourceTree = "<group>";
		};
		B54E09872CF1EF2000D78EE2 /* Tasks */ = {
			isa = PBXGroup;
			children = (
				B54E096A2CF1EF2000D78EE2 /* ConveyHeaders.swift */,
				B54E096B2CF1EF2000D78EE2 /* DownloadResult.swift */,
				B54E096C2CF1EF2000D78EE2 /* ResumableTask.swift */,
				B54E096D2CF1EF2000D78EE2 /* ServerTask.swift */,
				B54E096E2CF1EF2000D78EE2 /* ServerTask+Archiving.swift */,
				B54E096F2CF1EF2000D78EE2 /* ServerTask+Background.swift */,
				B54E09702CF1EF2000D78EE2 /* ServerTask+Console.swift */,
				B54E09712CF1EF2000D78EE2 /* ServerTask+Download.swift */,
				B54E09722CF1EF2000D78EE2 /* ServerTask+Echoing.swift */,
				B54E09732CF1EF2000D78EE2 /* ServerTask+Extension.swift */,
				B54E09742CF1EF2000D78EE2 /* ServerTask+File.swift */,
				B54E09752CF1EF2000D78EE2 /* ServerTask+FileBacked.swift */,
				B54E09762CF1EF2000D78EE2 /* ServerTask+FormURLEncoding.swift */,
				B54E09772CF1EF2000D78EE2 /* ServerTask+Logging.swift */,
				B54E09782CF1EF2000D78EE2 /* ServerTask+MIME.swift */,
				B54E09792CF1EF2000D78EE2 /* ServerTask+ping.swift */,
				B54E097A2CF1EF2000D78EE2 /* ServerTask+Preloaded.swift */,
				B54E097B2CF1EF2000D78EE2 /* ServerTask+Protocols.swift */,
				B54E097C2CF1EF2000D78EE2 /* ServerTask+RefreshableCachedTask.swift */,
				B54E097D2CF1EF2000D78EE2 /* ServerTask+Request.swift */,
				B54E097E2CF1EF2000D78EE2 /* ServerTask+SendRequest.swift */,
				B54E097F2CF1EF2000D78EE2 /* ServerTask+ServerEvents.swift */,
				B54E09802CF1EF2000D78EE2 /* ServerTask+Upload.swift */,
				B54E09812CF1EF2000D78EE2 /* SimpleTasks.swift */,
				B54E09822CF1EF2000D78EE2 /* TaskRecording.swift */,
				B54E09832CF1EF2000D78EE2 /* TaskRedirect.swift */,
				B54E09842CF1EF2000D78EE2 /* TaskURLParameters.swift */,
				B54E09852CF1EF2000D78EE2 /* TaskWrappers.swift */,
				B54E09862CF1EF2000D78EE2 /* WrappedDownloads.swift */,
			);
			path = Tasks;
			sourceTree = "<group>";
		};
		B54E098F2CF1EF2000D78EE2 /* Utilities */ = {
			isa = PBXGroup;
			children = (
				B54E09882CF1EF2000D78EE2 /* CommandLine.swift */,
				B54E09892CF1EF2000D78EE2 /* ConveyNonIsolatedValue.swift */,
				B54E098A2CF1EF2000D78EE2 /* ConveyTaskReporter.swift */,
				B54E098B2CF1EF2000D78EE2 /* ConveyTaskReporter.LoggedTaskInfo.swift */,
				B54E098C2CF1EF2000D78EE2 /* DeviceType.swift */,
				B54E098D2CF1EF2000D78EE2 /* HTTPCodableCookie.swift */,
				B54E098E2CF1EF2000D78EE2 /* HTTPError.swift */,
			);
			path = Utilities;
			sourceTree = "<group>";
		};
		B54E099A2CF1EF2000D78EE2 /* Views */ = {
			isa = PBXGroup;
			children = (
				B54E09902CF1EF2000D78EE2 /* CachedURLImageView.swift */,
				B54E09912CF1EF2000D78EE2 /* ConsoleTaskConfigurationSheet.swift */,
				B54E09922CF1EF2000D78EE2 /* ConsoleTaskResponseCache.swift */,
				B54E09932CF1EF2000D78EE2 /* ConveyConsoleView.swift */,
				B54E09942CF1EF2000D78EE2 /* DisplayedTaskResultView.swift */,
				B54E09952CF1EF2000D78EE2 /* PingButton.swift */,
				B54E09962CF1EF2000D78EE2 /* TaskPathScreen.swift */,
				B54E09972CF1EF2000D78EE2 /* TaskReporter.swift */,
				B54E09982CF1EF2000D78EE2 /* TaskReporterView.TaskResultsDetails.swift */,
				B54E09992CF1EF2000D78EE2 /* TaskReporterView.TaskResultsListView.swift */,
			);
			path = Views;
			sourceTree = "<group>";
		};
		B54E099D2CF1EF2000D78EE2 /* Convey */ = {
			isa = PBXGroup;
			children = (
				B54E09442CF1EF2000D78EE2 /* Caching */,
				B54E09462CF1EF2000D78EE2 /* Compression */,
				B54E09572CF1EF2000D78EE2 /* Extensions */,
				B54E09692CF1EF2000D78EE2 /* Server */,
				B54E09872CF1EF2000D78EE2 /* Tasks */,
				B54E098F2CF1EF2000D78EE2 /* Utilities */,
				B54E099A2CF1EF2000D78EE2 /* Views */,
				B54E099B2CF1EF2000D78EE2 /* ServerConveyable.swift */,
				B54E099C2CF1EF2000D78EE2 /* ServerTaskContainer.swift */,
			);
			name = Convey;
			path = Sources/Convey;
			sourceTree = "<group>";
		};
/* End PBXGroup section */

/* Begin PBXNativeTarget section */
		B52831D5272EA13F001EC82E /* ConveyTest_iOS */ = {
			isa = PBXNativeTarget;
			buildConfigurationList = B52831E3272EA140001EC82E /* Build configuration list for PBXNativeTarget "ConveyTest_iOS" */;
			buildPhases = (
				B52831D2272EA13F001EC82E /* Sources */,
				B52831D3272EA13F001EC82E /* Frameworks */,
				B52831D4272EA13F001EC82E /* Resources */,
			);
			buildRules = (
			);
			dependencies = (
			);
			name = ConveyTest_iOS;
			packageProductDependencies = (
				B52D94FF283A3F81002E7945 /* Suite */,
			);
			productName = ConveyTest_iOS;
			productReference = B52831D6272EA13F001EC82E /* ConveyTest_iOS.app */;
			productType = "com.apple.product-type.application";
		};
		B54CAB7E26ECB76400781A3A /* ConveyTest */ = {
			isa = PBXNativeTarget;
			buildConfigurationList = B54CAB8F26ECB76400781A3A /* Build configuration list for PBXNativeTarget "ConveyTest" */;
			buildPhases = (
				B54CAB7B26ECB76400781A3A /* Sources */,
				B54CAB7C26ECB76400781A3A /* Frameworks */,
				B54CAB7D26ECB76400781A3A /* Resources */,
			);
			buildRules = (
			);
			dependencies = (
			);
			name = ConveyTest;
			packageProductDependencies = (
				B54CAB9326ECB99F00781A3A /* Suite */,
			);
			productName = ConveyTest;
			productReference = B54CAB7F26ECB76400781A3A /* ConveyTest.app */;
			productType = "com.apple.product-type.application";
		};
/* End PBXNativeTarget section */

/* Begin PBXProject section */
		B54CAB7726ECB76400781A3A /* Project object */ = {
			isa = PBXProject;
			attributes = {
				BuildIndependentTargetsInParallel = YES;
				LastSwiftUpdateCheck = 1300;
				LastUpgradeCheck = 1610;
				TargetAttributes = {
					B52831D5272EA13F001EC82E = {
						CreatedOnToolsVersion = 13.0;
					};
					B54CAB7E26ECB76400781A3A = {
						CreatedOnToolsVersion = 12.5;
					};
				};
			};
			buildConfigurationList = B54CAB7A26ECB76400781A3A /* Build configuration list for PBXProject "ConveyTest" */;
			compatibilityVersion = "Xcode 9.3";
			developmentRegion = en;
			hasScannedForEncodings = 0;
			knownRegions = (
				en,
				Base,
			);
			mainGroup = B54CAB7626ECB76400781A3A;
			packageReferences = (
				B54CAB9226ECB99F00781A3A /* XCRemoteSwiftPackageReference "Suite" */,
			);
			productRefGroup = B54CAB8026ECB76400781A3A /* Products */;
			projectDirPath = "";
			projectRoot = "";
			targets = (
				B54CAB7E26ECB76400781A3A /* ConveyTest */,
				B52831D5272EA13F001EC82E /* ConveyTest_iOS */,
			);
		};
/* End PBXProject section */

/* Begin PBXResourcesBuildPhase section */
		B52831D4272EA13F001EC82E /* Resources */ = {
			isa = PBXResourcesBuildPhase;
			buildActionMask = 2147483647;
			files = (
				B52831E0272EA140001EC82E /* Preview Assets.xcassets in Resources */,
				B52831DD272EA140001EC82E /* Assets.xcassets in Resources */,
			);
			runOnlyForDeploymentPostprocessing = 0;
		};
		B54CAB7D26ECB76400781A3A /* Resources */ = {
			isa = PBXResourcesBuildPhase;
			buildActionMask = 2147483647;
			files = (
				B54CAB8A26ECB76400781A3A /* Preview Assets.xcassets in Resources */,
				B54CAB8726ECB76400781A3A /* Assets.xcassets in Resources */,
			);
			runOnlyForDeploymentPostprocessing = 0;
		};
/* End PBXResourcesBuildPhase section */

/* Begin PBXSourcesBuildPhase section */
		B52831D2272EA13F001EC82E /* Sources */ = {
			isa = PBXSourcesBuildPhase;
			buildActionMask = 2147483647;
			files = (
				B54E099E2CF1EF2000D78EE2 /* ConveyServer.Remote.swift in Sources */,
				B54E099F2CF1EF2000D78EE2 /* TaskReporterView.TaskResultsListView.swift in Sources */,
				B54E09A02CF1EF2000D78EE2 /* ConveyConsoleView.swift in Sources */,
				B54E09A12CF1EF2000D78EE2 /* ServerTask+Background.swift in Sources */,
				B54E09A22CF1EF2000D78EE2 /* ServerTaskContainer.swift in Sources */,
				B54E09A32CF1EF2000D78EE2 /* ServerTask+Preloaded.swift in Sources */,
				B54E09A42CF1EF2000D78EE2 /* CachedURLImageView.swift in Sources */,
				B54E09A52CF1EF2000D78EE2 /* TaskReporterView.TaskResultsDetails.swift in Sources */,
				B54E09A62CF1EF2000D78EE2 /* ConveyServer+Accessors.swift in Sources */,
				B54E09A72CF1EF2000D78EE2 /* WrappedDownloads.swift in Sources */,
				B54E09A82CF1EF2000D78EE2 /* ConveyHeaders.swift in Sources */,
				B54E09A92CF1EF2000D78EE2 /* TaskPath.swift in Sources */,
				B54E09AA2CF1EF2000D78EE2 /* DataCache+Kind.swift in Sources */,
				B54E09AB2CF1EF2000D78EE2 /* SimpleServer.swift in Sources */,
				B54E09AC2CF1EF2000D78EE2 /* URL.swift in Sources */,
				B54E09AD2CF1EF2000D78EE2 /* URLQueryItem.swift in Sources */,
				B54E09AE2CF1EF2000D78EE2 /* TaskRedirect.swift in Sources */,
				B54E09AF2CF1EF2000D78EE2 /* PlatformImage.swift in Sources */,
				B54E09B02CF1EF2000D78EE2 /* ImageCache+Task.swift in Sources */,
				B54E09B12CF1EF2000D78EE2 /* ConveyServer.Configuration.swift in Sources */,
				B54E09B22CF1EF2000D78EE2 /* ConveyTaskReporter.swift in Sources */,
				B54E09B32CF1EF2000D78EE2 /* ConveySession+ServerEvents.swift in Sources */,
				B54E09B42CF1EF2000D78EE2 /* HTTPCodableCookie.swift in Sources */,
				B54E09B52CF1EF2000D78EE2 /* ETagStore.swift in Sources */,
				B54E09B62CF1EF2000D78EE2 /* ServerTask+Upload.swift in Sources */,
				B54E09B72CF1EF2000D78EE2 /* ServerTask+ServerEvents.swift in Sources */,
				B54E09B82CF1EF2000D78EE2 /* ServerTask+FileBacked.swift in Sources */,
				B54E09B92CF1EF2000D78EE2 /* TaskURLParameters.swift in Sources */,
				B54E09BA2CF1EF2000D78EE2 /* HTTPError.swift in Sources */,
				B54E09BB2CF1EF2000D78EE2 /* ConveyServer+Actions.swift in Sources */,
				B54E09BC2CF1EF2000D78EE2 /* HTTPURLResponse.swift in Sources */,
				B54E09BD2CF1EF2000D78EE2 /* ServerTask+Download.swift in Sources */,
				B54E09BE2CF1EF2000D78EE2 /* ConveySession.swift in Sources */,
				B54E09BF2CF1EF2000D78EE2 /* CommandLine.swift in Sources */,
				B54E09C02CF1EF2000D78EE2 /* ConveyTaskReporter.LoggedTaskInfo.swift in Sources */,
				B54E09C12CF1EF2000D78EE2 /* String.swift in Sources */,
				B54E09C22CF1EF2000D78EE2 /* ServerConveyable.swift in Sources */,
				B54E09C32CF1EF2000D78EE2 /* ServerTask+ping.swift in Sources */,
				B54E09C42CF1EF2000D78EE2 /* ServerTask+Request.swift in Sources */,
				B54E09C52CF1EF2000D78EE2 /* ServerTask+Echoing.swift in Sources */,
				B54E09C62CF1EF2000D78EE2 /* ConveyServer+Session.swift in Sources */,
				B54E09C72CF1EF2000D78EE2 /* SimpleTasks.swift in Sources */,
				B54E09C82CF1EF2000D78EE2 /* TaskPath.TaskRecording.swift in Sources */,
				B54E09C92CF1EF2000D78EE2 /* TaskRecording.swift in Sources */,
				B54E09CA2CF1EF2000D78EE2 /* ImageCache.swift in Sources */,
				B54E09CB2CF1EF2000D78EE2 /* DataCache+Task.swift in Sources */,
				B54E09CC2CF1EF2000D78EE2 /* Error.swift in Sources */,
				B54E09CD2CF1EF2000D78EE2 /* Int.swift in Sources */,
				B54E09CE2CF1EF2000D78EE2 /* ConsoleTaskConfigurationSheet.swift in Sources */,
				B54E09CF2CF1EF2000D78EE2 /* URLResponse.swift in Sources */,
				B54E09D02CF1EF2000D78EE2 /* TaskReporter.swift in Sources */,
				B54E09D12CF1EF2000D78EE2 /* DownloadResult.swift in Sources */,
				B54E09D22CF1EF2000D78EE2 /* ImageSizing.swift in Sources */,
				B54E09D32CF1EF2000D78EE2 /* TaskPathScreen.swift in Sources */,
				B54E09D42CF1EF2000D78EE2 /* Notification.swift in Sources */,
				B54E09D52CF1EF2000D78EE2 /* ResumableTask.swift in Sources */,
				B54E09D62CF1EF2000D78EE2 /* ServerTask+Protocols.swift in Sources */,
				B54E09D72CF1EF2000D78EE2 /* ServerTask+File.swift in Sources */,
				B54E09D82CF1EF2000D78EE2 /* ServerTask+Logging.swift in Sources */,
				B54E09D92CF1EF2000D78EE2 /* ConveyServerError.swift in Sources */,
				B54E09DA2CF1EF2000D78EE2 /* ServerTask+Console.swift in Sources */,
				B54E09DB2CF1EF2000D78EE2 /* Bundle.swift in Sources */,
				B54E09DC2CF1EF2000D78EE2 /* ConveyServer.swift in Sources */,
				B54E09DD2CF1EF2000D78EE2 /* ConveyServerConstants.swift in Sources */,
				B54E09DE2CF1EF2000D78EE2 /* ServerTask+RefreshableCachedTask.swift in Sources */,
				B54E09DF2CF1EF2000D78EE2 /* FileManager.swift in Sources */,
				B54E09E02CF1EF2000D78EE2 /* URL+ContentType.swift in Sources */,
				B54E09E12CF1EF2000D78EE2 /* FileWatcher.swift in Sources */,
				B54E09E22CF1EF2000D78EE2 /* DeviceType.swift in Sources */,
				B54E09E32CF1EF2000D78EE2 /* ServerTask+SendRequest.swift in Sources */,
				B54E09E42CF1EF2000D78EE2 /* ConsoleTaskResponseCache.swift in Sources */,
				B54E09E52CF1EF2000D78EE2 /* Image.swift in Sources */,
				B54E09E62CF1EF2000D78EE2 /* ServerTask+Extension.swift in Sources */,
				B54E09E72CF1EF2000D78EE2 /* ActiveSessions.swift in Sources */,
				B54E09E82CF1EF2000D78EE2 /* ConveyServer+Threading.swift in Sources */,
				B54E09E92CF1EF2000D78EE2 /* URLRequest.swift in Sources */,
				B54E09EA2CF1EF2000D78EE2 /* ConveySession+Download.swift in Sources */,
				B54E09EB2CF1EF2000D78EE2 /* TaskWrappers.swift in Sources */,
				B54E09EC2CF1EF2000D78EE2 /* Data+Gzip.swift in Sources */,
				B54E09ED2CF1EF2000D78EE2 /* DisplayedTaskResultView.swift in Sources */,
				B54E09EE2CF1EF2000D78EE2 /* PingButton.swift in Sources */,
				B54E09EF2CF1EF2000D78EE2 /* MD5.swift in Sources */,
				B54E09F02CF1EF2000D78EE2 /* DataCache.Provision.swift in Sources */,
				B54E09F12CF1EF2000D78EE2 /* ServerTask+Archiving.swift in Sources */,
				B54E09F22CF1EF2000D78EE2 /* ConveyNonIsolatedValue.swift in Sources */,
				B54E09F32CF1EF2000D78EE2 /* ServerTask+FormURLEncoding.swift in Sources */,
				B54E09F42CF1EF2000D78EE2 /* ServerTask+MIME.swift in Sources */,
				B54E09F52CF1EF2000D78EE2 /* URLAuthenticationChallenge.swift in Sources */,
				B54E09F62CF1EF2000D78EE2 /* URL+Images.swift in Sources */,
				B54E09F72CF1EF2000D78EE2 /* ServerTask.swift in Sources */,
				B54E09F82CF1EF2000D78EE2 /* DataCache.swift in Sources */,
				B52D9505283A408E002E7945 /* HTTPBin.swift in Sources */,
				B52831DB272EA13F001EC82E /* ContentView.swift in Sources */,
				B52831D9272EA13F001EC82E /* ConveyTest_iOSApp.swift in Sources */,
			);
			runOnlyForDeploymentPostprocessing = 0;
		};
		B54CAB7B26ECB76400781A3A /* Sources */ = {
			isa = PBXSourcesBuildPhase;
			buildActionMask = 2147483647;
			files = (
				B54CAB8526ECB76400781A3A /* ContentView.swift in Sources */,
				B54CAB8326ECB76400781A3A /* ConveyTestApp.swift in Sources */,
				B54E09F92CF1EF2000D78EE2 /* ConveyServer.Remote.swift in Sources */,
				B54E09FA2CF1EF2000D78EE2 /* TaskReporterView.TaskResultsListView.swift in Sources */,
				B54E09FB2CF1EF2000D78EE2 /* ConveyConsoleView.swift in Sources */,
				B54E09FC2CF1EF2000D78EE2 /* ServerTask+Background.swift in Sources */,
				B54E09FD2CF1EF2000D78EE2 /* ServerTaskContainer.swift in Sources */,
				B54E09FE2CF1EF2000D78EE2 /* ServerTask+Preloaded.swift in Sources */,
				B54E09FF2CF1EF2000D78EE2 /* CachedURLImageView.swift in Sources */,
				B54E0A002CF1EF2000D78EE2 /* TaskReporterView.TaskResultsDetails.swift in Sources */,
				B54E0A012CF1EF2000D78EE2 /* ConveyServer+Accessors.swift in Sources */,
				B54E0A022CF1EF2000D78EE2 /* WrappedDownloads.swift in Sources */,
				B54E0A032CF1EF2000D78EE2 /* ConveyHeaders.swift in Sources */,
				B54E0A042CF1EF2000D78EE2 /* TaskPath.swift in Sources */,
				B54E0A052CF1EF2000D78EE2 /* DataCache+Kind.swift in Sources */,
				B54E0A062CF1EF2000D78EE2 /* SimpleServer.swift in Sources */,
				B54E0A072CF1EF2000D78EE2 /* URL.swift in Sources */,
				B54E0A082CF1EF2000D78EE2 /* URLQueryItem.swift in Sources */,
				B54E0A092CF1EF2000D78EE2 /* TaskRedirect.swift in Sources */,
				B54E0A0A2CF1EF2000D78EE2 /* PlatformImage.swift in Sources */,
				B54E0A0B2CF1EF2000D78EE2 /* ImageCache+Task.swift in Sources */,
				B54E0A0C2CF1EF2000D78EE2 /* ConveyServer.Configuration.swift in Sources */,
				B54E0A0D2CF1EF2000D78EE2 /* ConveyTaskReporter.swift in Sources */,
				B54E0A0E2CF1EF2000D78EE2 /* ConveySession+ServerEvents.swift in Sources */,
				B54E0A0F2CF1EF2000D78EE2 /* HTTPCodableCookie.swift in Sources */,
				B54E0A102CF1EF2000D78EE2 /* ETagStore.swift in Sources */,
				B54E0A112CF1EF2000D78EE2 /* ServerTask+Upload.swift in Sources */,
				B54E0A122CF1EF2000D78EE2 /* ServerTask+ServerEvents.swift in Sources */,
				B54E0A132CF1EF2000D78EE2 /* ServerTask+FileBacked.swift in Sources */,
				B54E0A142CF1EF2000D78EE2 /* TaskURLParameters.swift in Sources */,
				B54E0A152CF1EF2000D78EE2 /* HTTPError.swift in Sources */,
				B54E0A162CF1EF2000D78EE2 /* ConveyServer+Actions.swift in Sources */,
				B54E0A172CF1EF2000D78EE2 /* HTTPURLResponse.swift in Sources */,
				B54E0A182CF1EF2000D78EE2 /* ServerTask+Download.swift in Sources */,
				B54E0A192CF1EF2000D78EE2 /* ConveySession.swift in Sources */,
				B54E0A1A2CF1EF2000D78EE2 /* CommandLine.swift in Sources */,
				B54E0A1B2CF1EF2000D78EE2 /* ConveyTaskReporter.LoggedTaskInfo.swift in Sources */,
				B54E0A1C2CF1EF2000D78EE2 /* String.swift in Sources */,
				B54E0A1D2CF1EF2000D78EE2 /* ServerConveyable.swift in Sources */,
				B54E0A1E2CF1EF2000D78EE2 /* ServerTask+ping.swift in Sources */,
				B54E0A1F2CF1EF2000D78EE2 /* ServerTask+Request.swift in Sources */,
				B54E0A202CF1EF2000D78EE2 /* ServerTask+Echoing.swift in Sources */,
				B54E0A212CF1EF2000D78EE2 /* ConveyServer+Session.swift in Sources */,
				B54E0A222CF1EF2000D78EE2 /* SimpleTasks.swift in Sources */,
				B54E0A232CF1EF2000D78EE2 /* TaskPath.TaskRecording.swift in Sources */,
				B54E0A242CF1EF2000D78EE2 /* TaskRecording.swift in Sources */,
				B54E0A252CF1EF2000D78EE2 /* ImageCache.swift in Sources */,
				B54E0A262CF1EF2000D78EE2 /* DataCache+Task.swift in Sources */,
				B54E0A272CF1EF2000D78EE2 /* Error.swift in Sources */,
				B54E0A282CF1EF2000D78EE2 /* Int.swift in Sources */,
				B54E0A292CF1EF2000D78EE2 /* ConsoleTaskConfigurationSheet.swift in Sources */,
				B54E0A2A2CF1EF2000D78EE2 /* URLResponse.swift in Sources */,
				B54E0A2B2CF1EF2000D78EE2 /* TaskReporter.swift in Sources */,
				B54E0A2C2CF1EF2000D78EE2 /* DownloadResult.swift in Sources */,
				B54E0A2D2CF1EF2000D78EE2 /* ImageSizing.swift in Sources */,
				B54E0A2E2CF1EF2000D78EE2 /* TaskPathScreen.swift in Sources */,
				B54E0A2F2CF1EF2000D78EE2 /* Notification.swift in Sources */,
				B54E0A302CF1EF2000D78EE2 /* ResumableTask.swift in Sources */,
				B54E0A312CF1EF2000D78EE2 /* ServerTask+Protocols.swift in Sources */,
				B54E0A322CF1EF2000D78EE2 /* ServerTask+File.swift in Sources */,
				B54E0A332CF1EF2000D78EE2 /* ServerTask+Logging.swift in Sources */,
				B54E0A342CF1EF2000D78EE2 /* ConveyServerError.swift in Sources */,
				B54E0A352CF1EF2000D78EE2 /* ServerTask+Console.swift in Sources */,
				B54E0A362CF1EF2000D78EE2 /* Bundle.swift in Sources */,
				B54E0A372CF1EF2000D78EE2 /* ConveyServer.swift in Sources */,
				B54E0A382CF1EF2000D78EE2 /* ConveyServerConstants.swift in Sources */,
				B54E0A392CF1EF2000D78EE2 /* ServerTask+RefreshableCachedTask.swift in Sources */,
				B54E0A3A2CF1EF2000D78EE2 /* FileManager.swift in Sources */,
				B54E0A3B2CF1EF2000D78EE2 /* URL+ContentType.swift in Sources */,
				B54E0A3C2CF1EF2000D78EE2 /* FileWatcher.swift in Sources */,
				B54E0A3D2CF1EF2000D78EE2 /* DeviceType.swift in Sources */,
				B54E0A3E2CF1EF2000D78EE2 /* ServerTask+SendRequest.swift in Sources */,
				B54E0A3F2CF1EF2000D78EE2 /* ConsoleTaskResponseCache.swift in Sources */,
				B54E0A402CF1EF2000D78EE2 /* Image.swift in Sources */,
				B54E0A412CF1EF2000D78EE2 /* ServerTask+Extension.swift in Sources */,
				B54E0A422CF1EF2000D78EE2 /* ActiveSessions.swift in Sources */,
				B54E0A432CF1EF2000D78EE2 /* ConveyServer+Threading.swift in Sources */,
				B54E0A442CF1EF2000D78EE2 /* URLRequest.swift in Sources */,
				B54E0A452CF1EF2000D78EE2 /* ConveySession+Download.swift in Sources */,
				B54E0A462CF1EF2000D78EE2 /* TaskWrappers.swift in Sources */,
				B54E0A472CF1EF2000D78EE2 /* Data+Gzip.swift in Sources */,
				B54E0A482CF1EF2000D78EE2 /* DisplayedTaskResultView.swift in Sources */,
				B54E0A492CF1EF2000D78EE2 /* PingButton.swift in Sources */,
				B54E0A4A2CF1EF2000D78EE2 /* MD5.swift in Sources */,
				B54E0A4B2CF1EF2000D78EE2 /* DataCache.Provision.swift in Sources */,
				B54E0A4C2CF1EF2000D78EE2 /* ServerTask+Archiving.swift in Sources */,
				B54E0A4D2CF1EF2000D78EE2 /* ConveyNonIsolatedValue.swift in Sources */,
				B54E0A4E2CF1EF2000D78EE2 /* ServerTask+FormURLEncoding.swift in Sources */,
				B54E0A4F2CF1EF2000D78EE2 /* ServerTask+MIME.swift in Sources */,
				B54E0A502CF1EF2000D78EE2 /* URLAuthenticationChallenge.swift in Sources */,
				B54E0A512CF1EF2000D78EE2 /* URL+Images.swift in Sources */,
				B54E0A522CF1EF2000D78EE2 /* ServerTask.swift in Sources */,
				B54E0A532CF1EF2000D78EE2 /* DataCache.swift in Sources */,
			);
			runOnlyForDeploymentPostprocessing = 0;
		};
/* End PBXSourcesBuildPhase section */

/* Begin XCBuildConfiguration section */
		B52831E1272EA140001EC82E /* Debug */ = {
			isa = XCBuildConfiguration;
			buildSettings = {
				ASSETCATALOG_COMPILER_APPICON_NAME = AppIcon;
				ASSETCATALOG_COMPILER_GLOBAL_ACCENT_COLOR_NAME = AccentColor;
				CLANG_CXX_LANGUAGE_STANDARD = "gnu++17";
				CODE_SIGN_STYLE = Automatic;
				CURRENT_PROJECT_VERSION = 1;
				DEVELOPMENT_ASSET_PATHS = "\"ConveyTest_iOS/Preview Content\"";
				DEVELOPMENT_TEAM = YY6CWUX533;
				ENABLE_PREVIEWS = YES;
				GENERATE_INFOPLIST_FILE = YES;
				INFOPLIST_KEY_UIApplicationSceneManifest_Generation = YES;
				INFOPLIST_KEY_UIApplicationSupportsIndirectInputEvents = YES;
				INFOPLIST_KEY_UILaunchScreen_Generation = YES;
				INFOPLIST_KEY_UISupportedInterfaceOrientations_iPad = "UIInterfaceOrientationPortrait UIInterfaceOrientationPortraitUpsideDown UIInterfaceOrientationLandscapeLeft UIInterfaceOrientationLandscapeRight";
				INFOPLIST_KEY_UISupportedInterfaceOrientations_iPhone = "UIInterfaceOrientationPortrait UIInterfaceOrientationLandscapeLeft UIInterfaceOrientationLandscapeRight";
				IPHONEOS_DEPLOYMENT_TARGET = 15.0;
				LD_RUNPATH_SEARCH_PATHS = (
					"$(inherited)",
					"@executable_path/Frameworks",
				);
				MARKETING_VERSION = 1.0;
				PRODUCT_BUNDLE_IDENTIFIER = "com.standalone.ConveyTest-iOS";
				PRODUCT_NAME = "$(TARGET_NAME)";
				SDKROOT = iphoneos;
				SWIFT_EMIT_LOC_STRINGS = YES;
				TARGETED_DEVICE_FAMILY = "1,2";
			};
			name = Debug;
		};
		B52831E2272EA140001EC82E /* Release */ = {
			isa = XCBuildConfiguration;
			buildSettings = {
				ASSETCATALOG_COMPILER_APPICON_NAME = AppIcon;
				ASSETCATALOG_COMPILER_GLOBAL_ACCENT_COLOR_NAME = AccentColor;
				CLANG_CXX_LANGUAGE_STANDARD = "gnu++17";
				CODE_SIGN_STYLE = Automatic;
				CURRENT_PROJECT_VERSION = 1;
				DEVELOPMENT_ASSET_PATHS = "\"ConveyTest_iOS/Preview Content\"";
				DEVELOPMENT_TEAM = YY6CWUX533;
				ENABLE_PREVIEWS = YES;
				GENERATE_INFOPLIST_FILE = YES;
				INFOPLIST_KEY_UIApplicationSceneManifest_Generation = YES;
				INFOPLIST_KEY_UIApplicationSupportsIndirectInputEvents = YES;
				INFOPLIST_KEY_UILaunchScreen_Generation = YES;
				INFOPLIST_KEY_UISupportedInterfaceOrientations_iPad = "UIInterfaceOrientationPortrait UIInterfaceOrientationPortraitUpsideDown UIInterfaceOrientationLandscapeLeft UIInterfaceOrientationLandscapeRight";
				INFOPLIST_KEY_UISupportedInterfaceOrientations_iPhone = "UIInterfaceOrientationPortrait UIInterfaceOrientationLandscapeLeft UIInterfaceOrientationLandscapeRight";
				IPHONEOS_DEPLOYMENT_TARGET = 15.0;
				LD_RUNPATH_SEARCH_PATHS = (
					"$(inherited)",
					"@executable_path/Frameworks",
				);
				MARKETING_VERSION = 1.0;
				PRODUCT_BUNDLE_IDENTIFIER = "com.standalone.ConveyTest-iOS";
				PRODUCT_NAME = "$(TARGET_NAME)";
				SDKROOT = iphoneos;
				SWIFT_EMIT_LOC_STRINGS = YES;
				TARGETED_DEVICE_FAMILY = "1,2";
				VALIDATE_PRODUCT = YES;
			};
			name = Release;
		};
		B54CAB8D26ECB76400781A3A /* Debug */ = {
			isa = XCBuildConfiguration;
			buildSettings = {
				ALWAYS_SEARCH_USER_PATHS = NO;
				CLANG_ANALYZER_NONNULL = YES;
				CLANG_ANALYZER_NUMBER_OBJECT_CONVERSION = YES_AGGRESSIVE;
				CLANG_CXX_LANGUAGE_STANDARD = "gnu++14";
				CLANG_CXX_LIBRARY = "libc++";
				CLANG_ENABLE_MODULES = YES;
				CLANG_ENABLE_OBJC_ARC = YES;
				CLANG_ENABLE_OBJC_WEAK = YES;
				CLANG_WARN_BLOCK_CAPTURE_AUTORELEASING = YES;
				CLANG_WARN_BOOL_CONVERSION = YES;
				CLANG_WARN_COMMA = YES;
				CLANG_WARN_CONSTANT_CONVERSION = YES;
				CLANG_WARN_DEPRECATED_OBJC_IMPLEMENTATIONS = YES;
				CLANG_WARN_DIRECT_OBJC_ISA_USAGE = YES_ERROR;
				CLANG_WARN_DOCUMENTATION_COMMENTS = YES;
				CLANG_WARN_EMPTY_BODY = YES;
				CLANG_WARN_ENUM_CONVERSION = YES;
				CLANG_WARN_INFINITE_RECURSION = YES;
				CLANG_WARN_INT_CONVERSION = YES;
				CLANG_WARN_NON_LITERAL_NULL_CONVERSION = YES;
				CLANG_WARN_OBJC_IMPLICIT_RETAIN_SELF = YES;
				CLANG_WARN_OBJC_LITERAL_CONVERSION = YES;
				CLANG_WARN_OBJC_ROOT_CLASS = YES_ERROR;
				CLANG_WARN_QUOTED_INCLUDE_IN_FRAMEWORK_HEADER = YES;
				CLANG_WARN_RANGE_LOOP_ANALYSIS = YES;
				CLANG_WARN_STRICT_PROTOTYPES = YES;
				CLANG_WARN_SUSPICIOUS_MOVE = YES;
				CLANG_WARN_UNGUARDED_AVAILABILITY = YES_AGGRESSIVE;
				CLANG_WARN_UNREACHABLE_CODE = YES;
				CLANG_WARN__DUPLICATE_METHOD_MATCH = YES;
				COPY_PHASE_STRIP = NO;
				DEAD_CODE_STRIPPING = YES;
				DEBUG_INFORMATION_FORMAT = dwarf;
				ENABLE_STRICT_OBJC_MSGSEND = YES;
				ENABLE_TESTABILITY = YES;
				ENABLE_USER_SCRIPT_SANDBOXING = YES;
				GCC_C_LANGUAGE_STANDARD = gnu11;
				GCC_DYNAMIC_NO_PIC = NO;
				GCC_NO_COMMON_BLOCKS = YES;
				GCC_OPTIMIZATION_LEVEL = 0;
				GCC_PREPROCESSOR_DEFINITIONS = (
					"DEBUG=1",
					"$(inherited)",
				);
				GCC_WARN_64_TO_32_BIT_CONVERSION = YES;
				GCC_WARN_ABOUT_RETURN_TYPE = YES_ERROR;
				GCC_WARN_UNDECLARED_SELECTOR = YES;
				GCC_WARN_UNINITIALIZED_AUTOS = YES_AGGRESSIVE;
				GCC_WARN_UNUSED_FUNCTION = YES;
				GCC_WARN_UNUSED_VARIABLE = YES;
				IPHONEOS_DEPLOYMENT_TARGET = 14.7;
				MACOSX_DEPLOYMENT_TARGET = 11.3;
				MTL_ENABLE_DEBUG_INFO = INCLUDE_SOURCE;
				MTL_FAST_MATH = YES;
				ONLY_ACTIVE_ARCH = YES;
				SDKROOT = macosx;
				SWIFT_ACTIVE_COMPILATION_CONDITIONS = DEBUG;
				SWIFT_OPTIMIZATION_LEVEL = "-Onone";
				SWIFT_STRICT_CONCURRENCY = complete;
				SWIFT_VERSION = 6.0;
			};
			name = Debug;
		};
		B54CAB8E26ECB76400781A3A /* Release */ = {
			isa = XCBuildConfiguration;
			buildSettings = {
				ALWAYS_SEARCH_USER_PATHS = NO;
				CLANG_ANALYZER_NONNULL = YES;
				CLANG_ANALYZER_NUMBER_OBJECT_CONVERSION = YES_AGGRESSIVE;
				CLANG_CXX_LANGUAGE_STANDARD = "gnu++14";
				CLANG_CXX_LIBRARY = "libc++";
				CLANG_ENABLE_MODULES = YES;
				CLANG_ENABLE_OBJC_ARC = YES;
				CLANG_ENABLE_OBJC_WEAK = YES;
				CLANG_WARN_BLOCK_CAPTURE_AUTORELEASING = YES;
				CLANG_WARN_BOOL_CONVERSION = YES;
				CLANG_WARN_COMMA = YES;
				CLANG_WARN_CONSTANT_CONVERSION = YES;
				CLANG_WARN_DEPRECATED_OBJC_IMPLEMENTATIONS = YES;
				CLANG_WARN_DIRECT_OBJC_ISA_USAGE = YES_ERROR;
				CLANG_WARN_DOCUMENTATION_COMMENTS = YES;
				CLANG_WARN_EMPTY_BODY = YES;
				CLANG_WARN_ENUM_CONVERSION = YES;
				CLANG_WARN_INFINITE_RECURSION = YES;
				CLANG_WARN_INT_CONVERSION = YES;
				CLANG_WARN_NON_LITERAL_NULL_CONVERSION = YES;
				CLANG_WARN_OBJC_IMPLICIT_RETAIN_SELF = YES;
				CLANG_WARN_OBJC_LITERAL_CONVERSION = YES;
				CLANG_WARN_OBJC_ROOT_CLASS = YES_ERROR;
				CLANG_WARN_QUOTED_INCLUDE_IN_FRAMEWORK_HEADER = YES;
				CLANG_WARN_RANGE_LOOP_ANALYSIS = YES;
				CLANG_WARN_STRICT_PROTOTYPES = YES;
				CLANG_WARN_SUSPICIOUS_MOVE = YES;
				CLANG_WARN_UNGUARDED_AVAILABILITY = YES_AGGRESSIVE;
				CLANG_WARN_UNREACHABLE_CODE = YES;
				CLANG_WARN__DUPLICATE_METHOD_MATCH = YES;
				COPY_PHASE_STRIP = NO;
				DEAD_CODE_STRIPPING = YES;
				DEBUG_INFORMATION_FORMAT = "dwarf-with-dsym";
				ENABLE_NS_ASSERTIONS = NO;
				ENABLE_STRICT_OBJC_MSGSEND = YES;
				ENABLE_USER_SCRIPT_SANDBOXING = YES;
				GCC_C_LANGUAGE_STANDARD = gnu11;
				GCC_NO_COMMON_BLOCKS = YES;
				GCC_WARN_64_TO_32_BIT_CONVERSION = YES;
				GCC_WARN_ABOUT_RETURN_TYPE = YES_ERROR;
				GCC_WARN_UNDECLARED_SELECTOR = YES;
				GCC_WARN_UNINITIALIZED_AUTOS = YES_AGGRESSIVE;
				GCC_WARN_UNUSED_FUNCTION = YES;
				GCC_WARN_UNUSED_VARIABLE = YES;
				IPHONEOS_DEPLOYMENT_TARGET = 14.7;
				MACOSX_DEPLOYMENT_TARGET = 11.3;
				MTL_ENABLE_DEBUG_INFO = NO;
				MTL_FAST_MATH = YES;
				SDKROOT = macosx;
				SWIFT_COMPILATION_MODE = wholemodule;
				SWIFT_OPTIMIZATION_LEVEL = "-O";
				SWIFT_STRICT_CONCURRENCY = complete;
				SWIFT_VERSION = 6.0;
			};
			name = Release;
		};
		B54CAB9026ECB76400781A3A /* Debug */ = {
			isa = XCBuildConfiguration;
			buildSettings = {
				ASSETCATALOG_COMPILER_APPICON_NAME = AppIcon;
				ASSETCATALOG_COMPILER_GLOBAL_ACCENT_COLOR_NAME = AccentColor;
				CODE_SIGN_ENTITLEMENTS = ConveyTest/ConveyTest.entitlements;
				CODE_SIGN_IDENTITY = "-";
				CODE_SIGN_STYLE = Automatic;
				COMBINE_HIDPI_IMAGES = YES;
				DEAD_CODE_STRIPPING = YES;
				DEVELOPMENT_ASSET_PATHS = "\"ConveyTest/Preview Content\"";
				DEVELOPMENT_TEAM = YY6CWUX533;
				ENABLE_HARDENED_RUNTIME = YES;
				ENABLE_PREVIEWS = YES;
				INFOPLIST_FILE = ConveyTest/Info.plist;
				LD_RUNPATH_SEARCH_PATHS = (
					"$(inherited)",
					"@executable_path/../Frameworks",
				);
				MACOSX_DEPLOYMENT_TARGET = 12;
				PRODUCT_BUNDLE_IDENTIFIER = com.standalone.ConveyTest;
				PRODUCT_NAME = "$(TARGET_NAME)";
				SWIFT_VERSION = 5.0;
			};
			name = Debug;
		};
		B54CAB9126ECB76400781A3A /* Release */ = {
			isa = XCBuildConfiguration;
			buildSettings = {
				ASSETCATALOG_COMPILER_APPICON_NAME = AppIcon;
				ASSETCATALOG_COMPILER_GLOBAL_ACCENT_COLOR_NAME = AccentColor;
				CODE_SIGN_ENTITLEMENTS = ConveyTest/ConveyTest.entitlements;
				CODE_SIGN_IDENTITY = "-";
				CODE_SIGN_STYLE = Automatic;
				COMBINE_HIDPI_IMAGES = YES;
				DEAD_CODE_STRIPPING = YES;
				DEVELOPMENT_ASSET_PATHS = "\"ConveyTest/Preview Content\"";
				DEVELOPMENT_TEAM = YY6CWUX533;
				ENABLE_HARDENED_RUNTIME = YES;
				ENABLE_PREVIEWS = YES;
				INFOPLIST_FILE = ConveyTest/Info.plist;
				LD_RUNPATH_SEARCH_PATHS = (
					"$(inherited)",
					"@executable_path/../Frameworks",
				);
				MACOSX_DEPLOYMENT_TARGET = 12;
				PRODUCT_BUNDLE_IDENTIFIER = com.standalone.ConveyTest;
				PRODUCT_NAME = "$(TARGET_NAME)";
				SWIFT_VERSION = 5.0;
			};
			name = Release;
		};
/* End XCBuildConfiguration section */

/* Begin XCConfigurationList section */
		B52831E3272EA140001EC82E /* Build configuration list for PBXNativeTarget "ConveyTest_iOS" */ = {
			isa = XCConfigurationList;
			buildConfigurations = (
				B52831E1272EA140001EC82E /* Debug */,
				B52831E2272EA140001EC82E /* Release */,
			);
			defaultConfigurationIsVisible = 0;
			defaultConfigurationName = Release;
		};
		B54CAB7A26ECB76400781A3A /* Build configuration list for PBXProject "ConveyTest" */ = {
			isa = XCConfigurationList;
			buildConfigurations = (
				B54CAB8D26ECB76400781A3A /* Debug */,
				B54CAB8E26ECB76400781A3A /* Release */,
			);
			defaultConfigurationIsVisible = 0;
			defaultConfigurationName = Release;
		};
		B54CAB8F26ECB76400781A3A /* Build configuration list for PBXNativeTarget "ConveyTest" */ = {
			isa = XCConfigurationList;
			buildConfigurations = (
				B54CAB9026ECB76400781A3A /* Debug */,
				B54CAB9126ECB76400781A3A /* Release */,
			);
			defaultConfigurationIsVisible = 0;
			defaultConfigurationName = Release;
		};
/* End XCConfigurationList section */

/* Begin XCRemoteSwiftPackageReference section */
		B54CAB9226ECB99F00781A3A /* XCRemoteSwiftPackageReference "Suite" */ = {
			isa = XCRemoteSwiftPackageReference;
			repositoryURL = "https://github.com/bengottlieb/Suite.git";
			requirement = {
				kind = upToNextMajorVersion;
				minimumVersion = 1.0.115;
			};
		};
/* End XCRemoteSwiftPackageReference section */

/* Begin XCSwiftPackageProductDependency section */
		B52D94FF283A3F81002E7945 /* Suite */ = {
			isa = XCSwiftPackageProductDependency;
			package = B54CAB9226ECB99F00781A3A /* XCRemoteSwiftPackageReference "Suite" */;
			productName = Suite;
		};
		B54CAB9326ECB99F00781A3A /* Suite */ = {
			isa = XCSwiftPackageProductDependency;
			package = B54CAB9226ECB99F00781A3A /* XCRemoteSwiftPackageReference "Suite" */;
			productName = Suite;
		};
/* End XCSwiftPackageProductDependency section */
	};
	rootObject = B54CAB7726ECB76400781A3A /* Project object */;
}
