// !$*UTF8*$!
{
	archiveVersion = 1;
	classes = {
	};
	objectVersion = 52;
	objects = {

/* Begin PBXBuildFile section */
		B52831D9272EA13F001EC82E /* ConveyTest_iOSApp.swift in Sources */ = {isa = PBXBuildFile; fileRef = B52831D8272EA13F001EC82E /* ConveyTest_iOSApp.swift */; };
		B52831DB272EA13F001EC82E /* ContentView.swift in Sources */ = {isa = PBXBuildFile; fileRef = B52831DA272EA13F001EC82E /* ContentView.swift */; };
		B52831DD272EA140001EC82E /* Assets.xcassets in Resources */ = {isa = PBXBuildFile; fileRef = B52831DC272EA140001EC82E /* Assets.xcassets */; };
		B52831E0272EA140001EC82E /* Preview Assets.xcassets in Resources */ = {isa = PBXBuildFile; fileRef = B52831DF272EA140001EC82E /* Preview Assets.xcassets */; };
		B529CE292859FA72000DDAEB /* ServerTask+Logging.swift in Sources */ = {isa = PBXBuildFile; fileRef = B529CE072859FA72000DDAEB /* ServerTask+Logging.swift */; };
		B529CE2A2859FA72000DDAEB /* ServerTask+Logging.swift in Sources */ = {isa = PBXBuildFile; fileRef = B529CE072859FA72000DDAEB /* ServerTask+Logging.swift */; };
		B529CE2B2859FA72000DDAEB /* ServerTask+FileBacked.swift in Sources */ = {isa = PBXBuildFile; fileRef = B529CE082859FA72000DDAEB /* ServerTask+FileBacked.swift */; };
		B529CE2C2859FA72000DDAEB /* ServerTask+FileBacked.swift in Sources */ = {isa = PBXBuildFile; fileRef = B529CE082859FA72000DDAEB /* ServerTask+FileBacked.swift */; };
		B529CE2D2859FA72000DDAEB /* ServerTask+Run.swift in Sources */ = {isa = PBXBuildFile; fileRef = B529CE092859FA72000DDAEB /* ServerTask+Run.swift */; };
		B529CE2E2859FA72000DDAEB /* ServerTask+Run.swift in Sources */ = {isa = PBXBuildFile; fileRef = B529CE092859FA72000DDAEB /* ServerTask+Run.swift */; };
		B529CE2F2859FA72000DDAEB /* SimpleTasks.swift in Sources */ = {isa = PBXBuildFile; fileRef = B529CE0A2859FA72000DDAEB /* SimpleTasks.swift */; };
		B529CE302859FA72000DDAEB /* SimpleTasks.swift in Sources */ = {isa = PBXBuildFile; fileRef = B529CE0A2859FA72000DDAEB /* SimpleTasks.swift */; };
		B529CE312859FA72000DDAEB /* ServerTask.swift in Sources */ = {isa = PBXBuildFile; fileRef = B529CE0B2859FA72000DDAEB /* ServerTask.swift */; };
		B529CE322859FA72000DDAEB /* ServerTask.swift in Sources */ = {isa = PBXBuildFile; fileRef = B529CE0B2859FA72000DDAEB /* ServerTask.swift */; };
		B529CE332859FA72000DDAEB /* ServerTask+Request.swift in Sources */ = {isa = PBXBuildFile; fileRef = B529CE0C2859FA72000DDAEB /* ServerTask+Request.swift */; };
		B529CE342859FA72000DDAEB /* ServerTask+Request.swift in Sources */ = {isa = PBXBuildFile; fileRef = B529CE0C2859FA72000DDAEB /* ServerTask+Request.swift */; };
		B529CE352859FA72000DDAEB /* ServerTask+Echoing.swift in Sources */ = {isa = PBXBuildFile; fileRef = B529CE0D2859FA72000DDAEB /* ServerTask+Echoing.swift */; };
		B529CE362859FA72000DDAEB /* ServerTask+Echoing.swift in Sources */ = {isa = PBXBuildFile; fileRef = B529CE0D2859FA72000DDAEB /* ServerTask+Echoing.swift */; };
		B529CE372859FA72000DDAEB /* ServerTask+UploadAsync.swift in Sources */ = {isa = PBXBuildFile; fileRef = B529CE0E2859FA72000DDAEB /* ServerTask+UploadAsync.swift */; };
		B529CE382859FA72000DDAEB /* ServerTask+UploadAsync.swift in Sources */ = {isa = PBXBuildFile; fileRef = B529CE0E2859FA72000DDAEB /* ServerTask+UploadAsync.swift */; };
		B529CE392859FA72000DDAEB /* ServerTask+Upload.swift in Sources */ = {isa = PBXBuildFile; fileRef = B529CE0F2859FA72000DDAEB /* ServerTask+Upload.swift */; };
		B529CE3A2859FA72000DDAEB /* ServerTask+Upload.swift in Sources */ = {isa = PBXBuildFile; fileRef = B529CE0F2859FA72000DDAEB /* ServerTask+Upload.swift */; };
		B529CE3B2859FA72000DDAEB /* ServerTask+RunAsync.swift in Sources */ = {isa = PBXBuildFile; fileRef = B529CE102859FA72000DDAEB /* ServerTask+RunAsync.swift */; };
		B529CE3C2859FA72000DDAEB /* ServerTask+RunAsync.swift in Sources */ = {isa = PBXBuildFile; fileRef = B529CE102859FA72000DDAEB /* ServerTask+RunAsync.swift */; };
		B529CE3D2859FA72000DDAEB /* Server.Remote.swift in Sources */ = {isa = PBXBuildFile; fileRef = B529CE122859FA72000DDAEB /* Server.Remote.swift */; };
		B529CE3E2859FA72000DDAEB /* Server.Remote.swift in Sources */ = {isa = PBXBuildFile; fileRef = B529CE122859FA72000DDAEB /* Server.Remote.swift */; };
		B529CE3F2859FA72000DDAEB /* Server+Download.swift in Sources */ = {isa = PBXBuildFile; fileRef = B529CE132859FA72000DDAEB /* Server+Download.swift */; };
		B529CE402859FA72000DDAEB /* Server+Download.swift in Sources */ = {isa = PBXBuildFile; fileRef = B529CE132859FA72000DDAEB /* Server+Download.swift */; };
		B529CE412859FA72000DDAEB /* ServerError.swift in Sources */ = {isa = PBXBuildFile; fileRef = B529CE142859FA72000DDAEB /* ServerError.swift */; };
		B529CE422859FA72000DDAEB /* ServerError.swift in Sources */ = {isa = PBXBuildFile; fileRef = B529CE142859FA72000DDAEB /* ServerError.swift */; };
		B529CE432859FA72000DDAEB /* Server+Threading.swift in Sources */ = {isa = PBXBuildFile; fileRef = B529CE152859FA72000DDAEB /* Server+Threading.swift */; };
		B529CE442859FA72000DDAEB /* Server+Threading.swift in Sources */ = {isa = PBXBuildFile; fileRef = B529CE152859FA72000DDAEB /* Server+Threading.swift */; };
		B529CE452859FA72000DDAEB /* ServerConstants.swift in Sources */ = {isa = PBXBuildFile; fileRef = B529CE162859FA72000DDAEB /* ServerConstants.swift */; };
		B529CE462859FA72000DDAEB /* ServerConstants.swift in Sources */ = {isa = PBXBuildFile; fileRef = B529CE162859FA72000DDAEB /* ServerConstants.swift */; };
		B529CE472859FA72000DDAEB /* Server.swift in Sources */ = {isa = PBXBuildFile; fileRef = B529CE172859FA72000DDAEB /* Server.swift */; };
		B529CE482859FA72000DDAEB /* Server.swift in Sources */ = {isa = PBXBuildFile; fileRef = B529CE172859FA72000DDAEB /* Server.swift */; };
		B529CE492859FA72000DDAEB /* URLRequest.swift in Sources */ = {isa = PBXBuildFile; fileRef = B529CE192859FA72000DDAEB /* URLRequest.swift */; };
		B529CE4A2859FA72000DDAEB /* URLRequest.swift in Sources */ = {isa = PBXBuildFile; fileRef = B529CE192859FA72000DDAEB /* URLRequest.swift */; };
		B529CE4B2859FA72000DDAEB /* Error.swift in Sources */ = {isa = PBXBuildFile; fileRef = B529CE1A2859FA72000DDAEB /* Error.swift */; };
		B529CE4C2859FA72000DDAEB /* Error.swift in Sources */ = {isa = PBXBuildFile; fileRef = B529CE1A2859FA72000DDAEB /* Error.swift */; };
		B529CE4D2859FA72000DDAEB /* URLResponse.swift in Sources */ = {isa = PBXBuildFile; fileRef = B529CE1B2859FA72000DDAEB /* URLResponse.swift */; };
		B529CE4E2859FA72000DDAEB /* URLResponse.swift in Sources */ = {isa = PBXBuildFile; fileRef = B529CE1B2859FA72000DDAEB /* URLResponse.swift */; };
		B529CE4F2859FA72000DDAEB /* MD5.swift in Sources */ = {isa = PBXBuildFile; fileRef = B529CE1C2859FA72000DDAEB /* MD5.swift */; };
		B529CE502859FA72000DDAEB /* MD5.swift in Sources */ = {isa = PBXBuildFile; fileRef = B529CE1C2859FA72000DDAEB /* MD5.swift */; };
		B529CE512859FA72000DDAEB /* URLSession.swift in Sources */ = {isa = PBXBuildFile; fileRef = B529CE1D2859FA72000DDAEB /* URLSession.swift */; };
		B529CE522859FA72000DDAEB /* URLSession.swift in Sources */ = {isa = PBXBuildFile; fileRef = B529CE1D2859FA72000DDAEB /* URLSession.swift */; };
		B529CE532859FA72000DDAEB /* URL.swift in Sources */ = {isa = PBXBuildFile; fileRef = B529CE1E2859FA72000DDAEB /* URL.swift */; };
		B529CE542859FA72000DDAEB /* URL.swift in Sources */ = {isa = PBXBuildFile; fileRef = B529CE1E2859FA72000DDAEB /* URL.swift */; };
		B529CE552859FA72000DDAEB /* Bundle.swift in Sources */ = {isa = PBXBuildFile; fileRef = B529CE1F2859FA72000DDAEB /* Bundle.swift */; };
		B529CE562859FA72000DDAEB /* Bundle.swift in Sources */ = {isa = PBXBuildFile; fileRef = B529CE1F2859FA72000DDAEB /* Bundle.swift */; };
		B529CE572859FA72000DDAEB /* HTTPError.swift in Sources */ = {isa = PBXBuildFile; fileRef = B529CE212859FA72000DDAEB /* HTTPError.swift */; };
		B529CE582859FA72000DDAEB /* HTTPError.swift in Sources */ = {isa = PBXBuildFile; fileRef = B529CE212859FA72000DDAEB /* HTTPError.swift */; };
		B529CE592859FA72000DDAEB /* DeviceType.swift in Sources */ = {isa = PBXBuildFile; fileRef = B529CE222859FA72000DDAEB /* DeviceType.swift */; };
		B529CE5A2859FA72000DDAEB /* DeviceType.swift in Sources */ = {isa = PBXBuildFile; fileRef = B529CE222859FA72000DDAEB /* DeviceType.swift */; };
		B529CE5B2859FA72000DDAEB /* NetworkPublishers.swift in Sources */ = {isa = PBXBuildFile; fileRef = B529CE232859FA72000DDAEB /* NetworkPublishers.swift */; };
		B529CE5C2859FA72000DDAEB /* NetworkPublishers.swift in Sources */ = {isa = PBXBuildFile; fileRef = B529CE232859FA72000DDAEB /* NetworkPublishers.swift */; };
		B529CE5D2859FA72000DDAEB /* ImageCache.swift in Sources */ = {isa = PBXBuildFile; fileRef = B529CE252859FA72000DDAEB /* ImageCache.swift */; };
		B529CE5E2859FA72000DDAEB /* ImageCache.swift in Sources */ = {isa = PBXBuildFile; fileRef = B529CE252859FA72000DDAEB /* ImageCache.swift */; };
		B529CE5F2859FA72000DDAEB /* DataCache.swift in Sources */ = {isa = PBXBuildFile; fileRef = B529CE262859FA72000DDAEB /* DataCache.swift */; };
		B529CE602859FA72000DDAEB /* DataCache.swift in Sources */ = {isa = PBXBuildFile; fileRef = B529CE262859FA72000DDAEB /* DataCache.swift */; };
		B529CE612859FA72000DDAEB /* CachedURLImageView.swift in Sources */ = {isa = PBXBuildFile; fileRef = B529CE282859FA72000DDAEB /* CachedURLImageView.swift */; };
		B529CE622859FA72000DDAEB /* CachedURLImageView.swift in Sources */ = {isa = PBXBuildFile; fileRef = B529CE282859FA72000DDAEB /* CachedURLImageView.swift */; };
		B52D9500283A3F81002E7945 /* Suite in Frameworks */ = {isa = PBXBuildFile; productRef = B52D94FF283A3F81002E7945 /* Suite */; };
		B52D9505283A408E002E7945 /* HTTPBin.swift in Sources */ = {isa = PBXBuildFile; fileRef = B52D9504283A408E002E7945 /* HTTPBin.swift */; };
		B54CAB8326ECB76400781A3A /* ConveyTestApp.swift in Sources */ = {isa = PBXBuildFile; fileRef = B54CAB8226ECB76400781A3A /* ConveyTestApp.swift */; };
		B54CAB8526ECB76400781A3A /* ContentView.swift in Sources */ = {isa = PBXBuildFile; fileRef = B54CAB8426ECB76400781A3A /* ContentView.swift */; };
		B54CAB8726ECB76400781A3A /* Assets.xcassets in Resources */ = {isa = PBXBuildFile; fileRef = B54CAB8626ECB76400781A3A /* Assets.xcassets */; };
		B54CAB8A26ECB76400781A3A /* Preview Assets.xcassets in Resources */ = {isa = PBXBuildFile; fileRef = B54CAB8926ECB76400781A3A /* Preview Assets.xcassets */; };
		B54CAB9426ECB99F00781A3A /* Suite in Frameworks */ = {isa = PBXBuildFile; productRef = B54CAB9326ECB99F00781A3A /* Suite */; };
/* End PBXBuildFile section */

/* Begin PBXFileReference section */
		B52831D6272EA13F001EC82E /* ConveyTest_iOS.app */ = {isa = PBXFileReference; explicitFileType = wrapper.application; includeInIndex = 0; path = ConveyTest_iOS.app; sourceTree = BUILT_PRODUCTS_DIR; };
		B52831D8272EA13F001EC82E /* ConveyTest_iOSApp.swift */ = {isa = PBXFileReference; lastKnownFileType = sourcecode.swift; path = ConveyTest_iOSApp.swift; sourceTree = "<group>"; };
		B52831DA272EA13F001EC82E /* ContentView.swift */ = {isa = PBXFileReference; lastKnownFileType = sourcecode.swift; path = ContentView.swift; sourceTree = "<group>"; };
		B52831DC272EA140001EC82E /* Assets.xcassets */ = {isa = PBXFileReference; lastKnownFileType = folder.assetcatalog; path = Assets.xcassets; sourceTree = "<group>"; };
		B52831DF272EA140001EC82E /* Preview Assets.xcassets */ = {isa = PBXFileReference; lastKnownFileType = folder.assetcatalog; path = "Preview Assets.xcassets"; sourceTree = "<group>"; };
		B529CE072859FA72000DDAEB /* ServerTask+Logging.swift */ = {isa = PBXFileReference; fileEncoding = 4; lastKnownFileType = sourcecode.swift; path = "ServerTask+Logging.swift"; sourceTree = "<group>"; };
		B529CE082859FA72000DDAEB /* ServerTask+FileBacked.swift */ = {isa = PBXFileReference; fileEncoding = 4; lastKnownFileType = sourcecode.swift; path = "ServerTask+FileBacked.swift"; sourceTree = "<group>"; };
		B529CE092859FA72000DDAEB /* ServerTask+Run.swift */ = {isa = PBXFileReference; fileEncoding = 4; lastKnownFileType = sourcecode.swift; path = "ServerTask+Run.swift"; sourceTree = "<group>"; };
		B529CE0A2859FA72000DDAEB /* SimpleTasks.swift */ = {isa = PBXFileReference; fileEncoding = 4; lastKnownFileType = sourcecode.swift; path = SimpleTasks.swift; sourceTree = "<group>"; };
		B529CE0B2859FA72000DDAEB /* ServerTask.swift */ = {isa = PBXFileReference; fileEncoding = 4; lastKnownFileType = sourcecode.swift; path = ServerTask.swift; sourceTree = "<group>"; };
		B529CE0C2859FA72000DDAEB /* ServerTask+Request.swift */ = {isa = PBXFileReference; fileEncoding = 4; lastKnownFileType = sourcecode.swift; path = "ServerTask+Request.swift"; sourceTree = "<group>"; };
		B529CE0D2859FA72000DDAEB /* ServerTask+Echoing.swift */ = {isa = PBXFileReference; fileEncoding = 4; lastKnownFileType = sourcecode.swift; path = "ServerTask+Echoing.swift"; sourceTree = "<group>"; };
		B529CE0E2859FA72000DDAEB /* ServerTask+UploadAsync.swift */ = {isa = PBXFileReference; fileEncoding = 4; lastKnownFileType = sourcecode.swift; path = "ServerTask+UploadAsync.swift"; sourceTree = "<group>"; };
		B529CE0F2859FA72000DDAEB /* ServerTask+Upload.swift */ = {isa = PBXFileReference; fileEncoding = 4; lastKnownFileType = sourcecode.swift; path = "ServerTask+Upload.swift"; sourceTree = "<group>"; };
		B529CE102859FA72000DDAEB /* ServerTask+RunAsync.swift */ = {isa = PBXFileReference; fileEncoding = 4; lastKnownFileType = sourcecode.swift; path = "ServerTask+RunAsync.swift"; sourceTree = "<group>"; };
		B529CE122859FA72000DDAEB /* Server.Remote.swift */ = {isa = PBXFileReference; fileEncoding = 4; lastKnownFileType = sourcecode.swift; path = Server.Remote.swift; sourceTree = "<group>"; };
		B529CE132859FA72000DDAEB /* Server+Download.swift */ = {isa = PBXFileReference; fileEncoding = 4; lastKnownFileType = sourcecode.swift; path = "Server+Download.swift"; sourceTree = "<group>"; };
		B529CE142859FA72000DDAEB /* ServerError.swift */ = {isa = PBXFileReference; fileEncoding = 4; lastKnownFileType = sourcecode.swift; path = ServerError.swift; sourceTree = "<group>"; };
		B529CE152859FA72000DDAEB /* Server+Threading.swift */ = {isa = PBXFileReference; fileEncoding = 4; lastKnownFileType = sourcecode.swift; path = "Server+Threading.swift"; sourceTree = "<group>"; };
		B529CE162859FA72000DDAEB /* ServerConstants.swift */ = {isa = PBXFileReference; fileEncoding = 4; lastKnownFileType = sourcecode.swift; path = ServerConstants.swift; sourceTree = "<group>"; };
		B529CE172859FA72000DDAEB /* Server.swift */ = {isa = PBXFileReference; fileEncoding = 4; lastKnownFileType = sourcecode.swift; path = Server.swift; sourceTree = "<group>"; };
		B529CE192859FA72000DDAEB /* URLRequest.swift */ = {isa = PBXFileReference; fileEncoding = 4; lastKnownFileType = sourcecode.swift; path = URLRequest.swift; sourceTree = "<group>"; };
		B529CE1A2859FA72000DDAEB /* Error.swift */ = {isa = PBXFileReference; fileEncoding = 4; lastKnownFileType = sourcecode.swift; path = Error.swift; sourceTree = "<group>"; };
		B529CE1B2859FA72000DDAEB /* URLResponse.swift */ = {isa = PBXFileReference; fileEncoding = 4; lastKnownFileType = sourcecode.swift; path = URLResponse.swift; sourceTree = "<group>"; };
		B529CE1C2859FA72000DDAEB /* MD5.swift */ = {isa = PBXFileReference; fileEncoding = 4; lastKnownFileType = sourcecode.swift; path = MD5.swift; sourceTree = "<group>"; };
		B529CE1D2859FA72000DDAEB /* URLSession.swift */ = {isa = PBXFileReference; fileEncoding = 4; lastKnownFileType = sourcecode.swift; path = URLSession.swift; sourceTree = "<group>"; };
		B529CE1E2859FA72000DDAEB /* URL.swift */ = {isa = PBXFileReference; fileEncoding = 4; lastKnownFileType = sourcecode.swift; path = URL.swift; sourceTree = "<group>"; };
		B529CE1F2859FA72000DDAEB /* Bundle.swift */ = {isa = PBXFileReference; fileEncoding = 4; lastKnownFileType = sourcecode.swift; path = Bundle.swift; sourceTree = "<group>"; };
		B529CE212859FA72000DDAEB /* HTTPError.swift */ = {isa = PBXFileReference; fileEncoding = 4; lastKnownFileType = sourcecode.swift; path = HTTPError.swift; sourceTree = "<group>"; };
		B529CE222859FA72000DDAEB /* DeviceType.swift */ = {isa = PBXFileReference; fileEncoding = 4; lastKnownFileType = sourcecode.swift; path = DeviceType.swift; sourceTree = "<group>"; };
		B529CE232859FA72000DDAEB /* NetworkPublishers.swift */ = {isa = PBXFileReference; fileEncoding = 4; lastKnownFileType = sourcecode.swift; path = NetworkPublishers.swift; sourceTree = "<group>"; };
		B529CE252859FA72000DDAEB /* ImageCache.swift */ = {isa = PBXFileReference; fileEncoding = 4; lastKnownFileType = sourcecode.swift; path = ImageCache.swift; sourceTree = "<group>"; };
		B529CE262859FA72000DDAEB /* DataCache.swift */ = {isa = PBXFileReference; fileEncoding = 4; lastKnownFileType = sourcecode.swift; path = DataCache.swift; sourceTree = "<group>"; };
		B529CE282859FA72000DDAEB /* CachedURLImageView.swift */ = {isa = PBXFileReference; fileEncoding = 4; lastKnownFileType = sourcecode.swift; path = CachedURLImageView.swift; sourceTree = "<group>"; };
		B52D9504283A408E002E7945 /* HTTPBin.swift */ = {isa = PBXFileReference; lastKnownFileType = sourcecode.swift; path = HTTPBin.swift; sourceTree = "<group>"; };
		B533138726ECB7A2007C94BF /* Package.swift */ = {isa = PBXFileReference; lastKnownFileType = sourcecode.swift; path = Package.swift; sourceTree = "<group>"; };
		B54CAB7F26ECB76400781A3A /* ConveyTest.app */ = {isa = PBXFileReference; explicitFileType = wrapper.application; includeInIndex = 0; path = ConveyTest.app; sourceTree = BUILT_PRODUCTS_DIR; };
		B54CAB8226ECB76400781A3A /* ConveyTestApp.swift */ = {isa = PBXFileReference; lastKnownFileType = sourcecode.swift; path = ConveyTestApp.swift; sourceTree = "<group>"; };
		B54CAB8426ECB76400781A3A /* ContentView.swift */ = {isa = PBXFileReference; lastKnownFileType = sourcecode.swift; path = ContentView.swift; sourceTree = "<group>"; };
		B54CAB8626ECB76400781A3A /* Assets.xcassets */ = {isa = PBXFileReference; lastKnownFileType = folder.assetcatalog; path = Assets.xcassets; sourceTree = "<group>"; };
		B54CAB8926ECB76400781A3A /* Preview Assets.xcassets */ = {isa = PBXFileReference; lastKnownFileType = folder.assetcatalog; path = "Preview Assets.xcassets"; sourceTree = "<group>"; };
		B54CAB8B26ECB76400781A3A /* Info.plist */ = {isa = PBXFileReference; lastKnownFileType = text.plist.xml; path = Info.plist; sourceTree = "<group>"; };
		B54CAB8C26ECB76400781A3A /* ConveyTest.entitlements */ = {isa = PBXFileReference; lastKnownFileType = text.plist.entitlements; path = ConveyTest.entitlements; sourceTree = "<group>"; };
/* End PBXFileReference section */

/* Begin PBXFrameworksBuildPhase section */
		B52831D3272EA13F001EC82E /* Frameworks */ = {
			isa = PBXFrameworksBuildPhase;
			buildActionMask = 2147483647;
			files = (
				B52D9500283A3F81002E7945 /* Suite in Frameworks */,
			);
			runOnlyForDeploymentPostprocessing = 0;
		};
		B54CAB7C26ECB76400781A3A /* Frameworks */ = {
			isa = PBXFrameworksBuildPhase;
			buildActionMask = 2147483647;
			files = (
				B54CAB9426ECB99F00781A3A /* Suite in Frameworks */,
			);
			runOnlyForDeploymentPostprocessing = 0;
		};
/* End PBXFrameworksBuildPhase section */

/* Begin PBXGroup section */
		B52831D7272EA13F001EC82E /* ConveyTest_iOS */ = {
			isa = PBXGroup;
			children = (
				B52831D8272EA13F001EC82E /* ConveyTest_iOSApp.swift */,
				B52831DA272EA13F001EC82E /* ContentView.swift */,
				B52D9504283A408E002E7945 /* HTTPBin.swift */,
				B52831DC272EA140001EC82E /* Assets.xcassets */,
				B52831DE272EA140001EC82E /* Preview Content */,
			);
			path = ConveyTest_iOS;
			sourceTree = "<group>";
		};
		B52831DE272EA140001EC82E /* Preview Content */ = {
			isa = PBXGroup;
			children = (
				B52831DF272EA140001EC82E /* Preview Assets.xcassets */,
			);
			path = "Preview Content";
			sourceTree = "<group>";
		};
		B52831ED272EA17F001EC82E /* Frameworks */ = {
			isa = PBXGroup;
			children = (
			);
			name = Frameworks;
			sourceTree = "<group>";
		};
		B529CE052859FA72000DDAEB /* Convey */ = {
			isa = PBXGroup;
			children = (
				B529CE062859FA72000DDAEB /* Tasks */,
				B529CE112859FA72000DDAEB /* Server */,
				B529CE182859FA72000DDAEB /* Extensions */,
				B529CE202859FA72000DDAEB /* Utilities */,
				B529CE242859FA72000DDAEB /* Caching */,
				B529CE272859FA72000DDAEB /* SwiftUI */,
			);
			name = Convey;
			path = Source/Convey;
			sourceTree = SOURCE_ROOT;
		};
		B529CE062859FA72000DDAEB /* Tasks */ = {
			isa = PBXGroup;
			children = (
				B529CE072859FA72000DDAEB /* ServerTask+Logging.swift */,
				B529CE082859FA72000DDAEB /* ServerTask+FileBacked.swift */,
				B529CE092859FA72000DDAEB /* ServerTask+Run.swift */,
				B529CE0A2859FA72000DDAEB /* SimpleTasks.swift */,
				B529CE0B2859FA72000DDAEB /* ServerTask.swift */,
				B529CE0C2859FA72000DDAEB /* ServerTask+Request.swift */,
				B529CE0D2859FA72000DDAEB /* ServerTask+Echoing.swift */,
				B529CE0E2859FA72000DDAEB /* ServerTask+UploadAsync.swift */,
				B529CE0F2859FA72000DDAEB /* ServerTask+Upload.swift */,
				B529CE102859FA72000DDAEB /* ServerTask+RunAsync.swift */,
			);
			path = Tasks;
			sourceTree = "<group>";
		};
		B529CE112859FA72000DDAEB /* Server */ = {
			isa = PBXGroup;
			children = (
				B529CE122859FA72000DDAEB /* Server.Remote.swift */,
				B529CE132859FA72000DDAEB /* Server+Download.swift */,
				B529CE142859FA72000DDAEB /* ServerError.swift */,
				B529CE152859FA72000DDAEB /* Server+Threading.swift */,
				B529CE162859FA72000DDAEB /* ServerConstants.swift */,
				B529CE172859FA72000DDAEB /* Server.swift */,
			);
			path = Server;
			sourceTree = "<group>";
		};
		B529CE182859FA72000DDAEB /* Extensions */ = {
			isa = PBXGroup;
			children = (
				B529CE192859FA72000DDAEB /* URLRequest.swift */,
				B529CE1A2859FA72000DDAEB /* Error.swift */,
				B529CE1B2859FA72000DDAEB /* URLResponse.swift */,
				B529CE1C2859FA72000DDAEB /* MD5.swift */,
				B529CE1D2859FA72000DDAEB /* URLSession.swift */,
				B529CE1E2859FA72000DDAEB /* URL.swift */,
				B529CE1F2859FA72000DDAEB /* Bundle.swift */,
			);
			path = Extensions;
			sourceTree = "<group>";
		};
		B529CE202859FA72000DDAEB /* Utilities */ = {
			isa = PBXGroup;
			children = (
				B529CE212859FA72000DDAEB /* HTTPError.swift */,
				B529CE222859FA72000DDAEB /* DeviceType.swift */,
				B529CE232859FA72000DDAEB /* NetworkPublishers.swift */,
			);
			path = Utilities;
			sourceTree = "<group>";
		};
		B529CE242859FA72000DDAEB /* Caching */ = {
			isa = PBXGroup;
			children = (
				B529CE252859FA72000DDAEB /* ImageCache.swift */,
				B529CE262859FA72000DDAEB /* DataCache.swift */,
			);
			path = Caching;
			sourceTree = "<group>";
		};
		B529CE272859FA72000DDAEB /* SwiftUI */ = {
			isa = PBXGroup;
			children = (
				B529CE282859FA72000DDAEB /* CachedURLImageView.swift */,
			);
			path = SwiftUI;
			sourceTree = "<group>";
		};
		B54CAB7626ECB76400781A3A = {
			isa = PBXGroup;
			children = (
				B533138726ECB7A2007C94BF /* Package.swift */,
				B5AD1D6A275A46E600BB342D /* Source */,
				B54CAB8126ECB76400781A3A /* ConveyTest */,
				B52831D7272EA13F001EC82E /* ConveyTest_iOS */,
				B54CAB8026ECB76400781A3A /* Products */,
				B52831ED272EA17F001EC82E /* Frameworks */,
			);
			indentWidth = 3;
			sourceTree = "<group>";
			tabWidth = 3;
		};
		B54CAB8026ECB76400781A3A /* Products */ = {
			isa = PBXGroup;
			children = (
				B54CAB7F26ECB76400781A3A /* ConveyTest.app */,
				B52831D6272EA13F001EC82E /* ConveyTest_iOS.app */,
			);
			name = Products;
			sourceTree = "<group>";
		};
		B54CAB8126ECB76400781A3A /* ConveyTest */ = {
			isa = PBXGroup;
			children = (
				B529CE052859FA72000DDAEB /* Convey */,
				B54CAB8226ECB76400781A3A /* ConveyTestApp.swift */,
				B54CAB8426ECB76400781A3A /* ContentView.swift */,
				B54CAB8626ECB76400781A3A /* Assets.xcassets */,
				B54CAB8B26ECB76400781A3A /* Info.plist */,
				B54CAB8C26ECB76400781A3A /* ConveyTest.entitlements */,
				B54CAB8826ECB76400781A3A /* Preview Content */,
			);
			path = ConveyTest;
			sourceTree = "<group>";
		};
		B54CAB8826ECB76400781A3A /* Preview Content */ = {
			isa = PBXGroup;
			children = (
				B54CAB8926ECB76400781A3A /* Preview Assets.xcassets */,
			);
			path = "Preview Content";
			sourceTree = "<group>";
		};
		B5AD1D6A275A46E600BB342D /* Source */ = {
			isa = PBXGroup;
			children = (
			);
			path = Source;
			sourceTree = "<group>";
		};
/* End PBXGroup section */

/* Begin PBXNativeTarget section */
		B52831D5272EA13F001EC82E /* ConveyTest_iOS */ = {
			isa = PBXNativeTarget;
			buildConfigurationList = B52831E3272EA140001EC82E /* Build configuration list for PBXNativeTarget "ConveyTest_iOS" */;
			buildPhases = (
				B52831D2272EA13F001EC82E /* Sources */,
				B52831D3272EA13F001EC82E /* Frameworks */,
				B52831D4272EA13F001EC82E /* Resources */,
			);
			buildRules = (
			);
			dependencies = (
			);
			name = ConveyTest_iOS;
			packageProductDependencies = (
				B52D94FF283A3F81002E7945 /* Suite */,
			);
			productName = ConveyTest_iOS;
			productReference = B52831D6272EA13F001EC82E /* ConveyTest_iOS.app */;
			productType = "com.apple.product-type.application";
		};
		B54CAB7E26ECB76400781A3A /* ConveyTest */ = {
			isa = PBXNativeTarget;
			buildConfigurationList = B54CAB8F26ECB76400781A3A /* Build configuration list for PBXNativeTarget "ConveyTest" */;
			buildPhases = (
				B54CAB7B26ECB76400781A3A /* Sources */,
				B54CAB7C26ECB76400781A3A /* Frameworks */,
				B54CAB7D26ECB76400781A3A /* Resources */,
			);
			buildRules = (
			);
			dependencies = (
			);
			name = ConveyTest;
			packageProductDependencies = (
				B54CAB9326ECB99F00781A3A /* Suite */,
			);
			productName = ConveyTest;
			productReference = B54CAB7F26ECB76400781A3A /* ConveyTest.app */;
			productType = "com.apple.product-type.application";
		};
/* End PBXNativeTarget section */

/* Begin PBXProject section */
		B54CAB7726ECB76400781A3A /* Project object */ = {
			isa = PBXProject;
			attributes = {
				LastSwiftUpdateCheck = 1300;
				LastUpgradeCheck = 1300;
				TargetAttributes = {
					B52831D5272EA13F001EC82E = {
						CreatedOnToolsVersion = 13.0;
					};
					B54CAB7E26ECB76400781A3A = {
						CreatedOnToolsVersion = 12.5;
					};
				};
			};
			buildConfigurationList = B54CAB7A26ECB76400781A3A /* Build configuration list for PBXProject "ConveyTest" */;
			compatibilityVersion = "Xcode 9.3";
			developmentRegion = en;
			hasScannedForEncodings = 0;
			knownRegions = (
				en,
				Base,
			);
			mainGroup = B54CAB7626ECB76400781A3A;
			packageReferences = (
				B54CAB9226ECB99F00781A3A /* XCRemoteSwiftPackageReference "Suite" */,
			);
			productRefGroup = B54CAB8026ECB76400781A3A /* Products */;
			projectDirPath = "";
			projectRoot = "";
			targets = (
				B54CAB7E26ECB76400781A3A /* ConveyTest */,
				B52831D5272EA13F001EC82E /* ConveyTest_iOS */,
			);
		};
/* End PBXProject section */

/* Begin PBXResourcesBuildPhase section */
		B52831D4272EA13F001EC82E /* Resources */ = {
			isa = PBXResourcesBuildPhase;
			buildActionMask = 2147483647;
			files = (
				B52831E0272EA140001EC82E /* Preview Assets.xcassets in Resources */,
				B52831DD272EA140001EC82E /* Assets.xcassets in Resources */,
			);
			runOnlyForDeploymentPostprocessing = 0;
		};
		B54CAB7D26ECB76400781A3A /* Resources */ = {
			isa = PBXResourcesBuildPhase;
			buildActionMask = 2147483647;
			files = (
				B54CAB8A26ECB76400781A3A /* Preview Assets.xcassets in Resources */,
				B54CAB8726ECB76400781A3A /* Assets.xcassets in Resources */,
			);
			runOnlyForDeploymentPostprocessing = 0;
		};
/* End PBXResourcesBuildPhase section */

/* Begin PBXSourcesBuildPhase section */
		B52831D2272EA13F001EC82E /* Sources */ = {
			isa = PBXSourcesBuildPhase;
			buildActionMask = 2147483647;
			files = (
				B529CE5E2859FA72000DDAEB /* ImageCache.swift in Sources */,
				B52D9505283A408E002E7945 /* HTTPBin.swift in Sources */,
				B529CE562859FA72000DDAEB /* Bundle.swift in Sources */,
				B529CE362859FA72000DDAEB /* ServerTask+Echoing.swift in Sources */,
				B529CE602859FA72000DDAEB /* DataCache.swift in Sources */,
				B529CE522859FA72000DDAEB /* URLSession.swift in Sources */,
				B529CE462859FA72000DDAEB /* ServerConstants.swift in Sources */,
				B529CE3C2859FA72000DDAEB /* ServerTask+RunAsync.swift in Sources */,
				B529CE3E2859FA72000DDAEB /* Server.Remote.swift in Sources */,
				B529CE382859FA72000DDAEB /* ServerTask+UploadAsync.swift in Sources */,
				B52831DB272EA13F001EC82E /* ContentView.swift in Sources */,
				B52831D9272EA13F001EC82E /* ConveyTest_iOSApp.swift in Sources */,
				B529CE582859FA72000DDAEB /* HTTPError.swift in Sources */,
				B529CE2C2859FA72000DDAEB /* ServerTask+FileBacked.swift in Sources */,
				B529CE2A2859FA72000DDAEB /* ServerTask+Logging.swift in Sources */,
				B529CE342859FA72000DDAEB /* ServerTask+Request.swift in Sources */,
				B529CE3A2859FA72000DDAEB /* ServerTask+Upload.swift in Sources */,
				B529CE482859FA72000DDAEB /* Server.swift in Sources */,
				B529CE322859FA72000DDAEB /* ServerTask.swift in Sources */,
				B529CE5A2859FA72000DDAEB /* DeviceType.swift in Sources */,
				B529CE542859FA72000DDAEB /* URL.swift in Sources */,
				B529CE302859FA72000DDAEB /* SimpleTasks.swift in Sources */,
				B529CE502859FA72000DDAEB /* MD5.swift in Sources */,
				B529CE422859FA72000DDAEB /* ServerError.swift in Sources */,
				B529CE402859FA72000DDAEB /* Server+Download.swift in Sources */,
				B529CE2E2859FA72000DDAEB /* ServerTask+Run.swift in Sources */,
				B529CE442859FA72000DDAEB /* Server+Threading.swift in Sources */,
				B529CE4C2859FA72000DDAEB /* Error.swift in Sources */,
				B529CE622859FA72000DDAEB /* CachedURLImageView.swift in Sources */,
				B529CE4E2859FA72000DDAEB /* URLResponse.swift in Sources */,
				B529CE5C2859FA72000DDAEB /* NetworkPublishers.swift in Sources */,
				B529CE4A2859FA72000DDAEB /* URLRequest.swift in Sources */,
			);
			runOnlyForDeploymentPostprocessing = 0;
		};
		B54CAB7B26ECB76400781A3A /* Sources */ = {
			isa = PBXSourcesBuildPhase;
			buildActionMask = 2147483647;
			files = (
				B529CE3B2859FA72000DDAEB /* ServerTask+RunAsync.swift in Sources */,
				B529CE3D2859FA72000DDAEB /* Server.Remote.swift in Sources */,
				B529CE392859FA72000DDAEB /* ServerTask+Upload.swift in Sources */,
				B529CE452859FA72000DDAEB /* ServerConstants.swift in Sources */,
				B529CE312859FA72000DDAEB /* ServerTask.swift in Sources */,
				B529CE5B2859FA72000DDAEB /* NetworkPublishers.swift in Sources */,
				B529CE4D2859FA72000DDAEB /* URLResponse.swift in Sources */,
				B529CE572859FA72000DDAEB /* HTTPError.swift in Sources */,
				B529CE332859FA72000DDAEB /* ServerTask+Request.swift in Sources */,
				B529CE412859FA72000DDAEB /* ServerError.swift in Sources */,
				B54CAB8526ECB76400781A3A /* ContentView.swift in Sources */,
				B529CE512859FA72000DDAEB /* URLSession.swift in Sources */,
				B529CE4B2859FA72000DDAEB /* Error.swift in Sources */,
				B529CE612859FA72000DDAEB /* CachedURLImageView.swift in Sources */,
				B529CE4F2859FA72000DDAEB /* MD5.swift in Sources */,
				B529CE2B2859FA72000DDAEB /* ServerTask+FileBacked.swift in Sources */,
				B529CE552859FA72000DDAEB /* Bundle.swift in Sources */,
				B529CE592859FA72000DDAEB /* DeviceType.swift in Sources */,
				B529CE292859FA72000DDAEB /* ServerTask+Logging.swift in Sources */,
				B529CE432859FA72000DDAEB /* Server+Threading.swift in Sources */,
				B529CE492859FA72000DDAEB /* URLRequest.swift in Sources */,
				B529CE372859FA72000DDAEB /* ServerTask+UploadAsync.swift in Sources */,
				B529CE352859FA72000DDAEB /* ServerTask+Echoing.swift in Sources */,
				B529CE3F2859FA72000DDAEB /* Server+Download.swift in Sources */,
				B54CAB8326ECB76400781A3A /* ConveyTestApp.swift in Sources */,
				B529CE2F2859FA72000DDAEB /* SimpleTasks.swift in Sources */,
				B529CE472859FA72000DDAEB /* Server.swift in Sources */,
				B529CE5F2859FA72000DDAEB /* DataCache.swift in Sources */,
				B529CE2D2859FA72000DDAEB /* ServerTask+Run.swift in Sources */,
				B529CE532859FA72000DDAEB /* URL.swift in Sources */,
				B529CE5D2859FA72000DDAEB /* ImageCache.swift in Sources */,
			);
			runOnlyForDeploymentPostprocessing = 0;
		};
/* End PBXSourcesBuildPhase section */

/* Begin XCBuildConfiguration section */
		B52831E1272EA140001EC82E /* Debug */ = {
			isa = XCBuildConfiguration;
			buildSettings = {
				ASSETCATALOG_COMPILER_APPICON_NAME = AppIcon;
				ASSETCATALOG_COMPILER_GLOBAL_ACCENT_COLOR_NAME = AccentColor;
				CLANG_CXX_LANGUAGE_STANDARD = "gnu++17";
				CODE_SIGN_STYLE = Automatic;
				CURRENT_PROJECT_VERSION = 1;
				DEVELOPMENT_ASSET_PATHS = "\"ConveyTest_iOS/Preview Content\"";
				DEVELOPMENT_TEAM = YY6CWUX533;
				ENABLE_PREVIEWS = YES;
				GENERATE_INFOPLIST_FILE = YES;
				INFOPLIST_KEY_UIApplicationSceneManifest_Generation = YES;
				INFOPLIST_KEY_UIApplicationSupportsIndirectInputEvents = YES;
				INFOPLIST_KEY_UILaunchScreen_Generation = YES;
				INFOPLIST_KEY_UISupportedInterfaceOrientations_iPad = "UIInterfaceOrientationPortrait UIInterfaceOrientationPortraitUpsideDown UIInterfaceOrientationLandscapeLeft UIInterfaceOrientationLandscapeRight";
				INFOPLIST_KEY_UISupportedInterfaceOrientations_iPhone = "UIInterfaceOrientationPortrait UIInterfaceOrientationLandscapeLeft UIInterfaceOrientationLandscapeRight";
				IPHONEOS_DEPLOYMENT_TARGET = 15.0;
				LD_RUNPATH_SEARCH_PATHS = (
					"$(inherited)",
					"@executable_path/Frameworks",
				);
				MARKETING_VERSION = 1.0;
				PRODUCT_BUNDLE_IDENTIFIER = "com.standalone.ConveyTest-iOS";
				PRODUCT_NAME = "$(TARGET_NAME)";
				SDKROOT = iphoneos;
				SWIFT_EMIT_LOC_STRINGS = YES;
				SWIFT_VERSION = 5.0;
				TARGETED_DEVICE_FAMILY = "1,2";
			};
			name = Debug;
		};
		B52831E2272EA140001EC82E /* Release */ = {
			isa = XCBuildConfiguration;
			buildSettings = {
				ASSETCATALOG_COMPILER_APPICON_NAME = AppIcon;
				ASSETCATALOG_COMPILER_GLOBAL_ACCENT_COLOR_NAME = AccentColor;
				CLANG_CXX_LANGUAGE_STANDARD = "gnu++17";
				CODE_SIGN_STYLE = Automatic;
				CURRENT_PROJECT_VERSION = 1;
				DEVELOPMENT_ASSET_PATHS = "\"ConveyTest_iOS/Preview Content\"";
				DEVELOPMENT_TEAM = YY6CWUX533;
				ENABLE_PREVIEWS = YES;
				GENERATE_INFOPLIST_FILE = YES;
				INFOPLIST_KEY_UIApplicationSceneManifest_Generation = YES;
				INFOPLIST_KEY_UIApplicationSupportsIndirectInputEvents = YES;
				INFOPLIST_KEY_UILaunchScreen_Generation = YES;
				INFOPLIST_KEY_UISupportedInterfaceOrientations_iPad = "UIInterfaceOrientationPortrait UIInterfaceOrientationPortraitUpsideDown UIInterfaceOrientationLandscapeLeft UIInterfaceOrientationLandscapeRight";
				INFOPLIST_KEY_UISupportedInterfaceOrientations_iPhone = "UIInterfaceOrientationPortrait UIInterfaceOrientationLandscapeLeft UIInterfaceOrientationLandscapeRight";
				IPHONEOS_DEPLOYMENT_TARGET = 15.0;
				LD_RUNPATH_SEARCH_PATHS = (
					"$(inherited)",
					"@executable_path/Frameworks",
				);
				MARKETING_VERSION = 1.0;
				PRODUCT_BUNDLE_IDENTIFIER = "com.standalone.ConveyTest-iOS";
				PRODUCT_NAME = "$(TARGET_NAME)";
				SDKROOT = iphoneos;
				SWIFT_EMIT_LOC_STRINGS = YES;
				SWIFT_VERSION = 5.0;
				TARGETED_DEVICE_FAMILY = "1,2";
				VALIDATE_PRODUCT = YES;
			};
			name = Release;
		};
		B54CAB8D26ECB76400781A3A /* Debug */ = {
			isa = XCBuildConfiguration;
			buildSettings = {
				ALWAYS_SEARCH_USER_PATHS = NO;
				CLANG_ANALYZER_NONNULL = YES;
				CLANG_ANALYZER_NUMBER_OBJECT_CONVERSION = YES_AGGRESSIVE;
				CLANG_CXX_LANGUAGE_STANDARD = "gnu++14";
				CLANG_CXX_LIBRARY = "libc++";
				CLANG_ENABLE_MODULES = YES;
				CLANG_ENABLE_OBJC_ARC = YES;
				CLANG_ENABLE_OBJC_WEAK = YES;
				CLANG_WARN_BLOCK_CAPTURE_AUTORELEASING = YES;
				CLANG_WARN_BOOL_CONVERSION = YES;
				CLANG_WARN_COMMA = YES;
				CLANG_WARN_CONSTANT_CONVERSION = YES;
				CLANG_WARN_DEPRECATED_OBJC_IMPLEMENTATIONS = YES;
				CLANG_WARN_DIRECT_OBJC_ISA_USAGE = YES_ERROR;
				CLANG_WARN_DOCUMENTATION_COMMENTS = YES;
				CLANG_WARN_EMPTY_BODY = YES;
				CLANG_WARN_ENUM_CONVERSION = YES;
				CLANG_WARN_INFINITE_RECURSION = YES;
				CLANG_WARN_INT_CONVERSION = YES;
				CLANG_WARN_NON_LITERAL_NULL_CONVERSION = YES;
				CLANG_WARN_OBJC_IMPLICIT_RETAIN_SELF = YES;
				CLANG_WARN_OBJC_LITERAL_CONVERSION = YES;
				CLANG_WARN_OBJC_ROOT_CLASS = YES_ERROR;
				CLANG_WARN_QUOTED_INCLUDE_IN_FRAMEWORK_HEADER = YES;
				CLANG_WARN_RANGE_LOOP_ANALYSIS = YES;
				CLANG_WARN_STRICT_PROTOTYPES = YES;
				CLANG_WARN_SUSPICIOUS_MOVE = YES;
				CLANG_WARN_UNGUARDED_AVAILABILITY = YES_AGGRESSIVE;
				CLANG_WARN_UNREACHABLE_CODE = YES;
				CLANG_WARN__DUPLICATE_METHOD_MATCH = YES;
				COPY_PHASE_STRIP = NO;
				DEBUG_INFORMATION_FORMAT = dwarf;
				ENABLE_STRICT_OBJC_MSGSEND = YES;
				ENABLE_TESTABILITY = YES;
				GCC_C_LANGUAGE_STANDARD = gnu11;
				GCC_DYNAMIC_NO_PIC = NO;
				GCC_NO_COMMON_BLOCKS = YES;
				GCC_OPTIMIZATION_LEVEL = 0;
				GCC_PREPROCESSOR_DEFINITIONS = (
					"DEBUG=1",
					"$(inherited)",
				);
				GCC_WARN_64_TO_32_BIT_CONVERSION = YES;
				GCC_WARN_ABOUT_RETURN_TYPE = YES_ERROR;
				GCC_WARN_UNDECLARED_SELECTOR = YES;
				GCC_WARN_UNINITIALIZED_AUTOS = YES_AGGRESSIVE;
				GCC_WARN_UNUSED_FUNCTION = YES;
				GCC_WARN_UNUSED_VARIABLE = YES;
				MACOSX_DEPLOYMENT_TARGET = 11.3;
				MTL_ENABLE_DEBUG_INFO = INCLUDE_SOURCE;
				MTL_FAST_MATH = YES;
				ONLY_ACTIVE_ARCH = YES;
				SDKROOT = macosx;
				SWIFT_ACTIVE_COMPILATION_CONDITIONS = DEBUG;
				SWIFT_OPTIMIZATION_LEVEL = "-Onone";
			};
			name = Debug;
		};
		B54CAB8E26ECB76400781A3A /* Release */ = {
			isa = XCBuildConfiguration;
			buildSettings = {
				ALWAYS_SEARCH_USER_PATHS = NO;
				CLANG_ANALYZER_NONNULL = YES;
				CLANG_ANALYZER_NUMBER_OBJECT_CONVERSION = YES_AGGRESSIVE;
				CLANG_CXX_LANGUAGE_STANDARD = "gnu++14";
				CLANG_CXX_LIBRARY = "libc++";
				CLANG_ENABLE_MODULES = YES;
				CLANG_ENABLE_OBJC_ARC = YES;
				CLANG_ENABLE_OBJC_WEAK = YES;
				CLANG_WARN_BLOCK_CAPTURE_AUTORELEASING = YES;
				CLANG_WARN_BOOL_CONVERSION = YES;
				CLANG_WARN_COMMA = YES;
				CLANG_WARN_CONSTANT_CONVERSION = YES;
				CLANG_WARN_DEPRECATED_OBJC_IMPLEMENTATIONS = YES;
				CLANG_WARN_DIRECT_OBJC_ISA_USAGE = YES_ERROR;
				CLANG_WARN_DOCUMENTATION_COMMENTS = YES;
				CLANG_WARN_EMPTY_BODY = YES;
				CLANG_WARN_ENUM_CONVERSION = YES;
				CLANG_WARN_INFINITE_RECURSION = YES;
				CLANG_WARN_INT_CONVERSION = YES;
				CLANG_WARN_NON_LITERAL_NULL_CONVERSION = YES;
				CLANG_WARN_OBJC_IMPLICIT_RETAIN_SELF = YES;
				CLANG_WARN_OBJC_LITERAL_CONVERSION = YES;
				CLANG_WARN_OBJC_ROOT_CLASS = YES_ERROR;
				CLANG_WARN_QUOTED_INCLUDE_IN_FRAMEWORK_HEADER = YES;
				CLANG_WARN_RANGE_LOOP_ANALYSIS = YES;
				CLANG_WARN_STRICT_PROTOTYPES = YES;
				CLANG_WARN_SUSPICIOUS_MOVE = YES;
				CLANG_WARN_UNGUARDED_AVAILABILITY = YES_AGGRESSIVE;
				CLANG_WARN_UNREACHABLE_CODE = YES;
				CLANG_WARN__DUPLICATE_METHOD_MATCH = YES;
				COPY_PHASE_STRIP = NO;
				DEBUG_INFORMATION_FORMAT = "dwarf-with-dsym";
				ENABLE_NS_ASSERTIONS = NO;
				ENABLE_STRICT_OBJC_MSGSEND = YES;
				GCC_C_LANGUAGE_STANDARD = gnu11;
				GCC_NO_COMMON_BLOCKS = YES;
				GCC_WARN_64_TO_32_BIT_CONVERSION = YES;
				GCC_WARN_ABOUT_RETURN_TYPE = YES_ERROR;
				GCC_WARN_UNDECLARED_SELECTOR = YES;
				GCC_WARN_UNINITIALIZED_AUTOS = YES_AGGRESSIVE;
				GCC_WARN_UNUSED_FUNCTION = YES;
				GCC_WARN_UNUSED_VARIABLE = YES;
				MACOSX_DEPLOYMENT_TARGET = 11.3;
				MTL_ENABLE_DEBUG_INFO = NO;
				MTL_FAST_MATH = YES;
				SDKROOT = macosx;
				SWIFT_COMPILATION_MODE = wholemodule;
				SWIFT_OPTIMIZATION_LEVEL = "-O";
			};
			name = Release;
		};
		B54CAB9026ECB76400781A3A /* Debug */ = {
			isa = XCBuildConfiguration;
			buildSettings = {
				ASSETCATALOG_COMPILER_APPICON_NAME = AppIcon;
				ASSETCATALOG_COMPILER_GLOBAL_ACCENT_COLOR_NAME = AccentColor;
				CODE_SIGN_ENTITLEMENTS = ConveyTest/ConveyTest.entitlements;
				CODE_SIGN_IDENTITY = "-";
				CODE_SIGN_STYLE = Automatic;
				COMBINE_HIDPI_IMAGES = YES;
				DEVELOPMENT_ASSET_PATHS = "\"ConveyTest/Preview Content\"";
				DEVELOPMENT_TEAM = YY6CWUX533;
				ENABLE_HARDENED_RUNTIME = YES;
				ENABLE_PREVIEWS = YES;
				INFOPLIST_FILE = ConveyTest/Info.plist;
				LD_RUNPATH_SEARCH_PATHS = (
					"$(inherited)",
					"@executable_path/../Frameworks",
				);
				MACOSX_DEPLOYMENT_TARGET = 12;
				PRODUCT_BUNDLE_IDENTIFIER = com.standalone.ConveyTest;
				PRODUCT_NAME = "$(TARGET_NAME)";
				SWIFT_VERSION = 5.0;
			};
			name = Debug;
		};
		B54CAB9126ECB76400781A3A /* Release */ = {
			isa = XCBuildConfiguration;
			buildSettings = {
				ASSETCATALOG_COMPILER_APPICON_NAME = AppIcon;
				ASSETCATALOG_COMPILER_GLOBAL_ACCENT_COLOR_NAME = AccentColor;
				CODE_SIGN_ENTITLEMENTS = ConveyTest/ConveyTest.entitlements;
				CODE_SIGN_IDENTITY = "-";
				CODE_SIGN_STYLE = Automatic;
				COMBINE_HIDPI_IMAGES = YES;
				DEVELOPMENT_ASSET_PATHS = "\"ConveyTest/Preview Content\"";
				DEVELOPMENT_TEAM = YY6CWUX533;
				ENABLE_HARDENED_RUNTIME = YES;
				ENABLE_PREVIEWS = YES;
				INFOPLIST_FILE = ConveyTest/Info.plist;
				LD_RUNPATH_SEARCH_PATHS = (
					"$(inherited)",
					"@executable_path/../Frameworks",
				);
				MACOSX_DEPLOYMENT_TARGET = 12;
				PRODUCT_BUNDLE_IDENTIFIER = com.standalone.ConveyTest;
				PRODUCT_NAME = "$(TARGET_NAME)";
				SWIFT_VERSION = 5.0;
			};
			name = Release;
		};
/* End XCBuildConfiguration section */

/* Begin XCConfigurationList section */
		B52831E3272EA140001EC82E /* Build configuration list for PBXNativeTarget "ConveyTest_iOS" */ = {
			isa = XCConfigurationList;
			buildConfigurations = (
				B52831E1272EA140001EC82E /* Debug */,
				B52831E2272EA140001EC82E /* Release */,
			);
			defaultConfigurationIsVisible = 0;
			defaultConfigurationName = Release;
		};
		B54CAB7A26ECB76400781A3A /* Build configuration list for PBXProject "ConveyTest" */ = {
			isa = XCConfigurationList;
			buildConfigurations = (
				B54CAB8D26ECB76400781A3A /* Debug */,
				B54CAB8E26ECB76400781A3A /* Release */,
			);
			defaultConfigurationIsVisible = 0;
			defaultConfigurationName = Release;
		};
		B54CAB8F26ECB76400781A3A /* Build configuration list for PBXNativeTarget "ConveyTest" */ = {
			isa = XCConfigurationList;
			buildConfigurations = (
				B54CAB9026ECB76400781A3A /* Debug */,
				B54CAB9126ECB76400781A3A /* Release */,
			);
			defaultConfigurationIsVisible = 0;
			defaultConfigurationName = Release;
		};
/* End XCConfigurationList section */

/* Begin XCRemoteSwiftPackageReference section */
		B54CAB9226ECB99F00781A3A /* XCRemoteSwiftPackageReference "Suite" */ = {
			isa = XCRemoteSwiftPackageReference;
			repositoryURL = "https://github.com/bengottlieb/Suite.git";
			requirement = {
				kind = upToNextMajorVersion;
				minimumVersion = 1.0.24;
			};
		};
/* End XCRemoteSwiftPackageReference section */

/* Begin XCSwiftPackageProductDependency section */
		B52D94FF283A3F81002E7945 /* Suite */ = {
			isa = XCSwiftPackageProductDependency;
			package = B54CAB9226ECB99F00781A3A /* XCRemoteSwiftPackageReference "Suite" */;
			productName = Suite;
		};
		B54CAB9326ECB99F00781A3A /* Suite */ = {
			isa = XCSwiftPackageProductDependency;
			package = B54CAB9226ECB99F00781A3A /* XCRemoteSwiftPackageReference "Suite" */;
			productName = Suite;
		};
/* End XCSwiftPackageProductDependency section */
	};
	rootObject = B54CAB7726ECB76400781A3A /* Project object */;
}
