{
  "object": {
    "pins": [
      {
        "package": "Suite",
        "repositoryURL": "https://github.com/bengottlieb/Suite.git",
        "state": {
          "branch": null,
          "revision": "5d343ef8e0acbbf78693046ca63b9a67901143ab",
          "version": "1.0.43"
        }
      }
    ]
  },
  "version": 1
}
